
Microsoft Visual Studio Solution File, Format Version 12.00
# Visual Studio Version 17
VisualStudioVersion = 17.0.31903.59
MinimumVisualStudioVersion = 10.0.40219.1
Project("{2150E333-8FDC-42A3-9474-1A3956D46DE8}") = "v1.x", "v1.x", "{1CB9E83A-632D-455F-8F54-337825D93B98}"
EndProject
Project("{9A19103F-16F7-4668-BE54-9A1E7A4F7556}") = "v1x_net472", "v1x_net472\v1x_net472.csproj", "{151EA37B-8961-4AAD-96E2-F76A197FB758}"
EndProject
Project("{2150E333-8FDC-42A3-9474-1A3956D46DE8}") = "v2.x", "v2.x", "{ECC72FCC-0DA7-4918-9BF6-C2EF44153686}"
EndProject
Project("{9A19103F-16F7-4668-BE54-9A1E7A4F7556}") = "MSTest_and_v2x", "MSTest_and_v2x\MSTest_and_v2x.csproj", "{D2C2411E-EC2D-4D03-A612-18464E3D3575}"
EndProject
Project("{9A19103F-16F7-4668-BE54-9A1E7A4F7556}") = "v2x_net472", "v2x_net472\v2x_net472.csproj", "{80C94E18-4A68-4A9B-9411-2746D2DA1671}"
EndProject
Project("{6EC3EE1D-3C4E-46DD-8F32-0CC8E7565705}") = "v2x_net472_FSharp", "v2x_net472_FSharp\v2x_net472_FSharp.fsproj", "{399C35BA-A635-4888-A869-7B89FED41D68}"
EndProject
Project("{FAE04EC0-301F-11D3-BF4B-00C04F79EFBC}") = "v2x_net472_OldProject", "v2x_net472_OldProject\v2x_net472_OldProject.csproj", "{06D874BC-29FE-4B68-AA7F-B4654AA4520A}"
EndProject
Project("{9A19103F-16F7-4668-BE54-9A1E7A4F7556}") = "v2x_net472_ReferencingProject", "v2x_net472_ReferencingProject\v2x_net472_ReferencingProject.csproj", "{B15AFC6F-D6DA-4F24-B120-0757651C68D4}"
EndProject
Project("{9A19103F-16F7-4668-BE54-9A1E7A4F7556}") = "v2x_net80", "v2x_net80\v2x_net80.csproj", "{AD22995C-97BD-4D5E-87F8-3B640D4D4B62}"
EndProject
Project("{2150E333-8FDC-42A3-9474-1A3956D46DE8}") = "v3.x", "v3.x", "{84DBDE1A-6BE7-485A-819A-95042D690461}"
EndProject
Project("{9A19103F-16F7-4668-BE54-9A1E7A4F7556}") = "v3x_net472", "v3x_net472\v3x_net472.csproj", "{572D3DF1-9AFA-4955-B48B-B31856526240}"
EndProject
Project("{9A19103F-16F7-4668-BE54-9A1E7A4F7556}") = "v3x_net80", "v3x_net80\v3x_net80.csproj", "{E684A394-4EAF-475B-8EE6-7CDDDEBF0ECE}"
EndProject
Global
	GlobalSection(SolutionConfigurationPlatforms) = preSolution
		Debug|Any CPU = Debug|Any CPU
		Release|Any CPU = Release|Any CPU
	EndGlobalSection
	GlobalSection(ProjectConfigurationPlatforms) = postSolution
		{151EA37B-8961-4AAD-96E2-F76A197FB758}.Debug|Any CPU.ActiveCfg = Debug|Any CPU
		{151EA37B-8961-4AAD-96E2-F76A197FB758}.Debug|Any CPU.Build.0 = Debug|Any CPU
		{151EA37B-8961-4AAD-96E2-F76A197FB758}.Release|Any CPU.ActiveCfg = Release|Any CPU
		{151EA37B-8961-4AAD-96E2-F76A197FB758}.Release|Any CPU.Build.0 = Release|Any CPU
		{D2C2411E-EC2D-4D03-A612-18464E3D3575}.Debug|Any CPU.ActiveCfg = Debug|Any CPU
		{D2C2411E-EC2D-4D03-A612-18464E3D3575}.Debug|Any CPU.Build.0 = Debug|Any CPU
		{D2C2411E-EC2D-4D03-A612-18464E3D3575}.Release|Any CPU.ActiveCfg = Release|Any CPU
		{D2C2411E-EC2D-4D03-A612-18464E3D3575}.Release|Any CPU.Build.0 = Release|Any CPU
		{80C94E18-4A68-4A9B-9411-2746D2DA1671}.Debug|Any CPU.ActiveCfg = Debug|Any CPU
		{80C94E18-4A68-4A9B-9411-2746D2DA1671}.Debug|Any CPU.Build.0 = Debug|Any CPU
		{80C94E18-4A68-4A9B-9411-2746D2DA1671}.Release|Any CPU.ActiveCfg = Release|Any CPU
		{80C94E18-4A68-4A9B-9411-2746D2DA1671}.Release|Any CPU.Build.0 = Release|Any CPU
		{399C35BA-A635-4888-A869-7B89FED41D68}.Debug|Any CPU.ActiveCfg = Debug|Any CPU
		{399C35BA-A635-4888-A869-7B89FED41D68}.Debug|Any CPU.Build.0 = Debug|Any CPU
		{399C35BA-A635-4888-A869-7B89FED41D68}.Release|Any CPU.ActiveCfg = Release|Any CPU
		{399C35BA-A635-4888-A869-7B89FED41D68}.Release|Any CPU.Build.0 = Release|Any CPU
		{06D874BC-29FE-4B68-AA7F-B4654AA4520A}.Debug|Any CPU.ActiveCfg = Debug|Any CPU
		{06D874BC-29FE-4B68-AA7F-B4654AA4520A}.Debug|Any CPU.Build.0 = Debug|Any CPU
		{06D874BC-29FE-4B68-AA7F-B4654AA4520A}.Release|Any CPU.ActiveCfg = Release|Any CPU
		{06D874BC-29FE-4B68-AA7F-B4654AA4520A}.Release|Any CPU.Build.0 = Release|Any CPU
		{B15AFC6F-D6DA-4F24-B120-0757651C68D4}.Debug|Any CPU.ActiveCfg = Debug|Any CPU
		{B15AFC6F-D6DA-4F24-B120-0757651C68D4}.Debug|Any CPU.Build.0 = Debug|Any CPU
		{B15AFC6F-D6DA-4F24-B120-0757651C68D4}.Release|Any CPU.ActiveCfg = Release|Any CPU
		{B15AFC6F-D6DA-4F24-B120-0757651C68D4}.Release|Any CPU.Build.0 = Release|Any CPU
		{AD22995C-97BD-4D5E-87F8-3B640D4D4B62}.Debug|Any CPU.ActiveCfg = Debug|Any CPU
		{AD22995C-97BD-4D5E-87F8-3B640D4D4B62}.Debug|Any CPU.Build.0 = Debug|Any CPU
		{AD22995C-97BD-4D5E-87F8-3B640D4D4B62}.Release|Any CPU.ActiveCfg = Release|Any CPU
		{AD22995C-97BD-4D5E-87F8-3B640D4D4B62}.Release|Any CPU.Build.0 = Release|Any CPU
		{572D3DF1-9AFA-4955-B48B-B31856526240}.Debug|Any CPU.ActiveCfg = Debug|Any CPU
		{572D3DF1-9AFA-4955-B48B-B31856526240}.Debug|Any CPU.Build.0 = Debug|Any CPU
		{572D3DF1-9AFA-4955-B48B-B31856526240}.Release|Any CPU.ActiveCfg = Release|Any CPU
		{572D3DF1-9AFA-4955-B48B-B31856526240}.Release|Any CPU.Build.0 = Release|Any CPU
		{E684A394-4EAF-475B-8EE6-7CDDDEBF0ECE}.Debug|Any CPU.ActiveCfg = Debug|Any CPU
		{E684A394-4EAF-475B-8EE6-7CDDDEBF0ECE}.Debug|Any CPU.Build.0 = Debug|Any CPU
		{E684A394-4EAF-475B-8EE6-7CDDDEBF0ECE}.Release|Any CPU.ActiveCfg = Release|Any CPU
		{E684A394-4EAF-475B-8EE6-7CDDDEBF0ECE}.Release|Any CPU.Build.0 = Release|Any CPU
	EndGlobalSection
	GlobalSection(SolutionProperties) = preSolution
		HideSolutionNode = FALSE
	EndGlobalSection
	GlobalSection(NestedProjects) = preSolution
		{151EA37B-8961-4AAD-96E2-F76A197FB758} = {1CB9E83A-632D-455F-8F54-337825D93B98}
		{D2C2411E-EC2D-4D03-A612-18464E3D3575} = {ECC72FCC-0DA7-4918-9BF6-C2EF44153686}
		{80C94E18-4A68-4A9B-9411-2746D2DA1671} = {ECC72FCC-0DA7-4918-9BF6-C2EF44153686}
		{399C35BA-A635-4888-A869-7B89FED41D68} = {ECC72FCC-0DA7-4918-9BF6-C2EF44153686}
		{06D874BC-29FE-4B68-AA7F-B4654AA4520A} = {ECC72FCC-0DA7-4918-9BF6-C2EF44153686}
		{B15AFC6F-D6DA-4F24-B120-0757651C68D4} = {ECC72FCC-0DA7-4918-9BF6-C2EF44153686}
		{AD22995C-97BD-4D5E-87F8-3B640D4D4B62} = {ECC72FCC-0DA7-4918-9BF6-C2EF44153686}
		{572D3DF1-9AFA-4955-B48B-B31856526240} = {84DBDE1A-6BE7-485A-819A-95042D690461}
		{E684A394-4EAF-475B-8EE6-7CDDDEBF0ECE} = {84DBDE1A-6BE7-485A-819A-95042D690461}
	EndGlobalSection
EndGlobal
