
Microsoft Visual Studio Solution File, Format Version 12.00
# Visual Studio Version 17
VisualStudioVersion = 17.2.32616.157
MinimumVisualStudioVersion = 15.0.26228.4
Project("{2150E333-8FDC-42A3-9474-1A3956D46DE8}") = "1.x", "1.x", "{28CE193F-847D-4485-842E-B50C94D2F525}"
EndProject
Project("{2150E333-8FDC-42A3-9474-1A3956D46DE8}") = "2.x", "2.x", "{687D1359-0317-4D26-BC5F-6612B8C657DA}"
EndProject
Project("{FAE04EC0-301F-11D3-BF4B-00C04F79EFBC}") = "v1x_net20", "v1x_net20\v1x_net20.csproj", "{AA40B46D-EB27-43F5-8CA4-EC5758959BC7}"
EndProject
Project("{FAE04EC0-301F-11D3-BF4B-00C04F79EFBC}") = "v1x_net452", "v1x_net452\v1x_net452.csproj", "{C4F10DDA-5A29-40FA-B4B3-FEBAC9372989}"
EndProject
Project("{FAE04EC0-301F-11D3-BF4B-00C04F79EFBC}") = "MSTest_and_v2x", "MSTest_and_v2x\MSTest_and_v2x.csproj", "{69069237-603E-41DC-8739-488FF9274B0E}"
EndProject
Project("{FAE04EC0-301F-11D3-BF4B-00C04F79EFBC}") = "NUnit_and_v2x", "NUnit_and_v2x\NUnit_and_v2x.csproj", "{16463F1B-8D23-4F9F-8C1B-77D5288C4E1C}"
EndProject
Project("{FAE04EC0-301F-11D3-BF4B-00C04F79EFBC}") = "v2x_net452", "v2x_net452\v2x_net452.csproj", "{06D874BC-29FE-4B68-AA7F-B4654AA4520A}"
EndProject
Project("{6EC3EE1D-3C4E-46DD-8F32-0CC8E7565705}") = "v2x_net452_FSharp", "v2x_net452_FSharp\v2x_net452_FSharp.fsproj", "{656EF85A-A205-426F-8B79-2969DC118BE2}"
EndProject
Project("{FAE04EC0-301F-11D3-BF4B-00C04F79EFBC}") = "v2x_net452_ReferencingProject", "v2x_net452_ReferencingProject\v2x_net452_ReferencingProject.csproj", "{B15AFC6F-D6DA-4F24-B120-0757651C68D4}"
EndProject
Project("{9A19103F-16F7-4668-BE54-9A1E7A4F7556}") = "v2x_net452_Sdk", "v2x_net452_Sdk\v2x_net452_Sdk.csproj", "{2FD67EEE-933B-467F-8D03-5D9BD31028FB}"
EndProject
Project("{FAE04EC0-301F-11D3-BF4B-00C04F79EFBC}") = "v2x_UWP", "v2x_UWP\v2x_UWP.csproj", "{4C3C1504-E4AD-435A-B9F8-0AF6400F2A99}"
EndProject
Project("{9A19103F-16F7-4668-BE54-9A1E7A4F7556}") = "v2x_netcoreapp3.1", "v2x_netcoreapp3.1\v2x_netcoreapp3.1.csproj", "{A780FFB1-021F-4E97-BF4A-1C3165ADFC3F}"
EndProject
Project("{9A19103F-16F7-4668-BE54-9A1E7A4F7556}") = "v2x_net60", "v2x_net60\v2x_net60.csproj", "{E6E14838-5586-4249-AA60-D8119057DA26}"
EndProject
Global
	GlobalSection(SolutionConfigurationPlatforms) = preSolution
		Ad-Hoc|Any CPU = Ad-Hoc|Any CPU
		Ad-Hoc|ARM = Ad-Hoc|ARM
		Ad-Hoc|iPhone = Ad-Hoc|iPhone
		Ad-Hoc|iPhoneSimulator = Ad-Hoc|iPhoneSimulator
		Ad-Hoc|Mixed Platforms = Ad-Hoc|Mixed Platforms
		Ad-Hoc|x64 = Ad-Hoc|x64
		Ad-Hoc|x86 = Ad-Hoc|x86
		AppStore|Any CPU = AppStore|Any CPU
		AppStore|ARM = AppStore|ARM
		AppStore|iPhone = AppStore|iPhone
		AppStore|iPhoneSimulator = AppStore|iPhoneSimulator
		AppStore|Mixed Platforms = AppStore|Mixed Platforms
		AppStore|x64 = AppStore|x64
		AppStore|x86 = AppStore|x86
		Debug|Any CPU = Debug|Any CPU
		Debug|ARM = Debug|ARM
		Debug|iPhone = Debug|iPhone
		Debug|iPhoneSimulator = Debug|iPhoneSimulator
		Debug|Mixed Platforms = Debug|Mixed Platforms
		Debug|x64 = Debug|x64
		Debug|x86 = Debug|x86
		Release|Any CPU = Release|Any CPU
		Release|ARM = Release|ARM
		Release|iPhone = Release|iPhone
		Release|iPhoneSimulator = Release|iPhoneSimulator
		Release|Mixed Platforms = Release|Mixed Platforms
		Release|x64 = Release|x64
		Release|x86 = Release|x86
	EndGlobalSection
	GlobalSection(ProjectConfigurationPlatforms) = postSolution
		{AA40B46D-EB27-43F5-8CA4-EC5758959BC7}.Ad-Hoc|Any CPU.ActiveCfg = Release|Any CPU
		{AA40B46D-EB27-43F5-8CA4-EC5758959BC7}.Ad-Hoc|Any CPU.Build.0 = Release|Any CPU
		{AA40B46D-EB27-43F5-8CA4-EC5758959BC7}.Ad-Hoc|ARM.ActiveCfg = Release|Any CPU
		{AA40B46D-EB27-43F5-8CA4-EC5758959BC7}.Ad-Hoc|ARM.Build.0 = Release|Any CPU
		{AA40B46D-EB27-43F5-8CA4-EC5758959BC7}.Ad-Hoc|iPhone.ActiveCfg = Release|Any CPU
		{AA40B46D-EB27-43F5-8CA4-EC5758959BC7}.Ad-Hoc|iPhone.Build.0 = Release|Any CPU
		{AA40B46D-EB27-43F5-8CA4-EC5758959BC7}.Ad-Hoc|iPhoneSimulator.ActiveCfg = Release|Any CPU
		{AA40B46D-EB27-43F5-8CA4-EC5758959BC7}.Ad-Hoc|iPhoneSimulator.Build.0 = Release|Any CPU
		{AA40B46D-EB27-43F5-8CA4-EC5758959BC7}.Ad-Hoc|Mixed Platforms.ActiveCfg = Release|Any CPU
		{AA40B46D-EB27-43F5-8CA4-EC5758959BC7}.Ad-Hoc|Mixed Platforms.Build.0 = Release|Any CPU
		{AA40B46D-EB27-43F5-8CA4-EC5758959BC7}.Ad-Hoc|x64.ActiveCfg = Release|Any CPU
		{AA40B46D-EB27-43F5-8CA4-EC5758959BC7}.Ad-Hoc|x64.Build.0 = Release|Any CPU
		{AA40B46D-EB27-43F5-8CA4-EC5758959BC7}.Ad-Hoc|x86.ActiveCfg = Release|Any CPU
		{AA40B46D-EB27-43F5-8CA4-EC5758959BC7}.Ad-Hoc|x86.Build.0 = Release|Any CPU
		{AA40B46D-EB27-43F5-8CA4-EC5758959BC7}.AppStore|Any CPU.ActiveCfg = Release|Any CPU
		{AA40B46D-EB27-43F5-8CA4-EC5758959BC7}.AppStore|Any CPU.Build.0 = Release|Any CPU
		{AA40B46D-EB27-43F5-8CA4-EC5758959BC7}.AppStore|ARM.ActiveCfg = Release|Any CPU
		{AA40B46D-EB27-43F5-8CA4-EC5758959BC7}.AppStore|ARM.Build.0 = Release|Any CPU
		{AA40B46D-EB27-43F5-8CA4-EC5758959BC7}.AppStore|iPhone.ActiveCfg = Release|Any CPU
		{AA40B46D-EB27-43F5-8CA4-EC5758959BC7}.AppStore|iPhone.Build.0 = Release|Any CPU
		{AA40B46D-EB27-43F5-8CA4-EC5758959BC7}.AppStore|iPhoneSimulator.ActiveCfg = Release|Any CPU
		{AA40B46D-EB27-43F5-8CA4-EC5758959BC7}.AppStore|iPhoneSimulator.Build.0 = Release|Any CPU
		{AA40B46D-EB27-43F5-8CA4-EC5758959BC7}.AppStore|Mixed Platforms.ActiveCfg = Release|Any CPU
		{AA40B46D-EB27-43F5-8CA4-EC5758959BC7}.AppStore|Mixed Platforms.Build.0 = Release|Any CPU
		{AA40B46D-EB27-43F5-8CA4-EC5758959BC7}.AppStore|x64.ActiveCfg = Release|Any CPU
		{AA40B46D-EB27-43F5-8CA4-EC5758959BC7}.AppStore|x64.Build.0 = Release|Any CPU
		{AA40B46D-EB27-43F5-8CA4-EC5758959BC7}.AppStore|x86.ActiveCfg = Release|Any CPU
		{AA40B46D-EB27-43F5-8CA4-EC5758959BC7}.AppStore|x86.Build.0 = Release|Any CPU
		{AA40B46D-EB27-43F5-8CA4-EC5758959BC7}.Debug|Any CPU.ActiveCfg = Debug|Any CPU
		{AA40B46D-EB27-43F5-8CA4-EC5758959BC7}.Debug|Any CPU.Build.0 = Debug|Any CPU
		{AA40B46D-EB27-43F5-8CA4-EC5758959BC7}.Debug|ARM.ActiveCfg = Debug|Any CPU
		{AA40B46D-EB27-43F5-8CA4-EC5758959BC7}.Debug|ARM.Build.0 = Debug|Any CPU
		{AA40B46D-EB27-43F5-8CA4-EC5758959BC7}.Debug|iPhone.ActiveCfg = Debug|Any CPU
		{AA40B46D-EB27-43F5-8CA4-EC5758959BC7}.Debug|iPhone.Build.0 = Debug|Any CPU
		{AA40B46D-EB27-43F5-8CA4-EC5758959BC7}.Debug|iPhoneSimulator.ActiveCfg = Debug|Any CPU
		{AA40B46D-EB27-43F5-8CA4-EC5758959BC7}.Debug|iPhoneSimulator.Build.0 = Debug|Any CPU
		{AA40B46D-EB27-43F5-8CA4-EC5758959BC7}.Debug|Mixed Platforms.ActiveCfg = Debug|Any CPU
		{AA40B46D-EB27-43F5-8CA4-EC5758959BC7}.Debug|Mixed Platforms.Build.0 = Debug|Any CPU
		{AA40B46D-EB27-43F5-8CA4-EC5758959BC7}.Debug|x64.ActiveCfg = Debug|Any CPU
		{AA40B46D-EB27-43F5-8CA4-EC5758959BC7}.Debug|x64.Build.0 = Debug|Any CPU
		{AA40B46D-EB27-43F5-8CA4-EC5758959BC7}.Debug|x86.ActiveCfg = Debug|Any CPU
		{AA40B46D-EB27-43F5-8CA4-EC5758959BC7}.Debug|x86.Build.0 = Debug|Any CPU
		{AA40B46D-EB27-43F5-8CA4-EC5758959BC7}.Release|Any CPU.ActiveCfg = Release|Any CPU
		{AA40B46D-EB27-43F5-8CA4-EC5758959BC7}.Release|Any CPU.Build.0 = Release|Any CPU
		{AA40B46D-EB27-43F5-8CA4-EC5758959BC7}.Release|ARM.ActiveCfg = Release|Any CPU
		{AA40B46D-EB27-43F5-8CA4-EC5758959BC7}.Release|ARM.Build.0 = Release|Any CPU
		{AA40B46D-EB27-43F5-8CA4-EC5758959BC7}.Release|iPhone.ActiveCfg = Release|Any CPU
		{AA40B46D-EB27-43F5-8CA4-EC5758959BC7}.Release|iPhone.Build.0 = Release|Any CPU
		{AA40B46D-EB27-43F5-8CA4-EC5758959BC7}.Release|iPhoneSimulator.ActiveCfg = Release|Any CPU
		{AA40B46D-EB27-43F5-8CA4-EC5758959BC7}.Release|iPhoneSimulator.Build.0 = Release|Any CPU
		{AA40B46D-EB27-43F5-8CA4-EC5758959BC7}.Release|Mixed Platforms.ActiveCfg = Release|Any CPU
		{AA40B46D-EB27-43F5-8CA4-EC5758959BC7}.Release|Mixed Platforms.Build.0 = Release|Any CPU
		{AA40B46D-EB27-43F5-8CA4-EC5758959BC7}.Release|x64.ActiveCfg = Release|Any CPU
		{AA40B46D-EB27-43F5-8CA4-EC5758959BC7}.Release|x64.Build.0 = Release|Any CPU
		{AA40B46D-EB27-43F5-8CA4-EC5758959BC7}.Release|x86.ActiveCfg = Release|Any CPU
		{AA40B46D-EB27-43F5-8CA4-EC5758959BC7}.Release|x86.Build.0 = Release|Any CPU
		{C4F10DDA-5A29-40FA-B4B3-FEBAC9372989}.Ad-Hoc|Any CPU.ActiveCfg = Release|Any CPU
		{C4F10DDA-5A29-40FA-B4B3-FEBAC9372989}.Ad-Hoc|Any CPU.Build.0 = Release|Any CPU
		{C4F10DDA-5A29-40FA-B4B3-FEBAC9372989}.Ad-Hoc|ARM.ActiveCfg = Release|Any CPU
		{C4F10DDA-5A29-40FA-B4B3-FEBAC9372989}.Ad-Hoc|ARM.Build.0 = Release|Any CPU
		{C4F10DDA-5A29-40FA-B4B3-FEBAC9372989}.Ad-Hoc|iPhone.ActiveCfg = Release|Any CPU
		{C4F10DDA-5A29-40FA-B4B3-FEBAC9372989}.Ad-Hoc|iPhone.Build.0 = Release|Any CPU
		{C4F10DDA-5A29-40FA-B4B3-FEBAC9372989}.Ad-Hoc|iPhoneSimulator.ActiveCfg = Release|Any CPU
		{C4F10DDA-5A29-40FA-B4B3-FEBAC9372989}.Ad-Hoc|iPhoneSimulator.Build.0 = Release|Any CPU
		{C4F10DDA-5A29-40FA-B4B3-FEBAC9372989}.Ad-Hoc|Mixed Platforms.ActiveCfg = Release|Any CPU
		{C4F10DDA-5A29-40FA-B4B3-FEBAC9372989}.Ad-Hoc|Mixed Platforms.Build.0 = Release|Any CPU
		{C4F10DDA-5A29-40FA-B4B3-FEBAC9372989}.Ad-Hoc|x64.ActiveCfg = Release|Any CPU
		{C4F10DDA-5A29-40FA-B4B3-FEBAC9372989}.Ad-Hoc|x64.Build.0 = Release|Any CPU
		{C4F10DDA-5A29-40FA-B4B3-FEBAC9372989}.Ad-Hoc|x86.ActiveCfg = Release|Any CPU
		{C4F10DDA-5A29-40FA-B4B3-FEBAC9372989}.Ad-Hoc|x86.Build.0 = Release|Any CPU
		{C4F10DDA-5A29-40FA-B4B3-FEBAC9372989}.AppStore|Any CPU.ActiveCfg = Release|Any CPU
		{C4F10DDA-5A29-40FA-B4B3-FEBAC9372989}.AppStore|Any CPU.Build.0 = Release|Any CPU
		{C4F10DDA-5A29-40FA-B4B3-FEBAC9372989}.AppStore|ARM.ActiveCfg = Release|Any CPU
		{C4F10DDA-5A29-40FA-B4B3-FEBAC9372989}.AppStore|ARM.Build.0 = Release|Any CPU
		{C4F10DDA-5A29-40FA-B4B3-FEBAC9372989}.AppStore|iPhone.ActiveCfg = Release|Any CPU
		{C4F10DDA-5A29-40FA-B4B3-FEBAC9372989}.AppStore|iPhone.Build.0 = Release|Any CPU
		{C4F10DDA-5A29-40FA-B4B3-FEBAC9372989}.AppStore|iPhoneSimulator.ActiveCfg = Release|Any CPU
		{C4F10DDA-5A29-40FA-B4B3-FEBAC9372989}.AppStore|iPhoneSimulator.Build.0 = Release|Any CPU
		{C4F10DDA-5A29-40FA-B4B3-FEBAC9372989}.AppStore|Mixed Platforms.ActiveCfg = Release|Any CPU
		{C4F10DDA-5A29-40FA-B4B3-FEBAC9372989}.AppStore|Mixed Platforms.Build.0 = Release|Any CPU
		{C4F10DDA-5A29-40FA-B4B3-FEBAC9372989}.AppStore|x64.ActiveCfg = Release|Any CPU
		{C4F10DDA-5A29-40FA-B4B3-FEBAC9372989}.AppStore|x64.Build.0 = Release|Any CPU
		{C4F10DDA-5A29-40FA-B4B3-FEBAC9372989}.AppStore|x86.ActiveCfg = Release|Any CPU
		{C4F10DDA-5A29-40FA-B4B3-FEBAC9372989}.AppStore|x86.Build.0 = Release|Any CPU
		{C4F10DDA-5A29-40FA-B4B3-FEBAC9372989}.Debug|Any CPU.ActiveCfg = Debug|Any CPU
		{C4F10DDA-5A29-40FA-B4B3-FEBAC9372989}.Debug|Any CPU.Build.0 = Debug|Any CPU
		{C4F10DDA-5A29-40FA-B4B3-FEBAC9372989}.Debug|ARM.ActiveCfg = Debug|Any CPU
		{C4F10DDA-5A29-40FA-B4B3-FEBAC9372989}.Debug|ARM.Build.0 = Debug|Any CPU
		{C4F10DDA-5A29-40FA-B4B3-FEBAC9372989}.Debug|iPhone.ActiveCfg = Debug|Any CPU
		{C4F10DDA-5A29-40FA-B4B3-FEBAC9372989}.Debug|iPhone.Build.0 = Debug|Any CPU
		{C4F10DDA-5A29-40FA-B4B3-FEBAC9372989}.Debug|iPhoneSimulator.ActiveCfg = Debug|Any CPU
		{C4F10DDA-5A29-40FA-B4B3-FEBAC9372989}.Debug|iPhoneSimulator.Build.0 = Debug|Any CPU
		{C4F10DDA-5A29-40FA-B4B3-FEBAC9372989}.Debug|Mixed Platforms.ActiveCfg = Debug|Any CPU
		{C4F10DDA-5A29-40FA-B4B3-FEBAC9372989}.Debug|Mixed Platforms.Build.0 = Debug|Any CPU
		{C4F10DDA-5A29-40FA-B4B3-FEBAC9372989}.Debug|x64.ActiveCfg = Debug|Any CPU
		{C4F10DDA-5A29-40FA-B4B3-FEBAC9372989}.Debug|x64.Build.0 = Debug|Any CPU
		{C4F10DDA-5A29-40FA-B4B3-FEBAC9372989}.Debug|x86.ActiveCfg = Debug|Any CPU
		{C4F10DDA-5A29-40FA-B4B3-FEBAC9372989}.Debug|x86.Build.0 = Debug|Any CPU
		{C4F10DDA-5A29-40FA-B4B3-FEBAC9372989}.Release|Any CPU.ActiveCfg = Release|Any CPU
		{C4F10DDA-5A29-40FA-B4B3-FEBAC9372989}.Release|Any CPU.Build.0 = Release|Any CPU
		{C4F10DDA-5A29-40FA-B4B3-FEBAC9372989}.Release|ARM.ActiveCfg = Release|Any CPU
		{C4F10DDA-5A29-40FA-B4B3-FEBAC9372989}.Release|ARM.Build.0 = Release|Any CPU
		{C4F10DDA-5A29-40FA-B4B3-FEBAC9372989}.Release|iPhone.ActiveCfg = Release|Any CPU
		{C4F10DDA-5A29-40FA-B4B3-FEBAC9372989}.Release|iPhone.Build.0 = Release|Any CPU
		{C4F10DDA-5A29-40FA-B4B3-FEBAC9372989}.Release|iPhoneSimulator.ActiveCfg = Release|Any CPU
		{C4F10DDA-5A29-40FA-B4B3-FEBAC9372989}.Release|iPhoneSimulator.Build.0 = Release|Any CPU
		{C4F10DDA-5A29-40FA-B4B3-FEBAC9372989}.Release|Mixed Platforms.ActiveCfg = Release|Any CPU
		{C4F10DDA-5A29-40FA-B4B3-FEBAC9372989}.Release|Mixed Platforms.Build.0 = Release|Any CPU
		{C4F10DDA-5A29-40FA-B4B3-FEBAC9372989}.Release|x64.ActiveCfg = Release|Any CPU
		{C4F10DDA-5A29-40FA-B4B3-FEBAC9372989}.Release|x64.Build.0 = Release|Any CPU
		{C4F10DDA-5A29-40FA-B4B3-FEBAC9372989}.Release|x86.ActiveCfg = Release|Any CPU
		{C4F10DDA-5A29-40FA-B4B3-FEBAC9372989}.Release|x86.Build.0 = Release|Any CPU
		{69069237-603E-41DC-8739-488FF9274B0E}.Ad-Hoc|Any CPU.ActiveCfg = Release|Any CPU
		{69069237-603E-41DC-8739-488FF9274B0E}.Ad-Hoc|Any CPU.Build.0 = Release|Any CPU
		{69069237-603E-41DC-8739-488FF9274B0E}.Ad-Hoc|ARM.ActiveCfg = Release|Any CPU
		{69069237-603E-41DC-8739-488FF9274B0E}.Ad-Hoc|ARM.Build.0 = Release|Any CPU
		{69069237-603E-41DC-8739-488FF9274B0E}.Ad-Hoc|iPhone.ActiveCfg = Release|Any CPU
		{69069237-603E-41DC-8739-488FF9274B0E}.Ad-Hoc|iPhone.Build.0 = Release|Any CPU
		{69069237-603E-41DC-8739-488FF9274B0E}.Ad-Hoc|iPhoneSimulator.ActiveCfg = Release|Any CPU
		{69069237-603E-41DC-8739-488FF9274B0E}.Ad-Hoc|iPhoneSimulator.Build.0 = Release|Any CPU
		{69069237-603E-41DC-8739-488FF9274B0E}.Ad-Hoc|Mixed Platforms.ActiveCfg = Release|Any CPU
		{69069237-603E-41DC-8739-488FF9274B0E}.Ad-Hoc|Mixed Platforms.Build.0 = Release|Any CPU
		{69069237-603E-41DC-8739-488FF9274B0E}.Ad-Hoc|x64.ActiveCfg = Release|Any CPU
		{69069237-603E-41DC-8739-488FF9274B0E}.Ad-Hoc|x64.Build.0 = Release|Any CPU
		{69069237-603E-41DC-8739-488FF9274B0E}.Ad-Hoc|x86.ActiveCfg = Release|Any CPU
		{69069237-603E-41DC-8739-488FF9274B0E}.Ad-Hoc|x86.Build.0 = Release|Any CPU
		{69069237-603E-41DC-8739-488FF9274B0E}.AppStore|Any CPU.ActiveCfg = Release|Any CPU
		{69069237-603E-41DC-8739-488FF9274B0E}.AppStore|Any CPU.Build.0 = Release|Any CPU
		{69069237-603E-41DC-8739-488FF9274B0E}.AppStore|ARM.ActiveCfg = Release|Any CPU
		{69069237-603E-41DC-8739-488FF9274B0E}.AppStore|ARM.Build.0 = Release|Any CPU
		{69069237-603E-41DC-8739-488FF9274B0E}.AppStore|iPhone.ActiveCfg = Release|Any CPU
		{69069237-603E-41DC-8739-488FF9274B0E}.AppStore|iPhone.Build.0 = Release|Any CPU
		{69069237-603E-41DC-8739-488FF9274B0E}.AppStore|iPhoneSimulator.ActiveCfg = Release|Any CPU
		{69069237-603E-41DC-8739-488FF9274B0E}.AppStore|iPhoneSimulator.Build.0 = Release|Any CPU
		{69069237-603E-41DC-8739-488FF9274B0E}.AppStore|Mixed Platforms.ActiveCfg = Release|Any CPU
		{69069237-603E-41DC-8739-488FF9274B0E}.AppStore|Mixed Platforms.Build.0 = Release|Any CPU
		{69069237-603E-41DC-8739-488FF9274B0E}.AppStore|x64.ActiveCfg = Release|Any CPU
		{69069237-603E-41DC-8739-488FF9274B0E}.AppStore|x64.Build.0 = Release|Any CPU
		{69069237-603E-41DC-8739-488FF9274B0E}.AppStore|x86.ActiveCfg = Release|Any CPU
		{69069237-603E-41DC-8739-488FF9274B0E}.AppStore|x86.Build.0 = Release|Any CPU
		{69069237-603E-41DC-8739-488FF9274B0E}.Debug|Any CPU.ActiveCfg = Debug|Any CPU
		{69069237-603E-41DC-8739-488FF9274B0E}.Debug|Any CPU.Build.0 = Debug|Any CPU
		{69069237-603E-41DC-8739-488FF9274B0E}.Debug|ARM.ActiveCfg = Debug|Any CPU
		{69069237-603E-41DC-8739-488FF9274B0E}.Debug|ARM.Build.0 = Debug|Any CPU
		{69069237-603E-41DC-8739-488FF9274B0E}.Debug|iPhone.ActiveCfg = Debug|Any CPU
		{69069237-603E-41DC-8739-488FF9274B0E}.Debug|iPhone.Build.0 = Debug|Any CPU
		{69069237-603E-41DC-8739-488FF9274B0E}.Debug|iPhoneSimulator.ActiveCfg = Debug|Any CPU
		{69069237-603E-41DC-8739-488FF9274B0E}.Debug|iPhoneSimulator.Build.0 = Debug|Any CPU
		{69069237-603E-41DC-8739-488FF9274B0E}.Debug|Mixed Platforms.ActiveCfg = Debug|Any CPU
		{69069237-603E-41DC-8739-488FF9274B0E}.Debug|Mixed Platforms.Build.0 = Debug|Any CPU
		{69069237-603E-41DC-8739-488FF9274B0E}.Debug|x64.ActiveCfg = Debug|Any CPU
		{69069237-603E-41DC-8739-488FF9274B0E}.Debug|x64.Build.0 = Debug|Any CPU
		{69069237-603E-41DC-8739-488FF9274B0E}.Debug|x86.ActiveCfg = Debug|Any CPU
		{69069237-603E-41DC-8739-488FF9274B0E}.Debug|x86.Build.0 = Debug|Any CPU
		{69069237-603E-41DC-8739-488FF9274B0E}.Release|Any CPU.ActiveCfg = Release|Any CPU
		{69069237-603E-41DC-8739-488FF9274B0E}.Release|Any CPU.Build.0 = Release|Any CPU
		{69069237-603E-41DC-8739-488FF9274B0E}.Release|ARM.ActiveCfg = Release|Any CPU
		{69069237-603E-41DC-8739-488FF9274B0E}.Release|ARM.Build.0 = Release|Any CPU
		{69069237-603E-41DC-8739-488FF9274B0E}.Release|iPhone.ActiveCfg = Release|Any CPU
		{69069237-603E-41DC-8739-488FF9274B0E}.Release|iPhone.Build.0 = Release|Any CPU
		{69069237-603E-41DC-8739-488FF9274B0E}.Release|iPhoneSimulator.ActiveCfg = Release|Any CPU
		{69069237-603E-41DC-8739-488FF9274B0E}.Release|iPhoneSimulator.Build.0 = Release|Any CPU
		{69069237-603E-41DC-8739-488FF9274B0E}.Release|Mixed Platforms.ActiveCfg = Release|Any CPU
		{69069237-603E-41DC-8739-488FF9274B0E}.Release|Mixed Platforms.Build.0 = Release|Any CPU
		{69069237-603E-41DC-8739-488FF9274B0E}.Release|x64.ActiveCfg = Release|Any CPU
		{69069237-603E-41DC-8739-488FF9274B0E}.Release|x64.Build.0 = Release|Any CPU
		{69069237-603E-41DC-8739-488FF9274B0E}.Release|x86.ActiveCfg = Release|Any CPU
		{69069237-603E-41DC-8739-488FF9274B0E}.Release|x86.Build.0 = Release|Any CPU
		{16463F1B-8D23-4F9F-8C1B-77D5288C4E1C}.Ad-Hoc|Any CPU.ActiveCfg = Release|Any CPU
		{16463F1B-8D23-4F9F-8C1B-77D5288C4E1C}.Ad-Hoc|Any CPU.Build.0 = Release|Any CPU
		{16463F1B-8D23-4F9F-8C1B-77D5288C4E1C}.Ad-Hoc|ARM.ActiveCfg = Release|Any CPU
		{16463F1B-8D23-4F9F-8C1B-77D5288C4E1C}.Ad-Hoc|ARM.Build.0 = Release|Any CPU
		{16463F1B-8D23-4F9F-8C1B-77D5288C4E1C}.Ad-Hoc|iPhone.ActiveCfg = Release|Any CPU
		{16463F1B-8D23-4F9F-8C1B-77D5288C4E1C}.Ad-Hoc|iPhone.Build.0 = Release|Any CPU
		{16463F1B-8D23-4F9F-8C1B-77D5288C4E1C}.Ad-Hoc|iPhoneSimulator.ActiveCfg = Release|Any CPU
		{16463F1B-8D23-4F9F-8C1B-77D5288C4E1C}.Ad-Hoc|iPhoneSimulator.Build.0 = Release|Any CPU
		{16463F1B-8D23-4F9F-8C1B-77D5288C4E1C}.Ad-Hoc|Mixed Platforms.ActiveCfg = Release|Any CPU
		{16463F1B-8D23-4F9F-8C1B-77D5288C4E1C}.Ad-Hoc|Mixed Platforms.Build.0 = Release|Any CPU
		{16463F1B-8D23-4F9F-8C1B-77D5288C4E1C}.Ad-Hoc|x64.ActiveCfg = Release|Any CPU
		{16463F1B-8D23-4F9F-8C1B-77D5288C4E1C}.Ad-Hoc|x64.Build.0 = Release|Any CPU
		{16463F1B-8D23-4F9F-8C1B-77D5288C4E1C}.Ad-Hoc|x86.ActiveCfg = Release|Any CPU
		{16463F1B-8D23-4F9F-8C1B-77D5288C4E1C}.Ad-Hoc|x86.Build.0 = Release|Any CPU
		{16463F1B-8D23-4F9F-8C1B-77D5288C4E1C}.AppStore|Any CPU.ActiveCfg = Release|Any CPU
		{16463F1B-8D23-4F9F-8C1B-77D5288C4E1C}.AppStore|Any CPU.Build.0 = Release|Any CPU
		{16463F1B-8D23-4F9F-8C1B-77D5288C4E1C}.AppStore|ARM.ActiveCfg = Release|Any CPU
		{16463F1B-8D23-4F9F-8C1B-77D5288C4E1C}.AppStore|ARM.Build.0 = Release|Any CPU
		{16463F1B-8D23-4F9F-8C1B-77D5288C4E1C}.AppStore|iPhone.ActiveCfg = Release|Any CPU
		{16463F1B-8D23-4F9F-8C1B-77D5288C4E1C}.AppStore|iPhone.Build.0 = Release|Any CPU
		{16463F1B-8D23-4F9F-8C1B-77D5288C4E1C}.AppStore|iPhoneSimulator.ActiveCfg = Release|Any CPU
		{16463F1B-8D23-4F9F-8C1B-77D5288C4E1C}.AppStore|iPhoneSimulator.Build.0 = Release|Any CPU
		{16463F1B-8D23-4F9F-8C1B-77D5288C4E1C}.AppStore|Mixed Platforms.ActiveCfg = Release|Any CPU
		{16463F1B-8D23-4F9F-8C1B-77D5288C4E1C}.AppStore|Mixed Platforms.Build.0 = Release|Any CPU
		{16463F1B-8D23-4F9F-8C1B-77D5288C4E1C}.AppStore|x64.ActiveCfg = Release|Any CPU
		{16463F1B-8D23-4F9F-8C1B-77D5288C4E1C}.AppStore|x64.Build.0 = Release|Any CPU
		{16463F1B-8D23-4F9F-8C1B-77D5288C4E1C}.AppStore|x86.ActiveCfg = Release|Any CPU
		{16463F1B-8D23-4F9F-8C1B-77D5288C4E1C}.AppStore|x86.Build.0 = Release|Any CPU
		{16463F1B-8D23-4F9F-8C1B-77D5288C4E1C}.Debug|Any CPU.ActiveCfg = Debug|Any CPU
		{16463F1B-8D23-4F9F-8C1B-77D5288C4E1C}.Debug|Any CPU.Build.0 = Debug|Any CPU
		{16463F1B-8D23-4F9F-8C1B-77D5288C4E1C}.Debug|ARM.ActiveCfg = Debug|Any CPU
		{16463F1B-8D23-4F9F-8C1B-77D5288C4E1C}.Debug|ARM.Build.0 = Debug|Any CPU
		{16463F1B-8D23-4F9F-8C1B-77D5288C4E1C}.Debug|iPhone.ActiveCfg = Debug|Any CPU
		{16463F1B-8D23-4F9F-8C1B-77D5288C4E1C}.Debug|iPhone.Build.0 = Debug|Any CPU
		{16463F1B-8D23-4F9F-8C1B-77D5288C4E1C}.Debug|iPhoneSimulator.ActiveCfg = Debug|Any CPU
		{16463F1B-8D23-4F9F-8C1B-77D5288C4E1C}.Debug|iPhoneSimulator.Build.0 = Debug|Any CPU
		{16463F1B-8D23-4F9F-8C1B-77D5288C4E1C}.Debug|Mixed Platforms.ActiveCfg = Debug|Any CPU
		{16463F1B-8D23-4F9F-8C1B-77D5288C4E1C}.Debug|Mixed Platforms.Build.0 = Debug|Any CPU
		{16463F1B-8D23-4F9F-8C1B-77D5288C4E1C}.Debug|x64.ActiveCfg = Debug|Any CPU
		{16463F1B-8D23-4F9F-8C1B-77D5288C4E1C}.Debug|x64.Build.0 = Debug|Any CPU
		{16463F1B-8D23-4F9F-8C1B-77D5288C4E1C}.Debug|x86.ActiveCfg = Debug|Any CPU
		{16463F1B-8D23-4F9F-8C1B-77D5288C4E1C}.Debug|x86.Build.0 = Debug|Any CPU
		{16463F1B-8D23-4F9F-8C1B-77D5288C4E1C}.Release|Any CPU.ActiveCfg = Release|Any CPU
		{16463F1B-8D23-4F9F-8C1B-77D5288C4E1C}.Release|Any CPU.Build.0 = Release|Any CPU
		{16463F1B-8D23-4F9F-8C1B-77D5288C4E1C}.Release|ARM.ActiveCfg = Release|Any CPU
		{16463F1B-8D23-4F9F-8C1B-77D5288C4E1C}.Release|ARM.Build.0 = Release|Any CPU
		{16463F1B-8D23-4F9F-8C1B-77D5288C4E1C}.Release|iPhone.ActiveCfg = Release|Any CPU
		{16463F1B-8D23-4F9F-8C1B-77D5288C4E1C}.Release|iPhone.Build.0 = Release|Any CPU
		{16463F1B-8D23-4F9F-8C1B-77D5288C4E1C}.Release|iPhoneSimulator.ActiveCfg = Release|Any CPU
		{16463F1B-8D23-4F9F-8C1B-77D5288C4E1C}.Release|iPhoneSimulator.Build.0 = Release|Any CPU
		{16463F1B-8D23-4F9F-8C1B-77D5288C4E1C}.Release|Mixed Platforms.ActiveCfg = Release|Any CPU
		{16463F1B-8D23-4F9F-8C1B-77D5288C4E1C}.Release|Mixed Platforms.Build.0 = Release|Any CPU
		{16463F1B-8D23-4F9F-8C1B-77D5288C4E1C}.Release|x64.ActiveCfg = Release|Any CPU
		{16463F1B-8D23-4F9F-8C1B-77D5288C4E1C}.Release|x64.Build.0 = Release|Any CPU
		{16463F1B-8D23-4F9F-8C1B-77D5288C4E1C}.Release|x86.ActiveCfg = Release|Any CPU
		{16463F1B-8D23-4F9F-8C1B-77D5288C4E1C}.Release|x86.Build.0 = Release|Any CPU
		{06D874BC-29FE-4B68-AA7F-B4654AA4520A}.Ad-Hoc|Any CPU.ActiveCfg = Release|Any CPU
		{06D874BC-29FE-4B68-AA7F-B4654AA4520A}.Ad-Hoc|Any CPU.Build.0 = Release|Any CPU
		{06D874BC-29FE-4B68-AA7F-B4654AA4520A}.Ad-Hoc|ARM.ActiveCfg = Release|Any CPU
		{06D874BC-29FE-4B68-AA7F-B4654AA4520A}.Ad-Hoc|ARM.Build.0 = Release|Any CPU
		{06D874BC-29FE-4B68-AA7F-B4654AA4520A}.Ad-Hoc|iPhone.ActiveCfg = Release|Any CPU
		{06D874BC-29FE-4B68-AA7F-B4654AA4520A}.Ad-Hoc|iPhone.Build.0 = Release|Any CPU
		{06D874BC-29FE-4B68-AA7F-B4654AA4520A}.Ad-Hoc|iPhoneSimulator.ActiveCfg = Release|Any CPU
		{06D874BC-29FE-4B68-AA7F-B4654AA4520A}.Ad-Hoc|iPhoneSimulator.Build.0 = Release|Any CPU
		{06D874BC-29FE-4B68-AA7F-B4654AA4520A}.Ad-Hoc|Mixed Platforms.ActiveCfg = Release|Any CPU
		{06D874BC-29FE-4B68-AA7F-B4654AA4520A}.Ad-Hoc|Mixed Platforms.Build.0 = Release|Any CPU
		{06D874BC-29FE-4B68-AA7F-B4654AA4520A}.Ad-Hoc|x64.ActiveCfg = Release|Any CPU
		{06D874BC-29FE-4B68-AA7F-B4654AA4520A}.Ad-Hoc|x64.Build.0 = Release|Any CPU
		{06D874BC-29FE-4B68-AA7F-B4654AA4520A}.Ad-Hoc|x86.ActiveCfg = Release|Any CPU
		{06D874BC-29FE-4B68-AA7F-B4654AA4520A}.Ad-Hoc|x86.Build.0 = Release|Any CPU
		{06D874BC-29FE-4B68-AA7F-B4654AA4520A}.AppStore|Any CPU.ActiveCfg = Release|Any CPU
		{06D874BC-29FE-4B68-AA7F-B4654AA4520A}.AppStore|Any CPU.Build.0 = Release|Any CPU
		{06D874BC-29FE-4B68-AA7F-B4654AA4520A}.AppStore|ARM.ActiveCfg = Release|Any CPU
		{06D874BC-29FE-4B68-AA7F-B4654AA4520A}.AppStore|ARM.Build.0 = Release|Any CPU
		{06D874BC-29FE-4B68-AA7F-B4654AA4520A}.AppStore|iPhone.ActiveCfg = Release|Any CPU
		{06D874BC-29FE-4B68-AA7F-B4654AA4520A}.AppStore|iPhone.Build.0 = Release|Any CPU
		{06D874BC-29FE-4B68-AA7F-B4654AA4520A}.AppStore|iPhoneSimulator.ActiveCfg = Release|Any CPU
		{06D874BC-29FE-4B68-AA7F-B4654AA4520A}.AppStore|iPhoneSimulator.Build.0 = Release|Any CPU
		{06D874BC-29FE-4B68-AA7F-B4654AA4520A}.AppStore|Mixed Platforms.ActiveCfg = Release|Any CPU
		{06D874BC-29FE-4B68-AA7F-B4654AA4520A}.AppStore|Mixed Platforms.Build.0 = Release|Any CPU
		{06D874BC-29FE-4B68-AA7F-B4654AA4520A}.AppStore|x64.ActiveCfg = Release|Any CPU
		{06D874BC-29FE-4B68-AA7F-B4654AA4520A}.AppStore|x64.Build.0 = Release|Any CPU
		{06D874BC-29FE-4B68-AA7F-B4654AA4520A}.AppStore|x86.ActiveCfg = Release|Any CPU
		{06D874BC-29FE-4B68-AA7F-B4654AA4520A}.AppStore|x86.Build.0 = Release|Any CPU
		{06D874BC-29FE-4B68-AA7F-B4654AA4520A}.Debug|Any CPU.ActiveCfg = Debug|Any CPU
		{06D874BC-29FE-4B68-AA7F-B4654AA4520A}.Debug|Any CPU.Build.0 = Debug|Any CPU
		{06D874BC-29FE-4B68-AA7F-B4654AA4520A}.Debug|ARM.ActiveCfg = Debug|Any CPU
		{06D874BC-29FE-4B68-AA7F-B4654AA4520A}.Debug|ARM.Build.0 = Debug|Any CPU
		{06D874BC-29FE-4B68-AA7F-B4654AA4520A}.Debug|iPhone.ActiveCfg = Debug|Any CPU
		{06D874BC-29FE-4B68-AA7F-B4654AA4520A}.Debug|iPhone.Build.0 = Debug|Any CPU
		{06D874BC-29FE-4B68-AA7F-B4654AA4520A}.Debug|iPhoneSimulator.ActiveCfg = Debug|Any CPU
		{06D874BC-29FE-4B68-AA7F-B4654AA4520A}.Debug|iPhoneSimulator.Build.0 = Debug|Any CPU
		{06D874BC-29FE-4B68-AA7F-B4654AA4520A}.Debug|Mixed Platforms.ActiveCfg = Debug|Any CPU
		{06D874BC-29FE-4B68-AA7F-B4654AA4520A}.Debug|Mixed Platforms.Build.0 = Debug|Any CPU
		{06D874BC-29FE-4B68-AA7F-B4654AA4520A}.Debug|x64.ActiveCfg = Debug|Any CPU
		{06D874BC-29FE-4B68-AA7F-B4654AA4520A}.Debug|x64.Build.0 = Debug|Any CPU
		{06D874BC-29FE-4B68-AA7F-B4654AA4520A}.Debug|x86.ActiveCfg = Debug|Any CPU
		{06D874BC-29FE-4B68-AA7F-B4654AA4520A}.Debug|x86.Build.0 = Debug|Any CPU
		{06D874BC-29FE-4B68-AA7F-B4654AA4520A}.Release|Any CPU.ActiveCfg = Release|Any CPU
		{06D874BC-29FE-4B68-AA7F-B4654AA4520A}.Release|Any CPU.Build.0 = Release|Any CPU
		{06D874BC-29FE-4B68-AA7F-B4654AA4520A}.Release|ARM.ActiveCfg = Release|Any CPU
		{06D874BC-29FE-4B68-AA7F-B4654AA4520A}.Release|ARM.Build.0 = Release|Any CPU
		{06D874BC-29FE-4B68-AA7F-B4654AA4520A}.Release|iPhone.ActiveCfg = Release|Any CPU
		{06D874BC-29FE-4B68-AA7F-B4654AA4520A}.Release|iPhone.Build.0 = Release|Any CPU
		{06D874BC-29FE-4B68-AA7F-B4654AA4520A}.Release|iPhoneSimulator.ActiveCfg = Release|Any CPU
		{06D874BC-29FE-4B68-AA7F-B4654AA4520A}.Release|iPhoneSimulator.Build.0 = Release|Any CPU
		{06D874BC-29FE-4B68-AA7F-B4654AA4520A}.Release|Mixed Platforms.ActiveCfg = Release|Any CPU
		{06D874BC-29FE-4B68-AA7F-B4654AA4520A}.Release|Mixed Platforms.Build.0 = Release|Any CPU
		{06D874BC-29FE-4B68-AA7F-B4654AA4520A}.Release|x64.ActiveCfg = Release|Any CPU
		{06D874BC-29FE-4B68-AA7F-B4654AA4520A}.Release|x64.Build.0 = Release|Any CPU
		{06D874BC-29FE-4B68-AA7F-B4654AA4520A}.Release|x86.ActiveCfg = Release|Any CPU
		{06D874BC-29FE-4B68-AA7F-B4654AA4520A}.Release|x86.Build.0 = Release|Any CPU
		{656EF85A-A205-426F-8B79-2969DC118BE2}.Ad-Hoc|Any CPU.ActiveCfg = Release|Any CPU
		{656EF85A-A205-426F-8B79-2969DC118BE2}.Ad-Hoc|Any CPU.Build.0 = Release|Any CPU
		{656EF85A-A205-426F-8B79-2969DC118BE2}.Ad-Hoc|ARM.ActiveCfg = Release|Any CPU
		{656EF85A-A205-426F-8B79-2969DC118BE2}.Ad-Hoc|ARM.Build.0 = Release|Any CPU
		{656EF85A-A205-426F-8B79-2969DC118BE2}.Ad-Hoc|iPhone.ActiveCfg = Release|Any CPU
		{656EF85A-A205-426F-8B79-2969DC118BE2}.Ad-Hoc|iPhone.Build.0 = Release|Any CPU
		{656EF85A-A205-426F-8B79-2969DC118BE2}.Ad-Hoc|iPhoneSimulator.ActiveCfg = Release|Any CPU
		{656EF85A-A205-426F-8B79-2969DC118BE2}.Ad-Hoc|iPhoneSimulator.Build.0 = Release|Any CPU
		{656EF85A-A205-426F-8B79-2969DC118BE2}.Ad-Hoc|Mixed Platforms.ActiveCfg = Release|Any CPU
		{656EF85A-A205-426F-8B79-2969DC118BE2}.Ad-Hoc|Mixed Platforms.Build.0 = Release|Any CPU
		{656EF85A-A205-426F-8B79-2969DC118BE2}.Ad-Hoc|x64.ActiveCfg = Release|Any CPU
		{656EF85A-A205-426F-8B79-2969DC118BE2}.Ad-Hoc|x64.Build.0 = Release|Any CPU
		{656EF85A-A205-426F-8B79-2969DC118BE2}.Ad-Hoc|x86.ActiveCfg = Release|Any CPU
		{656EF85A-A205-426F-8B79-2969DC118BE2}.Ad-Hoc|x86.Build.0 = Release|Any CPU
		{656EF85A-A205-426F-8B79-2969DC118BE2}.AppStore|Any CPU.ActiveCfg = Release|Any CPU
		{656EF85A-A205-426F-8B79-2969DC118BE2}.AppStore|Any CPU.Build.0 = Release|Any CPU
		{656EF85A-A205-426F-8B79-2969DC118BE2}.AppStore|ARM.ActiveCfg = Release|Any CPU
		{656EF85A-A205-426F-8B79-2969DC118BE2}.AppStore|ARM.Build.0 = Release|Any CPU
		{656EF85A-A205-426F-8B79-2969DC118BE2}.AppStore|iPhone.ActiveCfg = Release|Any CPU
		{656EF85A-A205-426F-8B79-2969DC118BE2}.AppStore|iPhone.Build.0 = Release|Any CPU
		{656EF85A-A205-426F-8B79-2969DC118BE2}.AppStore|iPhoneSimulator.ActiveCfg = Release|Any CPU
		{656EF85A-A205-426F-8B79-2969DC118BE2}.AppStore|iPhoneSimulator.Build.0 = Release|Any CPU
		{656EF85A-A205-426F-8B79-2969DC118BE2}.AppStore|Mixed Platforms.ActiveCfg = Release|Any CPU
		{656EF85A-A205-426F-8B79-2969DC118BE2}.AppStore|Mixed Platforms.Build.0 = Release|Any CPU
		{656EF85A-A205-426F-8B79-2969DC118BE2}.AppStore|x64.ActiveCfg = Release|Any CPU
		{656EF85A-A205-426F-8B79-2969DC118BE2}.AppStore|x64.Build.0 = Release|Any CPU
		{656EF85A-A205-426F-8B79-2969DC118BE2}.AppStore|x86.ActiveCfg = Release|Any CPU
		{656EF85A-A205-426F-8B79-2969DC118BE2}.AppStore|x86.Build.0 = Release|Any CPU
		{656EF85A-A205-426F-8B79-2969DC118BE2}.Debug|Any CPU.ActiveCfg = Debug|Any CPU
		{656EF85A-A205-426F-8B79-2969DC118BE2}.Debug|Any CPU.Build.0 = Debug|Any CPU
		{656EF85A-A205-426F-8B79-2969DC118BE2}.Debug|ARM.ActiveCfg = Debug|Any CPU
		{656EF85A-A205-426F-8B79-2969DC118BE2}.Debug|ARM.Build.0 = Debug|Any CPU
		{656EF85A-A205-426F-8B79-2969DC118BE2}.Debug|iPhone.ActiveCfg = Debug|Any CPU
		{656EF85A-A205-426F-8B79-2969DC118BE2}.Debug|iPhone.Build.0 = Debug|Any CPU
		{656EF85A-A205-426F-8B79-2969DC118BE2}.Debug|iPhoneSimulator.ActiveCfg = Debug|Any CPU
		{656EF85A-A205-426F-8B79-2969DC118BE2}.Debug|iPhoneSimulator.Build.0 = Debug|Any CPU
		{656EF85A-A205-426F-8B79-2969DC118BE2}.Debug|Mixed Platforms.ActiveCfg = Debug|Any CPU
		{656EF85A-A205-426F-8B79-2969DC118BE2}.Debug|Mixed Platforms.Build.0 = Debug|Any CPU
		{656EF85A-A205-426F-8B79-2969DC118BE2}.Debug|x64.ActiveCfg = Debug|Any CPU
		{656EF85A-A205-426F-8B79-2969DC118BE2}.Debug|x64.Build.0 = Debug|Any CPU
		{656EF85A-A205-426F-8B79-2969DC118BE2}.Debug|x86.ActiveCfg = Debug|Any CPU
		{656EF85A-A205-426F-8B79-2969DC118BE2}.Debug|x86.Build.0 = Debug|Any CPU
		{656EF85A-A205-426F-8B79-2969DC118BE2}.Release|Any CPU.ActiveCfg = Release|Any CPU
		{656EF85A-A205-426F-8B79-2969DC118BE2}.Release|Any CPU.Build.0 = Release|Any CPU
		{656EF85A-A205-426F-8B79-2969DC118BE2}.Release|ARM.ActiveCfg = Release|Any CPU
		{656EF85A-A205-426F-8B79-2969DC118BE2}.Release|ARM.Build.0 = Release|Any CPU
		{656EF85A-A205-426F-8B79-2969DC118BE2}.Release|iPhone.ActiveCfg = Release|Any CPU
		{656EF85A-A205-426F-8B79-2969DC118BE2}.Release|iPhone.Build.0 = Release|Any CPU
		{656EF85A-A205-426F-8B79-2969DC118BE2}.Release|iPhoneSimulator.ActiveCfg = Release|Any CPU
		{656EF85A-A205-426F-8B79-2969DC118BE2}.Release|iPhoneSimulator.Build.0 = Release|Any CPU
		{656EF85A-A205-426F-8B79-2969DC118BE2}.Release|Mixed Platforms.ActiveCfg = Release|Any CPU
		{656EF85A-A205-426F-8B79-2969DC118BE2}.Release|Mixed Platforms.Build.0 = Release|Any CPU
		{656EF85A-A205-426F-8B79-2969DC118BE2}.Release|x64.ActiveCfg = Release|Any CPU
		{656EF85A-A205-426F-8B79-2969DC118BE2}.Release|x64.Build.0 = Release|Any CPU
		{656EF85A-A205-426F-8B79-2969DC118BE2}.Release|x86.ActiveCfg = Release|Any CPU
		{656EF85A-A205-426F-8B79-2969DC118BE2}.Release|x86.Build.0 = Release|Any CPU
		{B15AFC6F-D6DA-4F24-B120-0757651C68D4}.Ad-Hoc|Any CPU.ActiveCfg = Release|Any CPU
		{B15AFC6F-D6DA-4F24-B120-0757651C68D4}.Ad-Hoc|Any CPU.Build.0 = Release|Any CPU
		{B15AFC6F-D6DA-4F24-B120-0757651C68D4}.Ad-Hoc|ARM.ActiveCfg = Release|Any CPU
		{B15AFC6F-D6DA-4F24-B120-0757651C68D4}.Ad-Hoc|ARM.Build.0 = Release|Any CPU
		{B15AFC6F-D6DA-4F24-B120-0757651C68D4}.Ad-Hoc|iPhone.ActiveCfg = Release|Any CPU
		{B15AFC6F-D6DA-4F24-B120-0757651C68D4}.Ad-Hoc|iPhone.Build.0 = Release|Any CPU
		{B15AFC6F-D6DA-4F24-B120-0757651C68D4}.Ad-Hoc|iPhoneSimulator.ActiveCfg = Release|Any CPU
		{B15AFC6F-D6DA-4F24-B120-0757651C68D4}.Ad-Hoc|iPhoneSimulator.Build.0 = Release|Any CPU
		{B15AFC6F-D6DA-4F24-B120-0757651C68D4}.Ad-Hoc|Mixed Platforms.ActiveCfg = Release|Any CPU
		{B15AFC6F-D6DA-4F24-B120-0757651C68D4}.Ad-Hoc|Mixed Platforms.Build.0 = Release|Any CPU
		{B15AFC6F-D6DA-4F24-B120-0757651C68D4}.Ad-Hoc|x64.ActiveCfg = Release|Any CPU
		{B15AFC6F-D6DA-4F24-B120-0757651C68D4}.Ad-Hoc|x64.Build.0 = Release|Any CPU
		{B15AFC6F-D6DA-4F24-B120-0757651C68D4}.Ad-Hoc|x86.ActiveCfg = Release|Any CPU
		{B15AFC6F-D6DA-4F24-B120-0757651C68D4}.Ad-Hoc|x86.Build.0 = Release|Any CPU
		{B15AFC6F-D6DA-4F24-B120-0757651C68D4}.AppStore|Any CPU.ActiveCfg = Release|Any CPU
		{B15AFC6F-D6DA-4F24-B120-0757651C68D4}.AppStore|Any CPU.Build.0 = Release|Any CPU
		{B15AFC6F-D6DA-4F24-B120-0757651C68D4}.AppStore|ARM.ActiveCfg = Release|Any CPU
		{B15AFC6F-D6DA-4F24-B120-0757651C68D4}.AppStore|ARM.Build.0 = Release|Any CPU
		{B15AFC6F-D6DA-4F24-B120-0757651C68D4}.AppStore|iPhone.ActiveCfg = Release|Any CPU
		{B15AFC6F-D6DA-4F24-B120-0757651C68D4}.AppStore|iPhone.Build.0 = Release|Any CPU
		{B15AFC6F-D6DA-4F24-B120-0757651C68D4}.AppStore|iPhoneSimulator.ActiveCfg = Release|Any CPU
		{B15AFC6F-D6DA-4F24-B120-0757651C68D4}.AppStore|iPhoneSimulator.Build.0 = Release|Any CPU
		{B15AFC6F-D6DA-4F24-B120-0757651C68D4}.AppStore|Mixed Platforms.ActiveCfg = Release|Any CPU
		{B15AFC6F-D6DA-4F24-B120-0757651C68D4}.AppStore|Mixed Platforms.Build.0 = Release|Any CPU
		{B15AFC6F-D6DA-4F24-B120-0757651C68D4}.AppStore|x64.ActiveCfg = Release|Any CPU
		{B15AFC6F-D6DA-4F24-B120-0757651C68D4}.AppStore|x64.Build.0 = Release|Any CPU
		{B15AFC6F-D6DA-4F24-B120-0757651C68D4}.AppStore|x86.ActiveCfg = Release|Any CPU
		{B15AFC6F-D6DA-4F24-B120-0757651C68D4}.AppStore|x86.Build.0 = Release|Any CPU
		{B15AFC6F-D6DA-4F24-B120-0757651C68D4}.Debug|Any CPU.ActiveCfg = Debug|Any CPU
		{B15AFC6F-D6DA-4F24-B120-0757651C68D4}.Debug|Any CPU.Build.0 = Debug|Any CPU
		{B15AFC6F-D6DA-4F24-B120-0757651C68D4}.Debug|ARM.ActiveCfg = Debug|Any CPU
		{B15AFC6F-D6DA-4F24-B120-0757651C68D4}.Debug|ARM.Build.0 = Debug|Any CPU
		{B15AFC6F-D6DA-4F24-B120-0757651C68D4}.Debug|iPhone.ActiveCfg = Debug|Any CPU
		{B15AFC6F-D6DA-4F24-B120-0757651C68D4}.Debug|iPhone.Build.0 = Debug|Any CPU
		{B15AFC6F-D6DA-4F24-B120-0757651C68D4}.Debug|iPhoneSimulator.ActiveCfg = Debug|Any CPU
		{B15AFC6F-D6DA-4F24-B120-0757651C68D4}.Debug|iPhoneSimulator.Build.0 = Debug|Any CPU
		{B15AFC6F-D6DA-4F24-B120-0757651C68D4}.Debug|Mixed Platforms.ActiveCfg = Debug|Any CPU
		{B15AFC6F-D6DA-4F24-B120-0757651C68D4}.Debug|Mixed Platforms.Build.0 = Debug|Any CPU
		{B15AFC6F-D6DA-4F24-B120-0757651C68D4}.Debug|x64.ActiveCfg = Debug|Any CPU
		{B15AFC6F-D6DA-4F24-B120-0757651C68D4}.Debug|x64.Build.0 = Debug|Any CPU
		{B15AFC6F-D6DA-4F24-B120-0757651C68D4}.Debug|x86.ActiveCfg = Debug|Any CPU
		{B15AFC6F-D6DA-4F24-B120-0757651C68D4}.Debug|x86.Build.0 = Debug|Any CPU
		{B15AFC6F-D6DA-4F24-B120-0757651C68D4}.Release|Any CPU.ActiveCfg = Release|Any CPU
		{B15AFC6F-D6DA-4F24-B120-0757651C68D4}.Release|Any CPU.Build.0 = Release|Any CPU
		{B15AFC6F-D6DA-4F24-B120-0757651C68D4}.Release|ARM.ActiveCfg = Release|Any CPU
		{B15AFC6F-D6DA-4F24-B120-0757651C68D4}.Release|ARM.Build.0 = Release|Any CPU
		{B15AFC6F-D6DA-4F24-B120-0757651C68D4}.Release|iPhone.ActiveCfg = Release|Any CPU
		{B15AFC6F-D6DA-4F24-B120-0757651C68D4}.Release|iPhone.Build.0 = Release|Any CPU
		{B15AFC6F-D6DA-4F24-B120-0757651C68D4}.Release|iPhoneSimulator.ActiveCfg = Release|Any CPU
		{B15AFC6F-D6DA-4F24-B120-0757651C68D4}.Release|iPhoneSimulator.Build.0 = Release|Any CPU
		{B15AFC6F-D6DA-4F24-B120-0757651C68D4}.Release|Mixed Platforms.ActiveCfg = Release|Any CPU
		{B15AFC6F-D6DA-4F24-B120-0757651C68D4}.Release|Mixed Platforms.Build.0 = Release|Any CPU
		{B15AFC6F-D6DA-4F24-B120-0757651C68D4}.Release|x64.ActiveCfg = Release|Any CPU
		{B15AFC6F-D6DA-4F24-B120-0757651C68D4}.Release|x64.Build.0 = Release|Any CPU
		{B15AFC6F-D6DA-4F24-B120-0757651C68D4}.Release|x86.ActiveCfg = Release|Any CPU
		{B15AFC6F-D6DA-4F24-B120-0757651C68D4}.Release|x86.Build.0 = Release|Any CPU
		{2FD67EEE-933B-467F-8D03-5D9BD31028FB}.Ad-Hoc|Any CPU.ActiveCfg = Debug|Any CPU
		{2FD67EEE-933B-467F-8D03-5D9BD31028FB}.Ad-Hoc|Any CPU.Build.0 = Debug|Any CPU
		{2FD67EEE-933B-467F-8D03-5D9BD31028FB}.Ad-Hoc|ARM.ActiveCfg = Debug|Any CPU
		{2FD67EEE-933B-467F-8D03-5D9BD31028FB}.Ad-Hoc|ARM.Build.0 = Debug|Any CPU
		{2FD67EEE-933B-467F-8D03-5D9BD31028FB}.Ad-Hoc|iPhone.ActiveCfg = Debug|Any CPU
		{2FD67EEE-933B-467F-8D03-5D9BD31028FB}.Ad-Hoc|iPhone.Build.0 = Debug|Any CPU
		{2FD67EEE-933B-467F-8D03-5D9BD31028FB}.Ad-Hoc|iPhoneSimulator.ActiveCfg = Debug|Any CPU
		{2FD67EEE-933B-467F-8D03-5D9BD31028FB}.Ad-Hoc|iPhoneSimulator.Build.0 = Debug|Any CPU
		{2FD67EEE-933B-467F-8D03-5D9BD31028FB}.Ad-Hoc|Mixed Platforms.ActiveCfg = Release|Any CPU
		{2FD67EEE-933B-467F-8D03-5D9BD31028FB}.Ad-Hoc|Mixed Platforms.Build.0 = Release|Any CPU
		{2FD67EEE-933B-467F-8D03-5D9BD31028FB}.Ad-Hoc|x64.ActiveCfg = Release|Any CPU
		{2FD67EEE-933B-467F-8D03-5D9BD31028FB}.Ad-Hoc|x64.Build.0 = Release|Any CPU
		{2FD67EEE-933B-467F-8D03-5D9BD31028FB}.Ad-Hoc|x86.ActiveCfg = Release|Any CPU
		{2FD67EEE-933B-467F-8D03-5D9BD31028FB}.Ad-Hoc|x86.Build.0 = Release|Any CPU
		{2FD67EEE-933B-467F-8D03-5D9BD31028FB}.AppStore|Any CPU.ActiveCfg = Debug|Any CPU
		{2FD67EEE-933B-467F-8D03-5D9BD31028FB}.AppStore|Any CPU.Build.0 = Debug|Any CPU
		{2FD67EEE-933B-467F-8D03-5D9BD31028FB}.AppStore|ARM.ActiveCfg = Debug|Any CPU
		{2FD67EEE-933B-467F-8D03-5D9BD31028FB}.AppStore|ARM.Build.0 = Debug|Any CPU
		{2FD67EEE-933B-467F-8D03-5D9BD31028FB}.AppStore|iPhone.ActiveCfg = Debug|Any CPU
		{2FD67EEE-933B-467F-8D03-5D9BD31028FB}.AppStore|iPhone.Build.0 = Debug|Any CPU
		{2FD67EEE-933B-467F-8D03-5D9BD31028FB}.AppStore|iPhoneSimulator.ActiveCfg = Debug|Any CPU
		{2FD67EEE-933B-467F-8D03-5D9BD31028FB}.AppStore|iPhoneSimulator.Build.0 = Debug|Any CPU
		{2FD67EEE-933B-467F-8D03-5D9BD31028FB}.AppStore|Mixed Platforms.ActiveCfg = Release|Any CPU
		{2FD67EEE-933B-467F-8D03-5D9BD31028FB}.AppStore|Mixed Platforms.Build.0 = Release|Any CPU
		{2FD67EEE-933B-467F-8D03-5D9BD31028FB}.AppStore|x64.ActiveCfg = Release|Any CPU
		{2FD67EEE-933B-467F-8D03-5D9BD31028FB}.AppStore|x64.Build.0 = Release|Any CPU
		{2FD67EEE-933B-467F-8D03-5D9BD31028FB}.AppStore|x86.ActiveCfg = Release|Any CPU
		{2FD67EEE-933B-467F-8D03-5D9BD31028FB}.AppStore|x86.Build.0 = Release|Any CPU
		{2FD67EEE-933B-467F-8D03-5D9BD31028FB}.Debug|Any CPU.ActiveCfg = Debug|Any CPU
		{2FD67EEE-933B-467F-8D03-5D9BD31028FB}.Debug|Any CPU.Build.0 = Debug|Any CPU
		{2FD67EEE-933B-467F-8D03-5D9BD31028FB}.Debug|ARM.ActiveCfg = Debug|Any CPU
		{2FD67EEE-933B-467F-8D03-5D9BD31028FB}.Debug|ARM.Build.0 = Debug|Any CPU
		{2FD67EEE-933B-467F-8D03-5D9BD31028FB}.Debug|iPhone.ActiveCfg = Debug|Any CPU
		{2FD67EEE-933B-467F-8D03-5D9BD31028FB}.Debug|iPhone.Build.0 = Debug|Any CPU
		{2FD67EEE-933B-467F-8D03-5D9BD31028FB}.Debug|iPhoneSimulator.ActiveCfg = Debug|Any CPU
		{2FD67EEE-933B-467F-8D03-5D9BD31028FB}.Debug|iPhoneSimulator.Build.0 = Debug|Any CPU
		{2FD67EEE-933B-467F-8D03-5D9BD31028FB}.Debug|Mixed Platforms.ActiveCfg = Debug|Any CPU
		{2FD67EEE-933B-467F-8D03-5D9BD31028FB}.Debug|Mixed Platforms.Build.0 = Debug|Any CPU
		{2FD67EEE-933B-467F-8D03-5D9BD31028FB}.Debug|x64.ActiveCfg = Debug|Any CPU
		{2FD67EEE-933B-467F-8D03-5D9BD31028FB}.Debug|x64.Build.0 = Debug|Any CPU
		{2FD67EEE-933B-467F-8D03-5D9BD31028FB}.Debug|x86.ActiveCfg = Debug|Any CPU
		{2FD67EEE-933B-467F-8D03-5D9BD31028FB}.Debug|x86.Build.0 = Debug|Any CPU
		{2FD67EEE-933B-467F-8D03-5D9BD31028FB}.Release|Any CPU.ActiveCfg = Release|Any CPU
		{2FD67EEE-933B-467F-8D03-5D9BD31028FB}.Release|Any CPU.Build.0 = Release|Any CPU
		{2FD67EEE-933B-467F-8D03-5D9BD31028FB}.Release|ARM.ActiveCfg = Release|Any CPU
		{2FD67EEE-933B-467F-8D03-5D9BD31028FB}.Release|ARM.Build.0 = Release|Any CPU
		{2FD67EEE-933B-467F-8D03-5D9BD31028FB}.Release|iPhone.ActiveCfg = Release|Any CPU
		{2FD67EEE-933B-467F-8D03-5D9BD31028FB}.Release|iPhone.Build.0 = Release|Any CPU
		{2FD67EEE-933B-467F-8D03-5D9BD31028FB}.Release|iPhoneSimulator.ActiveCfg = Release|Any CPU
		{2FD67EEE-933B-467F-8D03-5D9BD31028FB}.Release|iPhoneSimulator.Build.0 = Release|Any CPU
		{2FD67EEE-933B-467F-8D03-5D9BD31028FB}.Release|Mixed Platforms.ActiveCfg = Release|Any CPU
		{2FD67EEE-933B-467F-8D03-5D9BD31028FB}.Release|Mixed Platforms.Build.0 = Release|Any CPU
		{2FD67EEE-933B-467F-8D03-5D9BD31028FB}.Release|x64.ActiveCfg = Release|Any CPU
		{2FD67EEE-933B-467F-8D03-5D9BD31028FB}.Release|x64.Build.0 = Release|Any CPU
		{2FD67EEE-933B-467F-8D03-5D9BD31028FB}.Release|x86.ActiveCfg = Release|Any CPU
		{2FD67EEE-933B-467F-8D03-5D9BD31028FB}.Release|x86.Build.0 = Release|Any CPU
		{4C3C1504-E4AD-435A-B9F8-0AF6400F2A99}.Ad-Hoc|Any CPU.ActiveCfg = Release|x64
		{4C3C1504-E4AD-435A-B9F8-0AF6400F2A99}.Ad-Hoc|Any CPU.Build.0 = Release|x64
		{4C3C1504-E4AD-435A-B9F8-0AF6400F2A99}.Ad-Hoc|Any CPU.Deploy.0 = Release|x64
		{4C3C1504-E4AD-435A-B9F8-0AF6400F2A99}.Ad-Hoc|ARM.ActiveCfg = Release|ARM
		{4C3C1504-E4AD-435A-B9F8-0AF6400F2A99}.Ad-Hoc|ARM.Build.0 = Release|ARM
		{4C3C1504-E4AD-435A-B9F8-0AF6400F2A99}.Ad-Hoc|ARM.Deploy.0 = Release|ARM
		{4C3C1504-E4AD-435A-B9F8-0AF6400F2A99}.Ad-Hoc|iPhone.ActiveCfg = Release|x64
		{4C3C1504-E4AD-435A-B9F8-0AF6400F2A99}.Ad-Hoc|iPhone.Build.0 = Release|x64
		{4C3C1504-E4AD-435A-B9F8-0AF6400F2A99}.Ad-Hoc|iPhone.Deploy.0 = Release|x64
		{4C3C1504-E4AD-435A-B9F8-0AF6400F2A99}.Ad-Hoc|iPhoneSimulator.ActiveCfg = Release|x64
		{4C3C1504-E4AD-435A-B9F8-0AF6400F2A99}.Ad-Hoc|iPhoneSimulator.Build.0 = Release|x64
		{4C3C1504-E4AD-435A-B9F8-0AF6400F2A99}.Ad-Hoc|iPhoneSimulator.Deploy.0 = Release|x64
		{4C3C1504-E4AD-435A-B9F8-0AF6400F2A99}.Ad-Hoc|Mixed Platforms.ActiveCfg = Release|x86
		{4C3C1504-E4AD-435A-B9F8-0AF6400F2A99}.Ad-Hoc|Mixed Platforms.Build.0 = Release|x86
		{4C3C1504-E4AD-435A-B9F8-0AF6400F2A99}.Ad-Hoc|Mixed Platforms.Deploy.0 = Release|x86
		{4C3C1504-E4AD-435A-B9F8-0AF6400F2A99}.Ad-Hoc|x64.ActiveCfg = Release|x64
		{4C3C1504-E4AD-435A-B9F8-0AF6400F2A99}.Ad-Hoc|x64.Build.0 = Release|x64
		{4C3C1504-E4AD-435A-B9F8-0AF6400F2A99}.Ad-Hoc|x64.Deploy.0 = Release|x64
		{4C3C1504-E4AD-435A-B9F8-0AF6400F2A99}.Ad-Hoc|x86.ActiveCfg = Release|x86
		{4C3C1504-E4AD-435A-B9F8-0AF6400F2A99}.Ad-Hoc|x86.Build.0 = Release|x86
		{4C3C1504-E4AD-435A-B9F8-0AF6400F2A99}.Ad-Hoc|x86.Deploy.0 = Release|x86
		{4C3C1504-E4AD-435A-B9F8-0AF6400F2A99}.AppStore|Any CPU.ActiveCfg = Release|x64
		{4C3C1504-E4AD-435A-B9F8-0AF6400F2A99}.AppStore|Any CPU.Build.0 = Release|x64
		{4C3C1504-E4AD-435A-B9F8-0AF6400F2A99}.AppStore|Any CPU.Deploy.0 = Release|x64
		{4C3C1504-E4AD-435A-B9F8-0AF6400F2A99}.AppStore|ARM.ActiveCfg = Release|ARM
		{4C3C1504-E4AD-435A-B9F8-0AF6400F2A99}.AppStore|ARM.Build.0 = Release|ARM
		{4C3C1504-E4AD-435A-B9F8-0AF6400F2A99}.AppStore|ARM.Deploy.0 = Release|ARM
		{4C3C1504-E4AD-435A-B9F8-0AF6400F2A99}.AppStore|iPhone.ActiveCfg = Release|x64
		{4C3C1504-E4AD-435A-B9F8-0AF6400F2A99}.AppStore|iPhone.Build.0 = Release|x64
		{4C3C1504-E4AD-435A-B9F8-0AF6400F2A99}.AppStore|iPhone.Deploy.0 = Release|x64
		{4C3C1504-E4AD-435A-B9F8-0AF6400F2A99}.AppStore|iPhoneSimulator.ActiveCfg = Release|x64
		{4C3C1504-E4AD-435A-B9F8-0AF6400F2A99}.AppStore|iPhoneSimulator.Build.0 = Release|x64
		{4C3C1504-E4AD-435A-B9F8-0AF6400F2A99}.AppStore|iPhoneSimulator.Deploy.0 = Release|x64
		{4C3C1504-E4AD-435A-B9F8-0AF6400F2A99}.AppStore|Mixed Platforms.ActiveCfg = Release|x86
		{4C3C1504-E4AD-435A-B9F8-0AF6400F2A99}.AppStore|Mixed Platforms.Build.0 = Release|x86
		{4C3C1504-E4AD-435A-B9F8-0AF6400F2A99}.AppStore|Mixed Platforms.Deploy.0 = Release|x86
		{4C3C1504-E4AD-435A-B9F8-0AF6400F2A99}.AppStore|x64.ActiveCfg = Release|x64
		{4C3C1504-E4AD-435A-B9F8-0AF6400F2A99}.AppStore|x64.Build.0 = Release|x64
		{4C3C1504-E4AD-435A-B9F8-0AF6400F2A99}.AppStore|x64.Deploy.0 = Release|x64
		{4C3C1504-E4AD-435A-B9F8-0AF6400F2A99}.AppStore|x86.ActiveCfg = Release|x86
		{4C3C1504-E4AD-435A-B9F8-0AF6400F2A99}.AppStore|x86.Build.0 = Release|x86
		{4C3C1504-E4AD-435A-B9F8-0AF6400F2A99}.AppStore|x86.Deploy.0 = Release|x86
		{4C3C1504-E4AD-435A-B9F8-0AF6400F2A99}.Debug|Any CPU.ActiveCfg = Debug|x86
		{4C3C1504-E4AD-435A-B9F8-0AF6400F2A99}.Debug|Any CPU.Build.0 = Debug|x86
		{4C3C1504-E4AD-435A-B9F8-0AF6400F2A99}.Debug|Any CPU.Deploy.0 = Debug|x86
		{4C3C1504-E4AD-435A-B9F8-0AF6400F2A99}.Debug|ARM.ActiveCfg = Debug|ARM
		{4C3C1504-E4AD-435A-B9F8-0AF6400F2A99}.Debug|ARM.Build.0 = Debug|ARM
		{4C3C1504-E4AD-435A-B9F8-0AF6400F2A99}.Debug|ARM.Deploy.0 = Debug|ARM
		{4C3C1504-E4AD-435A-B9F8-0AF6400F2A99}.Debug|iPhone.ActiveCfg = Debug|x86
		{4C3C1504-E4AD-435A-B9F8-0AF6400F2A99}.Debug|iPhoneSimulator.ActiveCfg = Debug|x86
		{4C3C1504-E4AD-435A-B9F8-0AF6400F2A99}.Debug|Mixed Platforms.ActiveCfg = Debug|x86
		{4C3C1504-E4AD-435A-B9F8-0AF6400F2A99}.Debug|Mixed Platforms.Build.0 = Debug|x86
		{4C3C1504-E4AD-435A-B9F8-0AF6400F2A99}.Debug|Mixed Platforms.Deploy.0 = Debug|x86
		{4C3C1504-E4AD-435A-B9F8-0AF6400F2A99}.Debug|x64.ActiveCfg = Debug|x64
		{4C3C1504-E4AD-435A-B9F8-0AF6400F2A99}.Debug|x64.Build.0 = Debug|x64
		{4C3C1504-E4AD-435A-B9F8-0AF6400F2A99}.Debug|x64.Deploy.0 = Debug|x64
		{4C3C1504-E4AD-435A-B9F8-0AF6400F2A99}.Debug|x86.ActiveCfg = Debug|x86
		{4C3C1504-E4AD-435A-B9F8-0AF6400F2A99}.Debug|x86.Build.0 = Debug|x86
		{4C3C1504-E4AD-435A-B9F8-0AF6400F2A99}.Debug|x86.Deploy.0 = Debug|x86
		{4C3C1504-E4AD-435A-B9F8-0AF6400F2A99}.Release|Any CPU.ActiveCfg = Release|x86
		{4C3C1504-E4AD-435A-B9F8-0AF6400F2A99}.Release|ARM.ActiveCfg = Release|ARM
		{4C3C1504-E4AD-435A-B9F8-0AF6400F2A99}.Release|ARM.Build.0 = Release|ARM
		{4C3C1504-E4AD-435A-B9F8-0AF6400F2A99}.Release|ARM.Deploy.0 = Release|ARM
		{4C3C1504-E4AD-435A-B9F8-0AF6400F2A99}.Release|iPhone.ActiveCfg = Release|x86
		{4C3C1504-E4AD-435A-B9F8-0AF6400F2A99}.Release|iPhoneSimulator.ActiveCfg = Release|x86
		{4C3C1504-E4AD-435A-B9F8-0AF6400F2A99}.Release|Mixed Platforms.ActiveCfg = Release|x86
		{4C3C1504-E4AD-435A-B9F8-0AF6400F2A99}.Release|Mixed Platforms.Build.0 = Release|x86
		{4C3C1504-E4AD-435A-B9F8-0AF6400F2A99}.Release|Mixed Platforms.Deploy.0 = Release|x86
		{4C3C1504-E4AD-435A-B9F8-0AF6400F2A99}.Release|x64.ActiveCfg = Release|x64
		{4C3C1504-E4AD-435A-B9F8-0AF6400F2A99}.Release|x64.Build.0 = Release|x64
		{4C3C1504-E4AD-435A-B9F8-0AF6400F2A99}.Release|x64.Deploy.0 = Release|x64
		{4C3C1504-E4AD-435A-B9F8-0AF6400F2A99}.Release|x86.ActiveCfg = Release|x86
		{4C3C1504-E4AD-435A-B9F8-0AF6400F2A99}.Release|x86.Build.0 = Release|x86
		{4C3C1504-E4AD-435A-B9F8-0AF6400F2A99}.Release|x86.Deploy.0 = Release|x86
		{A780FFB1-021F-4E97-BF4A-1C3165ADFC3F}.Ad-Hoc|Any CPU.ActiveCfg = Debug|Any CPU
		{A780FFB1-021F-4E97-BF4A-1C3165ADFC3F}.Ad-Hoc|Any CPU.Build.0 = Debug|Any CPU
		{A780FFB1-021F-4E97-BF4A-1C3165ADFC3F}.Ad-Hoc|ARM.ActiveCfg = Debug|Any CPU
		{A780FFB1-021F-4E97-BF4A-1C3165ADFC3F}.Ad-Hoc|ARM.Build.0 = Debug|Any CPU
		{A780FFB1-021F-4E97-BF4A-1C3165ADFC3F}.Ad-Hoc|iPhone.ActiveCfg = Debug|Any CPU
		{A780FFB1-021F-4E97-BF4A-1C3165ADFC3F}.Ad-Hoc|iPhone.Build.0 = Debug|Any CPU
		{A780FFB1-021F-4E97-BF4A-1C3165ADFC3F}.Ad-Hoc|iPhoneSimulator.ActiveCfg = Debug|Any CPU
		{A780FFB1-021F-4E97-BF4A-1C3165ADFC3F}.Ad-Hoc|iPhoneSimulator.Build.0 = Debug|Any CPU
		{A780FFB1-021F-4E97-BF4A-1C3165ADFC3F}.Ad-Hoc|Mixed Platforms.ActiveCfg = Debug|Any CPU
		{A780FFB1-021F-4E97-BF4A-1C3165ADFC3F}.Ad-Hoc|Mixed Platforms.Build.0 = Debug|Any CPU
		{A780FFB1-021F-4E97-BF4A-1C3165ADFC3F}.Ad-Hoc|x64.ActiveCfg = Debug|Any CPU
		{A780FFB1-021F-4E97-BF4A-1C3165ADFC3F}.Ad-Hoc|x64.Build.0 = Debug|Any CPU
		{A780FFB1-021F-4E97-BF4A-1C3165ADFC3F}.Ad-Hoc|x86.ActiveCfg = Debug|Any CPU
		{A780FFB1-021F-4E97-BF4A-1C3165ADFC3F}.Ad-Hoc|x86.Build.0 = Debug|Any CPU
		{A780FFB1-021F-4E97-BF4A-1C3165ADFC3F}.AppStore|Any CPU.ActiveCfg = Debug|Any CPU
		{A780FFB1-021F-4E97-BF4A-1C3165ADFC3F}.AppStore|Any CPU.Build.0 = Debug|Any CPU
		{A780FFB1-021F-4E97-BF4A-1C3165ADFC3F}.AppStore|ARM.ActiveCfg = Debug|Any CPU
		{A780FFB1-021F-4E97-BF4A-1C3165ADFC3F}.AppStore|ARM.Build.0 = Debug|Any CPU
		{A780FFB1-021F-4E97-BF4A-1C3165ADFC3F}.AppStore|iPhone.ActiveCfg = Debug|Any CPU
		{A780FFB1-021F-4E97-BF4A-1C3165ADFC3F}.AppStore|iPhone.Build.0 = Debug|Any CPU
		{A780FFB1-021F-4E97-BF4A-1C3165ADFC3F}.AppStore|iPhoneSimulator.ActiveCfg = Debug|Any CPU
		{A780FFB1-021F-4E97-BF4A-1C3165ADFC3F}.AppStore|iPhoneSimulator.Build.0 = Debug|Any CPU
		{A780FFB1-021F-4E97-BF4A-1C3165ADFC3F}.AppStore|Mixed Platforms.ActiveCfg = Debug|Any CPU
		{A780FFB1-021F-4E97-BF4A-1C3165ADFC3F}.AppStore|Mixed Platforms.Build.0 = Debug|Any CPU
		{A780FFB1-021F-4E97-BF4A-1C3165ADFC3F}.AppStore|x64.ActiveCfg = Debug|Any CPU
		{A780FFB1-021F-4E97-BF4A-1C3165ADFC3F}.AppStore|x64.Build.0 = Debug|Any CPU
		{A780FFB1-021F-4E97-BF4A-1C3165ADFC3F}.AppStore|x86.ActiveCfg = Debug|Any CPU
		{A780FFB1-021F-4E97-BF4A-1C3165ADFC3F}.AppStore|x86.Build.0 = Debug|Any CPU
		{A780FFB1-021F-4E97-BF4A-1C3165ADFC3F}.Debug|Any CPU.ActiveCfg = Debug|Any CPU
		{A780FFB1-021F-4E97-BF4A-1C3165ADFC3F}.Debug|Any CPU.Build.0 = Debug|Any CPU
		{A780FFB1-021F-4E97-BF4A-1C3165ADFC3F}.Debug|ARM.ActiveCfg = Debug|Any CPU
		{A780FFB1-021F-4E97-BF4A-1C3165ADFC3F}.Debug|ARM.Build.0 = Debug|Any CPU
		{A780FFB1-021F-4E97-BF4A-1C3165ADFC3F}.Debug|iPhone.ActiveCfg = Debug|Any CPU
		{A780FFB1-021F-4E97-BF4A-1C3165ADFC3F}.Debug|iPhone.Build.0 = Debug|Any CPU
		{A780FFB1-021F-4E97-BF4A-1C3165ADFC3F}.Debug|iPhoneSimulator.ActiveCfg = Debug|Any CPU
		{A780FFB1-021F-4E97-BF4A-1C3165ADFC3F}.Debug|iPhoneSimulator.Build.0 = Debug|Any CPU
		{A780FFB1-021F-4E97-BF4A-1C3165ADFC3F}.Debug|Mixed Platforms.ActiveCfg = Debug|Any CPU
		{A780FFB1-021F-4E97-BF4A-1C3165ADFC3F}.Debug|Mixed Platforms.Build.0 = Debug|Any CPU
		{A780FFB1-021F-4E97-BF4A-1C3165ADFC3F}.Debug|x64.ActiveCfg = Debug|Any CPU
		{A780FFB1-021F-4E97-BF4A-1C3165ADFC3F}.Debug|x64.Build.0 = Debug|Any CPU
		{A780FFB1-021F-4E97-BF4A-1C3165ADFC3F}.Debug|x86.ActiveCfg = Debug|Any CPU
		{A780FFB1-021F-4E97-BF4A-1C3165ADFC3F}.Debug|x86.Build.0 = Debug|Any CPU
		{A780FFB1-021F-4E97-BF4A-1C3165ADFC3F}.Release|Any CPU.ActiveCfg = Release|Any CPU
		{A780FFB1-021F-4E97-BF4A-1C3165ADFC3F}.Release|Any CPU.Build.0 = Release|Any CPU
		{A780FFB1-021F-4E97-BF4A-1C3165ADFC3F}.Release|ARM.ActiveCfg = Release|Any CPU
		{A780FFB1-021F-4E97-BF4A-1C3165ADFC3F}.Release|ARM.Build.0 = Release|Any CPU
		{A780FFB1-021F-4E97-BF4A-1C3165ADFC3F}.Release|iPhone.ActiveCfg = Release|Any CPU
		{A780FFB1-021F-4E97-BF4A-1C3165ADFC3F}.Release|iPhone.Build.0 = Release|Any CPU
		{A780FFB1-021F-4E97-BF4A-1C3165ADFC3F}.Release|iPhoneSimulator.ActiveCfg = Release|Any CPU
		{A780FFB1-021F-4E97-BF4A-1C3165ADFC3F}.Release|iPhoneSimulator.Build.0 = Release|Any CPU
		{A780FFB1-021F-4E97-BF4A-1C3165ADFC3F}.Release|Mixed Platforms.ActiveCfg = Release|Any CPU
		{A780FFB1-021F-4E97-BF4A-1C3165ADFC3F}.Release|Mixed Platforms.Build.0 = Release|Any CPU
		{A780FFB1-021F-4E97-BF4A-1C3165ADFC3F}.Release|x64.ActiveCfg = Release|Any CPU
		{A780FFB1-021F-4E97-BF4A-1C3165ADFC3F}.Release|x64.Build.0 = Release|Any CPU
		{A780FFB1-021F-4E97-BF4A-1C3165ADFC3F}.Release|x86.ActiveCfg = Release|Any CPU
		{A780FFB1-021F-4E97-BF4A-1C3165ADFC3F}.Release|x86.Build.0 = Release|Any CPU
		{E6E14838-5586-4249-AA60-D8119057DA26}.Ad-Hoc|Any CPU.ActiveCfg = Debug|Any CPU
		{E6E14838-5586-4249-AA60-D8119057DA26}.Ad-Hoc|Any CPU.Build.0 = Debug|Any CPU
		{E6E14838-5586-4249-AA60-D8119057DA26}.Ad-Hoc|ARM.ActiveCfg = Debug|Any CPU
		{E6E14838-5586-4249-AA60-D8119057DA26}.Ad-Hoc|ARM.Build.0 = Debug|Any CPU
		{E6E14838-5586-4249-AA60-D8119057DA26}.Ad-Hoc|iPhone.ActiveCfg = Debug|Any CPU
		{E6E14838-5586-4249-AA60-D8119057DA26}.Ad-Hoc|iPhone.Build.0 = Debug|Any CPU
		{E6E14838-5586-4249-AA60-D8119057DA26}.Ad-Hoc|iPhoneSimulator.ActiveCfg = Debug|Any CPU
		{E6E14838-5586-4249-AA60-D8119057DA26}.Ad-Hoc|iPhoneSimulator.Build.0 = Debug|Any CPU
		{E6E14838-5586-4249-AA60-D8119057DA26}.Ad-Hoc|Mixed Platforms.ActiveCfg = Debug|Any CPU
		{E6E14838-5586-4249-AA60-D8119057DA26}.Ad-Hoc|Mixed Platforms.Build.0 = Debug|Any CPU
		{E6E14838-5586-4249-AA60-D8119057DA26}.Ad-Hoc|x64.ActiveCfg = Debug|Any CPU
		{E6E14838-5586-4249-AA60-D8119057DA26}.Ad-Hoc|x64.Build.0 = Debug|Any CPU
		{E6E14838-5586-4249-AA60-D8119057DA26}.Ad-Hoc|x86.ActiveCfg = Debug|Any CPU
		{E6E14838-5586-4249-AA60-D8119057DA26}.Ad-Hoc|x86.Build.0 = Debug|Any CPU
		{E6E14838-5586-4249-AA60-D8119057DA26}.AppStore|Any CPU.ActiveCfg = Debug|Any CPU
		{E6E14838-5586-4249-AA60-D8119057DA26}.AppStore|Any CPU.Build.0 = Debug|Any CPU
		{E6E14838-5586-4249-AA60-D8119057DA26}.AppStore|ARM.ActiveCfg = Debug|Any CPU
		{E6E14838-5586-4249-AA60-D8119057DA26}.AppStore|ARM.Build.0 = Debug|Any CPU
		{E6E14838-5586-4249-AA60-D8119057DA26}.AppStore|iPhone.ActiveCfg = Debug|Any CPU
		{E6E14838-5586-4249-AA60-D8119057DA26}.AppStore|iPhone.Build.0 = Debug|Any CPU
		{E6E14838-5586-4249-AA60-D8119057DA26}.AppStore|iPhoneSimulator.ActiveCfg = Debug|Any CPU
		{E6E14838-5586-4249-AA60-D8119057DA26}.AppStore|iPhoneSimulator.Build.0 = Debug|Any CPU
		{E6E14838-5586-4249-AA60-D8119057DA26}.AppStore|Mixed Platforms.ActiveCfg = Debug|Any CPU
		{E6E14838-5586-4249-AA60-D8119057DA26}.AppStore|Mixed Platforms.Build.0 = Debug|Any CPU
		{E6E14838-5586-4249-AA60-D8119057DA26}.AppStore|x64.ActiveCfg = Debug|Any CPU
		{E6E14838-5586-4249-AA60-D8119057DA26}.AppStore|x64.Build.0 = Debug|Any CPU
		{E6E14838-5586-4249-AA60-D8119057DA26}.AppStore|x86.ActiveCfg = Debug|Any CPU
		{E6E14838-5586-4249-AA60-D8119057DA26}.AppStore|x86.Build.0 = Debug|Any CPU
		{E6E14838-5586-4249-AA60-D8119057DA26}.Debug|Any CPU.ActiveCfg = Debug|Any CPU
		{E6E14838-5586-4249-AA60-D8119057DA26}.Debug|Any CPU.Build.0 = Debug|Any CPU
		{E6E14838-5586-4249-AA60-D8119057DA26}.Debug|ARM.ActiveCfg = Debug|Any CPU
		{E6E14838-5586-4249-AA60-D8119057DA26}.Debug|ARM.Build.0 = Debug|Any CPU
		{E6E14838-5586-4249-AA60-D8119057DA26}.Debug|iPhone.ActiveCfg = Debug|Any CPU
		{E6E14838-5586-4249-AA60-D8119057DA26}.Debug|iPhone.Build.0 = Debug|Any CPU
		{E6E14838-5586-4249-AA60-D8119057DA26}.Debug|iPhoneSimulator.ActiveCfg = Debug|Any CPU
		{E6E14838-5586-4249-AA60-D8119057DA26}.Debug|iPhoneSimulator.Build.0 = Debug|Any CPU
		{E6E14838-5586-4249-AA60-D8119057DA26}.Debug|Mixed Platforms.ActiveCfg = Debug|Any CPU
		{E6E14838-5586-4249-AA60-D8119057DA26}.Debug|Mixed Platforms.Build.0 = Debug|Any CPU
		{E6E14838-5586-4249-AA60-D8119057DA26}.Debug|x64.ActiveCfg = Debug|Any CPU
		{E6E14838-5586-4249-AA60-D8119057DA26}.Debug|x64.Build.0 = Debug|Any CPU
		{E6E14838-5586-4249-AA60-D8119057DA26}.Debug|x86.ActiveCfg = Debug|Any CPU
		{E6E14838-5586-4249-AA60-D8119057DA26}.Debug|x86.Build.0 = Debug|Any CPU
		{E6E14838-5586-4249-AA60-D8119057DA26}.Release|Any CPU.ActiveCfg = Release|Any CPU
		{E6E14838-5586-4249-AA60-D8119057DA26}.Release|Any CPU.Build.0 = Release|Any CPU
		{E6E14838-5586-4249-AA60-D8119057DA26}.Release|ARM.ActiveCfg = Release|Any CPU
		{E6E14838-5586-4249-AA60-D8119057DA26}.Release|ARM.Build.0 = Release|Any CPU
		{E6E14838-5586-4249-AA60-D8119057DA26}.Release|iPhone.ActiveCfg = Release|Any CPU
		{E6E14838-5586-4249-AA60-D8119057DA26}.Release|iPhone.Build.0 = Release|Any CPU
		{E6E14838-5586-4249-AA60-D8119057DA26}.Release|iPhoneSimulator.ActiveCfg = Release|Any CPU
		{E6E14838-5586-4249-AA60-D8119057DA26}.Release|iPhoneSimulator.Build.0 = Release|Any CPU
		{E6E14838-5586-4249-AA60-D8119057DA26}.Release|Mixed Platforms.ActiveCfg = Release|Any CPU
		{E6E14838-5586-4249-AA60-D8119057DA26}.Release|Mixed Platforms.Build.0 = Release|Any CPU
		{E6E14838-5586-4249-AA60-D8119057DA26}.Release|x64.ActiveCfg = Release|Any CPU
		{E6E14838-5586-4249-AA60-D8119057DA26}.Release|x64.Build.0 = Release|Any CPU
		{E6E14838-5586-4249-AA60-D8119057DA26}.Release|x86.ActiveCfg = Release|Any CPU
		{E6E14838-5586-4249-AA60-D8119057DA26}.Release|x86.Build.0 = Release|Any CPU
	EndGlobalSection
	GlobalSection(SolutionProperties) = preSolution
		HideSolutionNode = FALSE
	EndGlobalSection
	GlobalSection(NestedProjects) = preSolution
		{AA40B46D-EB27-43F5-8CA4-EC5758959BC7} = {28CE193F-847D-4485-842E-B50C94D2F525}
		{C4F10DDA-5A29-40FA-B4B3-FEBAC9372989} = {28CE193F-847D-4485-842E-B50C94D2F525}
		{69069237-603E-41DC-8739-488FF9274B0E} = {687D1359-0317-4D26-BC5F-6612B8C657DA}
		{16463F1B-8D23-4F9F-8C1B-77D5288C4E1C} = {687D1359-0317-4D26-BC5F-6612B8C657DA}
		{06D874BC-29FE-4B68-AA7F-B4654AA4520A} = {687D1359-0317-4D26-BC5F-6612B8C657DA}
		{656EF85A-A205-426F-8B79-2969DC118BE2} = {687D1359-0317-4D26-BC5F-6612B8C657DA}
		{B15AFC6F-D6DA-4F24-B120-0757651C68D4} = {687D1359-0317-4D26-BC5F-6612B8C657DA}
		{2FD67EEE-933B-467F-8D03-5D9BD31028FB} = {687D1359-0317-4D26-BC5F-6612B8C657DA}
		{4C3C1504-E4AD-435A-B9F8-0AF6400F2A99} = {687D1359-0317-4D26-BC5F-6612B8C657DA}
		{A780FFB1-021F-4E97-BF4A-1C3165ADFC3F} = {687D1359-0317-4D26-BC5F-6612B8C657DA}
		{E6E14838-5586-4249-AA60-D8119057DA26} = {687D1359-0317-4D26-BC5F-6612B8C657DA}
	EndGlobalSection
	GlobalSection(ExtensibilityGlobals) = postSolution
		SolutionGuid = {E75FC076-D60B-41AA-B52F-BAF2D1607512}
	EndGlobalSection
EndGlobal
