
Microsoft Visual Studio Solution File, Format Version 12.00
# Visual Studio 2013
VisualStudioVersion = 12.0.30723.0
MinimumVisualStudioVersion = 10.0.40219.1
Project("{FAE04EC0-301F-11D3-BF4B-00C04F79EFBC}") = "v1_net20", "v1_net20\v1_net20.csproj", "{AA40B46D-EB27-43F5-8CA4-EC5758959BC7}"
EndProject
Project("{FAE04EC0-301F-11D3-BF4B-00C04F79EFBC}") = "v2_net45", "v2_net45\v2_net45.csproj", "{06D874BC-29FE-4B68-AA7F-B4654AA4520A}"
EndProject
Project("{FAE04EC0-301F-11D3-BF4B-00C04F79EFBC}") = "v2_PCL", "v2_PCL\v2_PCL.csproj", "{9A5D4C6B-5B84-411E-998C-4EDBA6C78FAD}"
EndProject
Project("{FAE04EC0-301F-11D3-BF4B-00C04F79EFBC}") = "v2_Win81", "v2_Win81\v2_Win81.csproj", "{5C5CC8FF-37C5-46AE-A375-EE15C7408A03}"
EndProject
Project("{FAE04EC0-301F-11D3-BF4B-00C04F79EFBC}") = "v2_WPA81", "v2_WPA81\v2_WPA81.csproj", "{9644421F-2207-4BAD-B6C1-03F97D084EF8}"
EndProject
Global
	GlobalSection(SolutionConfigurationPlatforms) = preSolution
		Debug|Any CPU = Debug|Any CPU
		Debug|ARM = Debug|ARM
		Debug|Mixed Platforms = Debug|Mixed Platforms
		Debug|x64 = Debug|x64
		Debug|x86 = Debug|x86
		Release|Any CPU = Release|Any CPU
		Release|ARM = Release|ARM
		Release|Mixed Platforms = Release|Mixed Platforms
		Release|x64 = Release|x64
		Release|x86 = Release|x86
	EndGlobalSection
	GlobalSection(ProjectConfigurationPlatforms) = postSolution
		{AA40B46D-EB27-43F5-8CA4-EC5758959BC7}.Debug|Any CPU.ActiveCfg = Debug|Any CPU
		{AA40B46D-EB27-43F5-8CA4-EC5758959BC7}.Debug|Any CPU.Build.0 = Debug|Any CPU
		{AA40B46D-EB27-43F5-8CA4-EC5758959BC7}.Debug|ARM.ActiveCfg = Debug|Any CPU
		{AA40B46D-EB27-43F5-8CA4-EC5758959BC7}.Debug|Mixed Platforms.ActiveCfg = Debug|Any CPU
		{AA40B46D-EB27-43F5-8CA4-EC5758959BC7}.Debug|Mixed Platforms.Build.0 = Debug|Any CPU
		{AA40B46D-EB27-43F5-8CA4-EC5758959BC7}.Debug|x64.ActiveCfg = Debug|Any CPU
		{AA40B46D-EB27-43F5-8CA4-EC5758959BC7}.Debug|x86.ActiveCfg = Debug|Any CPU
		{AA40B46D-EB27-43F5-8CA4-EC5758959BC7}.Release|Any CPU.ActiveCfg = Release|Any CPU
		{AA40B46D-EB27-43F5-8CA4-EC5758959BC7}.Release|Any CPU.Build.0 = Release|Any CPU
		{AA40B46D-EB27-43F5-8CA4-EC5758959BC7}.Release|ARM.ActiveCfg = Release|Any CPU
		{AA40B46D-EB27-43F5-8CA4-EC5758959BC7}.Release|Mixed Platforms.ActiveCfg = Release|Any CPU
		{AA40B46D-EB27-43F5-8CA4-EC5758959BC7}.Release|Mixed Platforms.Build.0 = Release|Any CPU
		{AA40B46D-EB27-43F5-8CA4-EC5758959BC7}.Release|x64.ActiveCfg = Release|Any CPU
		{AA40B46D-EB27-43F5-8CA4-EC5758959BC7}.Release|x86.ActiveCfg = Release|Any CPU
		{06D874BC-29FE-4B68-AA7F-B4654AA4520A}.Debug|Any CPU.ActiveCfg = Debug|Any CPU
		{06D874BC-29FE-4B68-AA7F-B4654AA4520A}.Debug|Any CPU.Build.0 = Debug|Any CPU
		{06D874BC-29FE-4B68-AA7F-B4654AA4520A}.Debug|ARM.ActiveCfg = Debug|Any CPU
		{06D874BC-29FE-4B68-AA7F-B4654AA4520A}.Debug|Mixed Platforms.ActiveCfg = Debug|Any CPU
		{06D874BC-29FE-4B68-AA7F-B4654AA4520A}.Debug|Mixed Platforms.Build.0 = Debug|Any CPU
		{06D874BC-29FE-4B68-AA7F-B4654AA4520A}.Debug|x64.ActiveCfg = Debug|Any CPU
		{06D874BC-29FE-4B68-AA7F-B4654AA4520A}.Debug|x86.ActiveCfg = Debug|Any CPU
		{06D874BC-29FE-4B68-AA7F-B4654AA4520A}.Release|Any CPU.ActiveCfg = Release|Any CPU
		{06D874BC-29FE-4B68-AA7F-B4654AA4520A}.Release|Any CPU.Build.0 = Release|Any CPU
		{06D874BC-29FE-4B68-AA7F-B4654AA4520A}.Release|ARM.ActiveCfg = Release|Any CPU
		{06D874BC-29FE-4B68-AA7F-B4654AA4520A}.Release|Mixed Platforms.ActiveCfg = Release|Any CPU
		{06D874BC-29FE-4B68-AA7F-B4654AA4520A}.Release|Mixed Platforms.Build.0 = Release|Any CPU
		{06D874BC-29FE-4B68-AA7F-B4654AA4520A}.Release|x64.ActiveCfg = Release|Any CPU
		{06D874BC-29FE-4B68-AA7F-B4654AA4520A}.Release|x86.ActiveCfg = Release|Any CPU
		{9A5D4C6B-5B84-411E-998C-4EDBA6C78FAD}.Debug|Any CPU.ActiveCfg = Debug|Any CPU
		{9A5D4C6B-5B84-411E-998C-4EDBA6C78FAD}.Debug|Any CPU.Build.0 = Debug|Any CPU
		{9A5D4C6B-5B84-411E-998C-4EDBA6C78FAD}.Debug|ARM.ActiveCfg = Debug|Any CPU
		{9A5D4C6B-5B84-411E-998C-4EDBA6C78FAD}.Debug|Mixed Platforms.ActiveCfg = Debug|Any CPU
		{9A5D4C6B-5B84-411E-998C-4EDBA6C78FAD}.Debug|Mixed Platforms.Build.0 = Debug|Any CPU
		{9A5D4C6B-5B84-411E-998C-4EDBA6C78FAD}.Debug|x64.ActiveCfg = Debug|Any CPU
		{9A5D4C6B-5B84-411E-998C-4EDBA6C78FAD}.Debug|x86.ActiveCfg = Debug|Any CPU
		{9A5D4C6B-5B84-411E-998C-4EDBA6C78FAD}.Release|Any CPU.ActiveCfg = Release|Any CPU
		{9A5D4C6B-5B84-411E-998C-4EDBA6C78FAD}.Release|Any CPU.Build.0 = Release|Any CPU
		{9A5D4C6B-5B84-411E-998C-4EDBA6C78FAD}.Release|ARM.ActiveCfg = Release|Any CPU
		{9A5D4C6B-5B84-411E-998C-4EDBA6C78FAD}.Release|Mixed Platforms.ActiveCfg = Release|Any CPU
		{9A5D4C6B-5B84-411E-998C-4EDBA6C78FAD}.Release|Mixed Platforms.Build.0 = Release|Any CPU
		{9A5D4C6B-5B84-411E-998C-4EDBA6C78FAD}.Release|x64.ActiveCfg = Release|Any CPU
		{9A5D4C6B-5B84-411E-998C-4EDBA6C78FAD}.Release|x86.ActiveCfg = Release|Any CPU
		{5C5CC8FF-37C5-46AE-A375-EE15C7408A03}.Debug|Any CPU.ActiveCfg = Debug|Any CPU
		{5C5CC8FF-37C5-46AE-A375-EE15C7408A03}.Debug|Any CPU.Build.0 = Debug|Any CPU
		{5C5CC8FF-37C5-46AE-A375-EE15C7408A03}.Debug|Any CPU.Deploy.0 = Debug|Any CPU
		{5C5CC8FF-37C5-46AE-A375-EE15C7408A03}.Debug|ARM.ActiveCfg = Debug|ARM
		{5C5CC8FF-37C5-46AE-A375-EE15C7408A03}.Debug|ARM.Build.0 = Debug|ARM
		{5C5CC8FF-37C5-46AE-A375-EE15C7408A03}.Debug|ARM.Deploy.0 = Debug|ARM
		{5C5CC8FF-37C5-46AE-A375-EE15C7408A03}.Debug|Mixed Platforms.ActiveCfg = Debug|x86
		{5C5CC8FF-37C5-46AE-A375-EE15C7408A03}.Debug|Mixed Platforms.Build.0 = Debug|x86
		{5C5CC8FF-37C5-46AE-A375-EE15C7408A03}.Debug|Mixed Platforms.Deploy.0 = Debug|x86
		{5C5CC8FF-37C5-46AE-A375-EE15C7408A03}.Debug|x64.ActiveCfg = Debug|x64
		{5C5CC8FF-37C5-46AE-A375-EE15C7408A03}.Debug|x64.Build.0 = Debug|x64
		{5C5CC8FF-37C5-46AE-A375-EE15C7408A03}.Debug|x64.Deploy.0 = Debug|x64
		{5C5CC8FF-37C5-46AE-A375-EE15C7408A03}.Debug|x86.ActiveCfg = Debug|x86
		{5C5CC8FF-37C5-46AE-A375-EE15C7408A03}.Debug|x86.Build.0 = Debug|x86
		{5C5CC8FF-37C5-46AE-A375-EE15C7408A03}.Debug|x86.Deploy.0 = Debug|x86
		{5C5CC8FF-37C5-46AE-A375-EE15C7408A03}.Release|Any CPU.ActiveCfg = Release|Any CPU
		{5C5CC8FF-37C5-46AE-A375-EE15C7408A03}.Release|Any CPU.Build.0 = Release|Any CPU
		{5C5CC8FF-37C5-46AE-A375-EE15C7408A03}.Release|Any CPU.Deploy.0 = Release|Any CPU
		{5C5CC8FF-37C5-46AE-A375-EE15C7408A03}.Release|ARM.ActiveCfg = Release|ARM
		{5C5CC8FF-37C5-46AE-A375-EE15C7408A03}.Release|ARM.Build.0 = Release|ARM
		{5C5CC8FF-37C5-46AE-A375-EE15C7408A03}.Release|ARM.Deploy.0 = Release|ARM
		{5C5CC8FF-37C5-46AE-A375-EE15C7408A03}.Release|Mixed Platforms.ActiveCfg = Release|x86
		{5C5CC8FF-37C5-46AE-A375-EE15C7408A03}.Release|Mixed Platforms.Build.0 = Release|x86
		{5C5CC8FF-37C5-46AE-A375-EE15C7408A03}.Release|Mixed Platforms.Deploy.0 = Release|x86
		{5C5CC8FF-37C5-46AE-A375-EE15C7408A03}.Release|x64.ActiveCfg = Release|x64
		{5C5CC8FF-37C5-46AE-A375-EE15C7408A03}.Release|x64.Build.0 = Release|x64
		{5C5CC8FF-37C5-46AE-A375-EE15C7408A03}.Release|x64.Deploy.0 = Release|x64
		{5C5CC8FF-37C5-46AE-A375-EE15C7408A03}.Release|x86.ActiveCfg = Release|x86
		{5C5CC8FF-37C5-46AE-A375-EE15C7408A03}.Release|x86.Build.0 = Release|x86
		{5C5CC8FF-37C5-46AE-A375-EE15C7408A03}.Release|x86.Deploy.0 = Release|x86
		{9644421F-2207-4BAD-B6C1-03F97D084EF8}.Debug|Any CPU.ActiveCfg = Debug|x86
		{9644421F-2207-4BAD-B6C1-03F97D084EF8}.Debug|ARM.ActiveCfg = Debug|ARM
		{9644421F-2207-4BAD-B6C1-03F97D084EF8}.Debug|ARM.Build.0 = Debug|ARM
		{9644421F-2207-4BAD-B6C1-03F97D084EF8}.Debug|ARM.Deploy.0 = Debug|ARM
		{9644421F-2207-4BAD-B6C1-03F97D084EF8}.Debug|Mixed Platforms.ActiveCfg = Debug|x86
		{9644421F-2207-4BAD-B6C1-03F97D084EF8}.Debug|Mixed Platforms.Build.0 = Debug|x86
		{9644421F-2207-4BAD-B6C1-03F97D084EF8}.Debug|Mixed Platforms.Deploy.0 = Debug|x86
		{9644421F-2207-4BAD-B6C1-03F97D084EF8}.Debug|x64.ActiveCfg = Debug|x86
		{9644421F-2207-4BAD-B6C1-03F97D084EF8}.Debug|x86.ActiveCfg = Debug|x86
		{9644421F-2207-4BAD-B6C1-03F97D084EF8}.Debug|x86.Build.0 = Debug|x86
		{9644421F-2207-4BAD-B6C1-03F97D084EF8}.Debug|x86.Deploy.0 = Debug|x86
		{9644421F-2207-4BAD-B6C1-03F97D084EF8}.Release|Any CPU.ActiveCfg = Release|x86
		{9644421F-2207-4BAD-B6C1-03F97D084EF8}.Release|ARM.ActiveCfg = Release|ARM
		{9644421F-2207-4BAD-B6C1-03F97D084EF8}.Release|ARM.Build.0 = Release|ARM
		{9644421F-2207-4BAD-B6C1-03F97D084EF8}.Release|ARM.Deploy.0 = Release|ARM
		{9644421F-2207-4BAD-B6C1-03F97D084EF8}.Release|Mixed Platforms.ActiveCfg = Release|x86
		{9644421F-2207-4BAD-B6C1-03F97D084EF8}.Release|Mixed Platforms.Build.0 = Release|x86
		{9644421F-2207-4BAD-B6C1-03F97D084EF8}.Release|Mixed Platforms.Deploy.0 = Release|x86
		{9644421F-2207-4BAD-B6C1-03F97D084EF8}.Release|x64.ActiveCfg = Release|x86
		{9644421F-2207-4BAD-B6C1-03F97D084EF8}.Release|x86.ActiveCfg = Release|x86
		{9644421F-2207-4BAD-B6C1-03F97D084EF8}.Release|x86.Build.0 = Release|x86
		{9644421F-2207-4BAD-B6C1-03F97D084EF8}.Release|x86.Deploy.0 = Release|x86
	EndGlobalSection
	GlobalSection(SolutionProperties) = preSolution
		HideSolutionNode = FALSE
	EndGlobalSection
EndGlobal
