
Microsoft Visual Studio Solution File, Format Version 12.00
# Visual Studio 2013
VisualStudioVersion = 12.0.31101.0
MinimumVisualStudioVersion = 10.0.40219.1
Project("{FAE04EC0-301F-11D3-BF4B-00C04F79EFBC}") = "v1_net20", "v1_net20\v1_net20.csproj", "{AA40B46D-EB27-43F5-8CA4-EC5758959BC7}"
EndProject
Project("{FAE04EC0-301F-11D3-BF4B-00C04F79EFBC}") = "v2_net45", "v2_net45\v2_net45.csproj", "{06D874BC-29FE-4B68-AA7F-B4654AA4520A}"
EndProject
Project("{FAE04EC0-301F-11D3-BF4B-00C04F79EFBC}") = "v2_PCL", "v2_PCL\v2_PCL.csproj", "{9A5D4C6B-5B84-411E-998C-4EDBA6C78FAD}"
EndProject
Project("{FAE04EC0-301F-11D3-BF4B-00C04F79EFBC}") = "v2_Win81", "v2_Win81\v2_Win81.csproj", "{5C5CC8FF-37C5-46AE-A375-EE15C7408A03}"
EndProject
Project("{FAE04EC0-301F-11D3-BF4B-00C04F79EFBC}") = "v2_WPA81", "v2_WPA81\v2_WPA81.csproj", "{9644421F-2207-4BAD-B6C1-03F97D084EF8}"
EndProject
Project("{FAE04EC0-301F-11D3-BF4B-00C04F79EFBC}") = "MSTest", "MSTest\MSTest.csproj", "{D271AD1A-C33D-41EE-BACE-D434C8860561}"
EndProject
Project("{FAE04EC0-301F-11D3-BF4B-00C04F79EFBC}") = "MSTest_and_v2", "MSTest_and_v2\MSTest_and_v2.csproj", "{69069237-603E-41DC-8739-488FF9274B0E}"
EndProject
Project("{FAE04EC0-301F-11D3-BF4B-00C04F79EFBC}") = "v1_net45", "v1_net45\v1_net45.csproj", "{C4F10DDA-5A29-40FA-B4B3-FEBAC9372989}"
EndProject
Global
	GlobalSection(SolutionConfigurationPlatforms) = preSolution
		Debug|Any CPU = Debug|Any CPU
		Release|Any CPU = Release|Any CPU
	EndGlobalSection
	GlobalSection(ProjectConfigurationPlatforms) = postSolution
		{AA40B46D-EB27-43F5-8CA4-EC5758959BC7}.Debug|Any CPU.ActiveCfg = Debug|Any CPU
		{AA40B46D-EB27-43F5-8CA4-EC5758959BC7}.Debug|Any CPU.Build.0 = Debug|Any CPU
		{AA40B46D-EB27-43F5-8CA4-EC5758959BC7}.Release|Any CPU.ActiveCfg = Release|Any CPU
		{AA40B46D-EB27-43F5-8CA4-EC5758959BC7}.Release|Any CPU.Build.0 = Release|Any CPU
		{06D874BC-29FE-4B68-AA7F-B4654AA4520A}.Debug|Any CPU.ActiveCfg = Debug|Any CPU
		{06D874BC-29FE-4B68-AA7F-B4654AA4520A}.Debug|Any CPU.Build.0 = Debug|Any CPU
		{06D874BC-29FE-4B68-AA7F-B4654AA4520A}.Release|Any CPU.ActiveCfg = Release|Any CPU
		{06D874BC-29FE-4B68-AA7F-B4654AA4520A}.Release|Any CPU.Build.0 = Release|Any CPU
		{9A5D4C6B-5B84-411E-998C-4EDBA6C78FAD}.Debug|Any CPU.ActiveCfg = Debug|Any CPU
		{9A5D4C6B-5B84-411E-998C-4EDBA6C78FAD}.Debug|Any CPU.Build.0 = Debug|Any CPU
		{9A5D4C6B-5B84-411E-998C-4EDBA6C78FAD}.Release|Any CPU.ActiveCfg = Release|Any CPU
		{9A5D4C6B-5B84-411E-998C-4EDBA6C78FAD}.Release|Any CPU.Build.0 = Release|Any CPU
		{5C5CC8FF-37C5-46AE-A375-EE15C7408A03}.Debug|Any CPU.ActiveCfg = Debug|Any CPU
		{5C5CC8FF-37C5-46AE-A375-EE15C7408A03}.Debug|Any CPU.Build.0 = Debug|Any CPU
		{5C5CC8FF-37C5-46AE-A375-EE15C7408A03}.Debug|Any CPU.Deploy.0 = Debug|Any CPU
		{5C5CC8FF-37C5-46AE-A375-EE15C7408A03}.Release|Any CPU.ActiveCfg = Release|Any CPU
		{5C5CC8FF-37C5-46AE-A375-EE15C7408A03}.Release|Any CPU.Build.0 = Release|Any CPU
		{5C5CC8FF-37C5-46AE-A375-EE15C7408A03}.Release|Any CPU.Deploy.0 = Release|Any CPU
		{9644421F-2207-4BAD-B6C1-03F97D084EF8}.Debug|Any CPU.ActiveCfg = Debug|x86
		{9644421F-2207-4BAD-B6C1-03F97D084EF8}.Debug|Any CPU.Build.0 = Debug|x86
		{9644421F-2207-4BAD-B6C1-03F97D084EF8}.Debug|Any CPU.Deploy.0 = Debug|x86
		{9644421F-2207-4BAD-B6C1-03F97D084EF8}.Release|Any CPU.ActiveCfg = Release|x86
		{D271AD1A-C33D-41EE-BACE-D434C8860561}.Debug|Any CPU.ActiveCfg = Debug|Any CPU
		{D271AD1A-C33D-41EE-BACE-D434C8860561}.Debug|Any CPU.Build.0 = Debug|Any CPU
		{D271AD1A-C33D-41EE-BACE-D434C8860561}.Release|Any CPU.ActiveCfg = Release|Any CPU
		{D271AD1A-C33D-41EE-BACE-D434C8860561}.Release|Any CPU.Build.0 = Release|Any CPU
		{69069237-603E-41DC-8739-488FF9274B0E}.Debug|Any CPU.ActiveCfg = Debug|Any CPU
		{69069237-603E-41DC-8739-488FF9274B0E}.Debug|Any CPU.Build.0 = Debug|Any CPU
		{69069237-603E-41DC-8739-488FF9274B0E}.Release|Any CPU.ActiveCfg = Release|Any CPU
		{69069237-603E-41DC-8739-488FF9274B0E}.Release|Any CPU.Build.0 = Release|Any CPU
		{C4F10DDA-5A29-40FA-B4B3-FEBAC9372989}.Debug|Any CPU.ActiveCfg = Debug|Any CPU
		{C4F10DDA-5A29-40FA-B4B3-FEBAC9372989}.Debug|Any CPU.Build.0 = Debug|Any CPU
		{C4F10DDA-5A29-40FA-B4B3-FEBAC9372989}.Release|Any CPU.ActiveCfg = Release|Any CPU
		{C4F10DDA-5A29-40FA-B4B3-FEBAC9372989}.Release|Any CPU.Build.0 = Release|Any CPU
	EndGlobalSection
	GlobalSection(SolutionProperties) = preSolution
		HideSolutionNode = FALSE
	EndGlobalSection
EndGlobal
