
Microsoft Visual Studio Solution File, Format Version 12.00
# Visual Studio 2013
VisualStudioVersion = 12.0.31101.0
MinimumVisualStudioVersion = 10.0.40219.1
Project("{FAE04EC0-301F-11D3-BF4B-00C04F79EFBC}") = "v1_net20", "v1_net20\v1_net20.csproj", "{AA40B46D-EB27-43F5-8CA4-EC5758959BC7}"
EndProject
Project("{FAE04EC0-301F-11D3-BF4B-00C04F79EFBC}") = "v2_net45", "v2_net45\v2_net45.csproj", "{06D874BC-29FE-4B68-AA7F-B4654AA4520A}"
EndProject
Project("{FAE04EC0-301F-11D3-BF4B-00C04F79EFBC}") = "v2_PCL", "v2_PCL\v2_PCL.csproj", "{9A5D4C6B-5B84-411E-998C-4EDBA6C78FAD}"
EndProject
Project("{FAE04EC0-301F-11D3-BF4B-00C04F79EFBC}") = "v2_Win81", "v2_Win81\v2_Win81.csproj", "{5C5CC8FF-37C5-46AE-A375-EE15C7408A03}"
EndProject
Project("{FAE04EC0-301F-11D3-BF4B-00C04F79EFBC}") = "v2_WPA81", "v2_WPA81\v2_WPA81.csproj", "{9644421F-2207-4BAD-B6C1-03F97D084EF8}"
EndProject
Project("{FAE04EC0-301F-11D3-BF4B-00C04F79EFBC}") = "MSTest", "MSTest\MSTest.csproj", "{D271AD1A-C33D-41EE-BACE-D434C8860561}"
EndProject
Project("{FAE04EC0-301F-11D3-BF4B-00C04F79EFBC}") = "MSTest_and_v2", "MSTest_and_v2\MSTest_and_v2.csproj", "{69069237-603E-41DC-8739-488FF9274B0E}"
EndProject
Project("{FAE04EC0-301F-11D3-BF4B-00C04F79EFBC}") = "v1_net45", "v1_net45\v1_net45.csproj", "{C4F10DDA-5A29-40FA-B4B3-FEBAC9372989}"
EndProject
Project("{FAE04EC0-301F-11D3-BF4B-00C04F79EFBC}") = "NUnit", "NUnit\NUnit.csproj", "{B254EEC0-B690-447C-8AAE-6D68D8B3050D}"
EndProject
Project("{FAE04EC0-301F-11D3-BF4B-00C04F79EFBC}") = "NUnit_and_v2", "NUnit_and_v2\NUnit_and_v2.csproj", "{16463F1B-8D23-4F9F-8C1B-77D5288C4E1C}"
EndProject
Project("{FAE04EC0-301F-11D3-BF4B-00C04F79EFBC}") = "v2_WP8", "v2_WP8\v2_WP8.csproj", "{F87423F8-83CD-44DA-9CD2-01F26A74F86A}"
EndProject
Global
	GlobalSection(SolutionConfigurationPlatforms) = preSolution
		Debug|Any CPU = Debug|Any CPU
		Debug|ARM = Debug|ARM
		Debug|Mixed Platforms = Debug|Mixed Platforms
		Debug|x86 = Debug|x86
		Release|Any CPU = Release|Any CPU
		Release|ARM = Release|ARM
		Release|Mixed Platforms = Release|Mixed Platforms
		Release|x86 = Release|x86
	EndGlobalSection
	GlobalSection(ProjectConfigurationPlatforms) = postSolution
		{AA40B46D-EB27-43F5-8CA4-EC5758959BC7}.Debug|Any CPU.ActiveCfg = Debug|Any CPU
		{AA40B46D-EB27-43F5-8CA4-EC5758959BC7}.Debug|Any CPU.Build.0 = Debug|Any CPU
		{AA40B46D-EB27-43F5-8CA4-EC5758959BC7}.Debug|ARM.ActiveCfg = Debug|Any CPU
		{AA40B46D-EB27-43F5-8CA4-EC5758959BC7}.Debug|Mixed Platforms.ActiveCfg = Debug|Any CPU
		{AA40B46D-EB27-43F5-8CA4-EC5758959BC7}.Debug|Mixed Platforms.Build.0 = Debug|Any CPU
		{AA40B46D-EB27-43F5-8CA4-EC5758959BC7}.Debug|x86.ActiveCfg = Debug|Any CPU
		{AA40B46D-EB27-43F5-8CA4-EC5758959BC7}.Release|Any CPU.ActiveCfg = Release|Any CPU
		{AA40B46D-EB27-43F5-8CA4-EC5758959BC7}.Release|Any CPU.Build.0 = Release|Any CPU
		{AA40B46D-EB27-43F5-8CA4-EC5758959BC7}.Release|ARM.ActiveCfg = Release|Any CPU
		{AA40B46D-EB27-43F5-8CA4-EC5758959BC7}.Release|Mixed Platforms.ActiveCfg = Release|Any CPU
		{AA40B46D-EB27-43F5-8CA4-EC5758959BC7}.Release|Mixed Platforms.Build.0 = Release|Any CPU
		{AA40B46D-EB27-43F5-8CA4-EC5758959BC7}.Release|x86.ActiveCfg = Release|Any CPU
		{06D874BC-29FE-4B68-AA7F-B4654AA4520A}.Debug|Any CPU.ActiveCfg = Debug|Any CPU
		{06D874BC-29FE-4B68-AA7F-B4654AA4520A}.Debug|Any CPU.Build.0 = Debug|Any CPU
		{06D874BC-29FE-4B68-AA7F-B4654AA4520A}.Debug|ARM.ActiveCfg = Debug|Any CPU
		{06D874BC-29FE-4B68-AA7F-B4654AA4520A}.Debug|Mixed Platforms.ActiveCfg = Debug|Any CPU
		{06D874BC-29FE-4B68-AA7F-B4654AA4520A}.Debug|Mixed Platforms.Build.0 = Debug|Any CPU
		{06D874BC-29FE-4B68-AA7F-B4654AA4520A}.Debug|x86.ActiveCfg = Debug|Any CPU
		{06D874BC-29FE-4B68-AA7F-B4654AA4520A}.Release|Any CPU.ActiveCfg = Release|Any CPU
		{06D874BC-29FE-4B68-AA7F-B4654AA4520A}.Release|Any CPU.Build.0 = Release|Any CPU
		{06D874BC-29FE-4B68-AA7F-B4654AA4520A}.Release|ARM.ActiveCfg = Release|Any CPU
		{06D874BC-29FE-4B68-AA7F-B4654AA4520A}.Release|Mixed Platforms.ActiveCfg = Release|Any CPU
		{06D874BC-29FE-4B68-AA7F-B4654AA4520A}.Release|Mixed Platforms.Build.0 = Release|Any CPU
		{06D874BC-29FE-4B68-AA7F-B4654AA4520A}.Release|x86.ActiveCfg = Release|Any CPU
		{9A5D4C6B-5B84-411E-998C-4EDBA6C78FAD}.Debug|Any CPU.ActiveCfg = Debug|Any CPU
		{9A5D4C6B-5B84-411E-998C-4EDBA6C78FAD}.Debug|Any CPU.Build.0 = Debug|Any CPU
		{9A5D4C6B-5B84-411E-998C-4EDBA6C78FAD}.Debug|ARM.ActiveCfg = Debug|Any CPU
		{9A5D4C6B-5B84-411E-998C-4EDBA6C78FAD}.Debug|Mixed Platforms.ActiveCfg = Debug|Any CPU
		{9A5D4C6B-5B84-411E-998C-4EDBA6C78FAD}.Debug|Mixed Platforms.Build.0 = Debug|Any CPU
		{9A5D4C6B-5B84-411E-998C-4EDBA6C78FAD}.Debug|x86.ActiveCfg = Debug|Any CPU
		{9A5D4C6B-5B84-411E-998C-4EDBA6C78FAD}.Release|Any CPU.ActiveCfg = Release|Any CPU
		{9A5D4C6B-5B84-411E-998C-4EDBA6C78FAD}.Release|Any CPU.Build.0 = Release|Any CPU
		{9A5D4C6B-5B84-411E-998C-4EDBA6C78FAD}.Release|ARM.ActiveCfg = Release|Any CPU
		{9A5D4C6B-5B84-411E-998C-4EDBA6C78FAD}.Release|Mixed Platforms.ActiveCfg = Release|Any CPU
		{9A5D4C6B-5B84-411E-998C-4EDBA6C78FAD}.Release|Mixed Platforms.Build.0 = Release|Any CPU
		{9A5D4C6B-5B84-411E-998C-4EDBA6C78FAD}.Release|x86.ActiveCfg = Release|Any CPU
		{5C5CC8FF-37C5-46AE-A375-EE15C7408A03}.Debug|Any CPU.ActiveCfg = Debug|Any CPU
		{5C5CC8FF-37C5-46AE-A375-EE15C7408A03}.Debug|Any CPU.Build.0 = Debug|Any CPU
		{5C5CC8FF-37C5-46AE-A375-EE15C7408A03}.Debug|Any CPU.Deploy.0 = Debug|Any CPU
		{5C5CC8FF-37C5-46AE-A375-EE15C7408A03}.Debug|ARM.ActiveCfg = Debug|ARM
		{5C5CC8FF-37C5-46AE-A375-EE15C7408A03}.Debug|ARM.Build.0 = Debug|ARM
		{5C5CC8FF-37C5-46AE-A375-EE15C7408A03}.Debug|ARM.Deploy.0 = Debug|ARM
		{5C5CC8FF-37C5-46AE-A375-EE15C7408A03}.Debug|Mixed Platforms.ActiveCfg = Debug|x86
		{5C5CC8FF-37C5-46AE-A375-EE15C7408A03}.Debug|Mixed Platforms.Build.0 = Debug|x86
		{5C5CC8FF-37C5-46AE-A375-EE15C7408A03}.Debug|Mixed Platforms.Deploy.0 = Debug|x86
		{5C5CC8FF-37C5-46AE-A375-EE15C7408A03}.Debug|x86.ActiveCfg = Debug|x86
		{5C5CC8FF-37C5-46AE-A375-EE15C7408A03}.Debug|x86.Build.0 = Debug|x86
		{5C5CC8FF-37C5-46AE-A375-EE15C7408A03}.Debug|x86.Deploy.0 = Debug|x86
		{5C5CC8FF-37C5-46AE-A375-EE15C7408A03}.Release|Any CPU.ActiveCfg = Release|Any CPU
		{5C5CC8FF-37C5-46AE-A375-EE15C7408A03}.Release|Any CPU.Build.0 = Release|Any CPU
		{5C5CC8FF-37C5-46AE-A375-EE15C7408A03}.Release|Any CPU.Deploy.0 = Release|Any CPU
		{5C5CC8FF-37C5-46AE-A375-EE15C7408A03}.Release|ARM.ActiveCfg = Release|ARM
		{5C5CC8FF-37C5-46AE-A375-EE15C7408A03}.Release|ARM.Build.0 = Release|ARM
		{5C5CC8FF-37C5-46AE-A375-EE15C7408A03}.Release|ARM.Deploy.0 = Release|ARM
		{5C5CC8FF-37C5-46AE-A375-EE15C7408A03}.Release|Mixed Platforms.ActiveCfg = Release|x86
		{5C5CC8FF-37C5-46AE-A375-EE15C7408A03}.Release|Mixed Platforms.Build.0 = Release|x86
		{5C5CC8FF-37C5-46AE-A375-EE15C7408A03}.Release|Mixed Platforms.Deploy.0 = Release|x86
		{5C5CC8FF-37C5-46AE-A375-EE15C7408A03}.Release|x86.ActiveCfg = Release|x86
		{5C5CC8FF-37C5-46AE-A375-EE15C7408A03}.Release|x86.Build.0 = Release|x86
		{5C5CC8FF-37C5-46AE-A375-EE15C7408A03}.Release|x86.Deploy.0 = Release|x86
		{9644421F-2207-4BAD-B6C1-03F97D084EF8}.Debug|Any CPU.ActiveCfg = Debug|x86
		{9644421F-2207-4BAD-B6C1-03F97D084EF8}.Debug|Any CPU.Build.0 = Debug|x86
		{9644421F-2207-4BAD-B6C1-03F97D084EF8}.Debug|Any CPU.Deploy.0 = Debug|x86
		{9644421F-2207-4BAD-B6C1-03F97D084EF8}.Debug|ARM.ActiveCfg = Debug|ARM
		{9644421F-2207-4BAD-B6C1-03F97D084EF8}.Debug|ARM.Build.0 = Debug|ARM
		{9644421F-2207-4BAD-B6C1-03F97D084EF8}.Debug|ARM.Deploy.0 = Debug|ARM
		{9644421F-2207-4BAD-B6C1-03F97D084EF8}.Debug|Mixed Platforms.ActiveCfg = Debug|x86
		{9644421F-2207-4BAD-B6C1-03F97D084EF8}.Debug|Mixed Platforms.Build.0 = Debug|x86
		{9644421F-2207-4BAD-B6C1-03F97D084EF8}.Debug|Mixed Platforms.Deploy.0 = Debug|x86
		{9644421F-2207-4BAD-B6C1-03F97D084EF8}.Debug|x86.ActiveCfg = Debug|x86
		{9644421F-2207-4BAD-B6C1-03F97D084EF8}.Debug|x86.Build.0 = Debug|x86
		{9644421F-2207-4BAD-B6C1-03F97D084EF8}.Debug|x86.Deploy.0 = Debug|x86
		{9644421F-2207-4BAD-B6C1-03F97D084EF8}.Release|Any CPU.ActiveCfg = Release|x86
		{9644421F-2207-4BAD-B6C1-03F97D084EF8}.Release|ARM.ActiveCfg = Release|ARM
		{9644421F-2207-4BAD-B6C1-03F97D084EF8}.Release|ARM.Build.0 = Release|ARM
		{9644421F-2207-4BAD-B6C1-03F97D084EF8}.Release|ARM.Deploy.0 = Release|ARM
		{9644421F-2207-4BAD-B6C1-03F97D084EF8}.Release|Mixed Platforms.ActiveCfg = Release|x86
		{9644421F-2207-4BAD-B6C1-03F97D084EF8}.Release|Mixed Platforms.Build.0 = Release|x86
		{9644421F-2207-4BAD-B6C1-03F97D084EF8}.Release|Mixed Platforms.Deploy.0 = Release|x86
		{9644421F-2207-4BAD-B6C1-03F97D084EF8}.Release|x86.ActiveCfg = Release|x86
		{9644421F-2207-4BAD-B6C1-03F97D084EF8}.Release|x86.Build.0 = Release|x86
		{9644421F-2207-4BAD-B6C1-03F97D084EF8}.Release|x86.Deploy.0 = Release|x86
		{D271AD1A-C33D-41EE-BACE-D434C8860561}.Debug|Any CPU.ActiveCfg = Debug|Any CPU
		{D271AD1A-C33D-41EE-BACE-D434C8860561}.Debug|Any CPU.Build.0 = Debug|Any CPU
		{D271AD1A-C33D-41EE-BACE-D434C8860561}.Debug|ARM.ActiveCfg = Debug|Any CPU
		{D271AD1A-C33D-41EE-BACE-D434C8860561}.Debug|Mixed Platforms.ActiveCfg = Debug|Any CPU
		{D271AD1A-C33D-41EE-BACE-D434C8860561}.Debug|Mixed Platforms.Build.0 = Debug|Any CPU
		{D271AD1A-C33D-41EE-BACE-D434C8860561}.Debug|x86.ActiveCfg = Debug|Any CPU
		{D271AD1A-C33D-41EE-BACE-D434C8860561}.Release|Any CPU.ActiveCfg = Release|Any CPU
		{D271AD1A-C33D-41EE-BACE-D434C8860561}.Release|Any CPU.Build.0 = Release|Any CPU
		{D271AD1A-C33D-41EE-BACE-D434C8860561}.Release|ARM.ActiveCfg = Release|Any CPU
		{D271AD1A-C33D-41EE-BACE-D434C8860561}.Release|Mixed Platforms.ActiveCfg = Release|Any CPU
		{D271AD1A-C33D-41EE-BACE-D434C8860561}.Release|Mixed Platforms.Build.0 = Release|Any CPU
		{D271AD1A-C33D-41EE-BACE-D434C8860561}.Release|x86.ActiveCfg = Release|Any CPU
		{69069237-603E-41DC-8739-488FF9274B0E}.Debug|Any CPU.ActiveCfg = Debug|Any CPU
		{69069237-603E-41DC-8739-488FF9274B0E}.Debug|Any CPU.Build.0 = Debug|Any CPU
		{69069237-603E-41DC-8739-488FF9274B0E}.Debug|ARM.ActiveCfg = Debug|Any CPU
		{69069237-603E-41DC-8739-488FF9274B0E}.Debug|Mixed Platforms.ActiveCfg = Debug|Any CPU
		{69069237-603E-41DC-8739-488FF9274B0E}.Debug|Mixed Platforms.Build.0 = Debug|Any CPU
		{69069237-603E-41DC-8739-488FF9274B0E}.Debug|x86.ActiveCfg = Debug|Any CPU
		{69069237-603E-41DC-8739-488FF9274B0E}.Release|Any CPU.ActiveCfg = Release|Any CPU
		{69069237-603E-41DC-8739-488FF9274B0E}.Release|Any CPU.Build.0 = Release|Any CPU
		{69069237-603E-41DC-8739-488FF9274B0E}.Release|ARM.ActiveCfg = Release|Any CPU
		{69069237-603E-41DC-8739-488FF9274B0E}.Release|Mixed Platforms.ActiveCfg = Release|Any CPU
		{69069237-603E-41DC-8739-488FF9274B0E}.Release|Mixed Platforms.Build.0 = Release|Any CPU
		{69069237-603E-41DC-8739-488FF9274B0E}.Release|x86.ActiveCfg = Release|Any CPU
		{C4F10DDA-5A29-40FA-B4B3-FEBAC9372989}.Debug|Any CPU.ActiveCfg = Debug|Any CPU
		{C4F10DDA-5A29-40FA-B4B3-FEBAC9372989}.Debug|Any CPU.Build.0 = Debug|Any CPU
		{C4F10DDA-5A29-40FA-B4B3-FEBAC9372989}.Debug|ARM.ActiveCfg = Debug|Any CPU
		{C4F10DDA-5A29-40FA-B4B3-FEBAC9372989}.Debug|Mixed Platforms.ActiveCfg = Debug|Any CPU
		{C4F10DDA-5A29-40FA-B4B3-FEBAC9372989}.Debug|Mixed Platforms.Build.0 = Debug|Any CPU
		{C4F10DDA-5A29-40FA-B4B3-FEBAC9372989}.Debug|x86.ActiveCfg = Debug|Any CPU
		{C4F10DDA-5A29-40FA-B4B3-FEBAC9372989}.Release|Any CPU.ActiveCfg = Release|Any CPU
		{C4F10DDA-5A29-40FA-B4B3-FEBAC9372989}.Release|Any CPU.Build.0 = Release|Any CPU
		{C4F10DDA-5A29-40FA-B4B3-FEBAC9372989}.Release|ARM.ActiveCfg = Release|Any CPU
		{C4F10DDA-5A29-40FA-B4B3-FEBAC9372989}.Release|Mixed Platforms.ActiveCfg = Release|Any CPU
		{C4F10DDA-5A29-40FA-B4B3-FEBAC9372989}.Release|Mixed Platforms.Build.0 = Release|Any CPU
		{C4F10DDA-5A29-40FA-B4B3-FEBAC9372989}.Release|x86.ActiveCfg = Release|Any CPU
		{B254EEC0-B690-447C-8AAE-6D68D8B3050D}.Debug|Any CPU.ActiveCfg = Debug|Any CPU
		{B254EEC0-B690-447C-8AAE-6D68D8B3050D}.Debug|Any CPU.Build.0 = Debug|Any CPU
		{B254EEC0-B690-447C-8AAE-6D68D8B3050D}.Debug|ARM.ActiveCfg = Debug|Any CPU
		{B254EEC0-B690-447C-8AAE-6D68D8B3050D}.Debug|Mixed Platforms.ActiveCfg = Debug|Any CPU
		{B254EEC0-B690-447C-8AAE-6D68D8B3050D}.Debug|Mixed Platforms.Build.0 = Debug|Any CPU
		{B254EEC0-B690-447C-8AAE-6D68D8B3050D}.Debug|x86.ActiveCfg = Debug|Any CPU
		{B254EEC0-B690-447C-8AAE-6D68D8B3050D}.Release|Any CPU.ActiveCfg = Release|Any CPU
		{B254EEC0-B690-447C-8AAE-6D68D8B3050D}.Release|Any CPU.Build.0 = Release|Any CPU
		{B254EEC0-B690-447C-8AAE-6D68D8B3050D}.Release|ARM.ActiveCfg = Release|Any CPU
		{B254EEC0-B690-447C-8AAE-6D68D8B3050D}.Release|Mixed Platforms.ActiveCfg = Release|Any CPU
		{B254EEC0-B690-447C-8AAE-6D68D8B3050D}.Release|Mixed Platforms.Build.0 = Release|Any CPU
		{B254EEC0-B690-447C-8AAE-6D68D8B3050D}.Release|x86.ActiveCfg = Release|Any CPU
		{16463F1B-8D23-4F9F-8C1B-77D5288C4E1C}.Debug|Any CPU.ActiveCfg = Debug|Any CPU
		{16463F1B-8D23-4F9F-8C1B-77D5288C4E1C}.Debug|Any CPU.Build.0 = Debug|Any CPU
		{16463F1B-8D23-4F9F-8C1B-77D5288C4E1C}.Debug|ARM.ActiveCfg = Debug|Any CPU
		{16463F1B-8D23-4F9F-8C1B-77D5288C4E1C}.Debug|Mixed Platforms.ActiveCfg = Debug|Any CPU
		{16463F1B-8D23-4F9F-8C1B-77D5288C4E1C}.Debug|Mixed Platforms.Build.0 = Debug|Any CPU
		{16463F1B-8D23-4F9F-8C1B-77D5288C4E1C}.Debug|x86.ActiveCfg = Debug|Any CPU
		{16463F1B-8D23-4F9F-8C1B-77D5288C4E1C}.Release|Any CPU.ActiveCfg = Release|Any CPU
		{16463F1B-8D23-4F9F-8C1B-77D5288C4E1C}.Release|Any CPU.Build.0 = Release|Any CPU
		{16463F1B-8D23-4F9F-8C1B-77D5288C4E1C}.Release|ARM.ActiveCfg = Release|Any CPU
		{16463F1B-8D23-4F9F-8C1B-77D5288C4E1C}.Release|Mixed Platforms.ActiveCfg = Release|Any CPU
		{16463F1B-8D23-4F9F-8C1B-77D5288C4E1C}.Release|Mixed Platforms.Build.0 = Release|Any CPU
		{16463F1B-8D23-4F9F-8C1B-77D5288C4E1C}.Release|x86.ActiveCfg = Release|Any CPU
		{F87423F8-83CD-44DA-9CD2-01F26A74F86A}.Debug|Any CPU.ActiveCfg = Debug|Any CPU
		{F87423F8-83CD-44DA-9CD2-01F26A74F86A}.Debug|Any CPU.Build.0 = Debug|Any CPU
		{F87423F8-83CD-44DA-9CD2-01F26A74F86A}.Debug|Any CPU.Deploy.0 = Debug|Any CPU
		{F87423F8-83CD-44DA-9CD2-01F26A74F86A}.Debug|ARM.ActiveCfg = Debug|ARM
		{F87423F8-83CD-44DA-9CD2-01F26A74F86A}.Debug|ARM.Build.0 = Debug|ARM
		{F87423F8-83CD-44DA-9CD2-01F26A74F86A}.Debug|ARM.Deploy.0 = Debug|ARM
		{F87423F8-83CD-44DA-9CD2-01F26A74F86A}.Debug|Mixed Platforms.ActiveCfg = Debug|x86
		{F87423F8-83CD-44DA-9CD2-01F26A74F86A}.Debug|Mixed Platforms.Build.0 = Debug|x86
		{F87423F8-83CD-44DA-9CD2-01F26A74F86A}.Debug|Mixed Platforms.Deploy.0 = Debug|x86
		{F87423F8-83CD-44DA-9CD2-01F26A74F86A}.Debug|x86.ActiveCfg = Debug|x86
		{F87423F8-83CD-44DA-9CD2-01F26A74F86A}.Debug|x86.Build.0 = Debug|x86
		{F87423F8-83CD-44DA-9CD2-01F26A74F86A}.Debug|x86.Deploy.0 = Debug|x86
		{F87423F8-83CD-44DA-9CD2-01F26A74F86A}.Release|Any CPU.ActiveCfg = Release|Any CPU
		{F87423F8-83CD-44DA-9CD2-01F26A74F86A}.Release|Any CPU.Build.0 = Release|Any CPU
		{F87423F8-83CD-44DA-9CD2-01F26A74F86A}.Release|Any CPU.Deploy.0 = Release|Any CPU
		{F87423F8-83CD-44DA-9CD2-01F26A74F86A}.Release|ARM.ActiveCfg = Release|ARM
		{F87423F8-83CD-44DA-9CD2-01F26A74F86A}.Release|ARM.Build.0 = Release|ARM
		{F87423F8-83CD-44DA-9CD2-01F26A74F86A}.Release|ARM.Deploy.0 = Release|ARM
		{F87423F8-83CD-44DA-9CD2-01F26A74F86A}.Release|Mixed Platforms.ActiveCfg = Release|x86
		{F87423F8-83CD-44DA-9CD2-01F26A74F86A}.Release|Mixed Platforms.Build.0 = Release|x86
		{F87423F8-83CD-44DA-9CD2-01F26A74F86A}.Release|Mixed Platforms.Deploy.0 = Release|x86
		{F87423F8-83CD-44DA-9CD2-01F26A74F86A}.Release|x86.ActiveCfg = Release|x86
		{F87423F8-83CD-44DA-9CD2-01F26A74F86A}.Release|x86.Build.0 = Release|x86
		{F87423F8-83CD-44DA-9CD2-01F26A74F86A}.Release|x86.Deploy.0 = Release|x86
	EndGlobalSection
	GlobalSection(SolutionProperties) = preSolution
		HideSolutionNode = FALSE
	EndGlobalSection
EndGlobal
