
Microsoft Visual Studio Solution File, Format Version 12.00
# Visual Studio 15
VisualStudioVersion = 15.0.26228.9
MinimumVisualStudioVersion = 15.0.26228.4
Project("{2150E333-8FDC-42A3-9474-1A3956D46DE8}") = "Devices", "Devices", "{24FE48FD-26C5-4860-9991-6627C83E9F25}"
EndProject
Project("{2150E333-8FDC-42A3-9474-1A3956D46DE8}") = "VS Test Explorer", "VS Test Explorer", "{E570106E-0090-4CB8-8286-ED0B766AE68D}"
EndProject
Project("{2150E333-8FDC-42A3-9474-1A3956D46DE8}") = "1.9.2", "1.9.2", "{28CE193F-847D-4485-842E-B50C94D2F525}"
EndProject
Project("{2150E333-8FDC-42A3-9474-1A3956D46DE8}") = "Current", "Current", "{687D1359-0317-4D26-BC5F-6612B8C657DA}"
EndProject
Project("{2150E333-8FDC-42A3-9474-1A3956D46DE8}") = "2.1", "2.1", "{41070331-4C7C-43BE-A0E4-D1E95E13F00F}"
EndProject
Project("{FAE04EC0-301F-11D3-BF4B-00C04F79EFBC}") = "v1_net20", "v1_net20\v1_net20.csproj", "{AA40B46D-EB27-43F5-8CA4-EC5758959BC7}"
EndProject
Project("{FAE04EC0-301F-11D3-BF4B-00C04F79EFBC}") = "v2x_net452", "v2x_net452\v2x_net452.csproj", "{06D874BC-29FE-4B68-AA7F-B4654AA4520A}"
EndProject
Project("{FAE04EC0-301F-11D3-BF4B-00C04F79EFBC}") = "MSTest_and_v2x", "MSTest_and_v2x\MSTest_and_v2x.csproj", "{69069237-603E-41DC-8739-488FF9274B0E}"
EndProject
Project("{FAE04EC0-301F-11D3-BF4B-00C04F79EFBC}") = "v1_net45", "v1_net45\v1_net45.csproj", "{C4F10DDA-5A29-40FA-B4B3-FEBAC9372989}"
EndProject
Project("{FAE04EC0-301F-11D3-BF4B-00C04F79EFBC}") = "NUnit_and_v2x", "NUnit_and_v2x\NUnit_and_v2x.csproj", "{16463F1B-8D23-4F9F-8C1B-77D5288C4E1C}"
EndProject
Project("{F2A71F9B-5D33-465A-A702-920D77279786}") = "v2x_net452_FSharp", "v2x_net452_FSharp\v2x_net452_FSharp.fsproj", "{656EF85A-A205-426F-8B79-2969DC118BE2}"
EndProject
Project("{FAE04EC0-301F-11D3-BF4B-00C04F79EFBC}") = "v2x_UWP", "v2x_UWP\v2x_UWP.csproj", "{4C3C1504-E4AD-435A-B9F8-0AF6400F2A99}"
EndProject
Project("{FAE04EC0-301F-11D3-BF4B-00C04F79EFBC}") = "Devices.UWP", "Devices.UWP\Devices.UWP.csproj", "{E4C6EFD5-FE6F-4AFF-8F41-329E9358E5CA}"
EndProject
Project("{FAE04EC0-301F-11D3-BF4B-00C04F79EFBC}") = "Devices.Android", "Devices.Android\Devices.Android.csproj", "{94E03520-1839-4917-847B-A60786F7CBE2}"
EndProject
Project("{FAE04EC0-301F-11D3-BF4B-00C04F79EFBC}") = "Devices.iOS", "Devices.iOS\Devices.iOS.csproj", "{77794694-2474-4ABD-9DE1-29E16C2D6515}"
EndProject
Project("{FAE04EC0-301F-11D3-BF4B-00C04F79EFBC}") = "Devices.UWP.OnlyPCL", "Devices.UWP.OnlyPCL\Devices.UWP.OnlyPCL.csproj", "{F54A9F65-4811-4CE4-9BC3-76DFA8795AF5}"
EndProject
Project("{FAE04EC0-301F-11D3-BF4B-00C04F79EFBC}") = "v21_UWP", "v21_UWP\v21_UWP.csproj", "{B395D733-D3E3-404F-B978-3429E4E1E603}"
EndProject
Project("{9A19103F-16F7-4668-BE54-9A1E7A4F7556}") = "v2x_netcoreapp1.0", "v2x_netcoreapp1.0\v2x_netcoreapp1.0.csproj", "{24DACD61-CDB4-4EDA-9D9F-9D2184D66A00}"
EndProject
Project("{FAE04EC0-301F-11D3-BF4B-00C04F79EFBC}") = "v2x_net452_ReferencingProject", "v2x_net452_ReferencingProject\v2x_net452_ReferencingProject.csproj", "{B15AFC6F-D6DA-4F24-B120-0757651C68D4}"
EndProject
Project("{9A19103F-16F7-4668-BE54-9A1E7A4F7556}") = "v2x_netcoreapp1.1", "v2x_netcoreapp1.1\v2x_netcoreapp1.1.csproj", "{FFA15C3D-5CE5-4C3F-81AD-20BE66D6C518}"
EndProject
Project("{FAE04EC0-301F-11D3-BF4B-00C04F79EFBC}") = "v21_net45", "v21_net45\v21_net45.csproj", "{F4AD0757-BC93-40EA-90D6-2F74805FCD96}"
EndProject
Project("{9A19103F-16F7-4668-BE54-9A1E7A4F7556}") = "v2x_net452_DotNetSdk", "v2x_net452_DotNetSdk\v2x_net452_DotNetSdk.csproj", "{2FD67EEE-933B-467F-8D03-5D9BD31028FB}"
EndProject
Global
	GlobalSection(SolutionConfigurationPlatforms) = preSolution
		Ad-Hoc|Any CPU = Ad-Hoc|Any CPU
		Ad-Hoc|ARM = Ad-Hoc|ARM
		Ad-Hoc|iPhone = Ad-Hoc|iPhone
		Ad-Hoc|iPhoneSimulator = Ad-Hoc|iPhoneSimulator
		Ad-Hoc|Mixed Platforms = Ad-Hoc|Mixed Platforms
		Ad-Hoc|x64 = Ad-Hoc|x64
		Ad-Hoc|x86 = Ad-Hoc|x86
		AppStore|Any CPU = AppStore|Any CPU
		AppStore|ARM = AppStore|ARM
		AppStore|iPhone = AppStore|iPhone
		AppStore|iPhoneSimulator = AppStore|iPhoneSimulator
		AppStore|Mixed Platforms = AppStore|Mixed Platforms
		AppStore|x64 = AppStore|x64
		AppStore|x86 = AppStore|x86
		Debug|Any CPU = Debug|Any CPU
		Debug|ARM = Debug|ARM
		Debug|iPhone = Debug|iPhone
		Debug|iPhoneSimulator = Debug|iPhoneSimulator
		Debug|Mixed Platforms = Debug|Mixed Platforms
		Debug|x64 = Debug|x64
		Debug|x86 = Debug|x86
		Release|Any CPU = Release|Any CPU
		Release|ARM = Release|ARM
		Release|iPhone = Release|iPhone
		Release|iPhoneSimulator = Release|iPhoneSimulator
		Release|Mixed Platforms = Release|Mixed Platforms
		Release|x64 = Release|x64
		Release|x86 = Release|x86
	EndGlobalSection
	GlobalSection(ProjectConfigurationPlatforms) = postSolution
		{AA40B46D-EB27-43F5-8CA4-EC5758959BC7}.Ad-Hoc|Any CPU.ActiveCfg = Release|Any CPU
		{AA40B46D-EB27-43F5-8CA4-EC5758959BC7}.Ad-Hoc|Any CPU.Build.0 = Release|Any CPU
		{AA40B46D-EB27-43F5-8CA4-EC5758959BC7}.Ad-Hoc|ARM.ActiveCfg = Release|Any CPU
		{AA40B46D-EB27-43F5-8CA4-EC5758959BC7}.Ad-Hoc|ARM.Build.0 = Release|Any CPU
		{AA40B46D-EB27-43F5-8CA4-EC5758959BC7}.Ad-Hoc|iPhone.ActiveCfg = Release|Any CPU
		{AA40B46D-EB27-43F5-8CA4-EC5758959BC7}.Ad-Hoc|iPhone.Build.0 = Release|Any CPU
		{AA40B46D-EB27-43F5-8CA4-EC5758959BC7}.Ad-Hoc|iPhoneSimulator.ActiveCfg = Release|Any CPU
		{AA40B46D-EB27-43F5-8CA4-EC5758959BC7}.Ad-Hoc|iPhoneSimulator.Build.0 = Release|Any CPU
		{AA40B46D-EB27-43F5-8CA4-EC5758959BC7}.Ad-Hoc|Mixed Platforms.ActiveCfg = Release|Any CPU
		{AA40B46D-EB27-43F5-8CA4-EC5758959BC7}.Ad-Hoc|Mixed Platforms.Build.0 = Release|Any CPU
		{AA40B46D-EB27-43F5-8CA4-EC5758959BC7}.Ad-Hoc|x64.ActiveCfg = Release|Any CPU
		{AA40B46D-EB27-43F5-8CA4-EC5758959BC7}.Ad-Hoc|x64.Build.0 = Release|Any CPU
		{AA40B46D-EB27-43F5-8CA4-EC5758959BC7}.Ad-Hoc|x86.ActiveCfg = Release|Any CPU
		{AA40B46D-EB27-43F5-8CA4-EC5758959BC7}.Ad-Hoc|x86.Build.0 = Release|Any CPU
		{AA40B46D-EB27-43F5-8CA4-EC5758959BC7}.AppStore|Any CPU.ActiveCfg = Release|Any CPU
		{AA40B46D-EB27-43F5-8CA4-EC5758959BC7}.AppStore|Any CPU.Build.0 = Release|Any CPU
		{AA40B46D-EB27-43F5-8CA4-EC5758959BC7}.AppStore|ARM.ActiveCfg = Release|Any CPU
		{AA40B46D-EB27-43F5-8CA4-EC5758959BC7}.AppStore|ARM.Build.0 = Release|Any CPU
		{AA40B46D-EB27-43F5-8CA4-EC5758959BC7}.AppStore|iPhone.ActiveCfg = Release|Any CPU
		{AA40B46D-EB27-43F5-8CA4-EC5758959BC7}.AppStore|iPhone.Build.0 = Release|Any CPU
		{AA40B46D-EB27-43F5-8CA4-EC5758959BC7}.AppStore|iPhoneSimulator.ActiveCfg = Release|Any CPU
		{AA40B46D-EB27-43F5-8CA4-EC5758959BC7}.AppStore|iPhoneSimulator.Build.0 = Release|Any CPU
		{AA40B46D-EB27-43F5-8CA4-EC5758959BC7}.AppStore|Mixed Platforms.ActiveCfg = Release|Any CPU
		{AA40B46D-EB27-43F5-8CA4-EC5758959BC7}.AppStore|Mixed Platforms.Build.0 = Release|Any CPU
		{AA40B46D-EB27-43F5-8CA4-EC5758959BC7}.AppStore|x64.ActiveCfg = Release|Any CPU
		{AA40B46D-EB27-43F5-8CA4-EC5758959BC7}.AppStore|x64.Build.0 = Release|Any CPU
		{AA40B46D-EB27-43F5-8CA4-EC5758959BC7}.AppStore|x86.ActiveCfg = Release|Any CPU
		{AA40B46D-EB27-43F5-8CA4-EC5758959BC7}.AppStore|x86.Build.0 = Release|Any CPU
		{AA40B46D-EB27-43F5-8CA4-EC5758959BC7}.Debug|Any CPU.ActiveCfg = Debug|Any CPU
		{AA40B46D-EB27-43F5-8CA4-EC5758959BC7}.Debug|Any CPU.Build.0 = Debug|Any CPU
		{AA40B46D-EB27-43F5-8CA4-EC5758959BC7}.Debug|ARM.ActiveCfg = Debug|Any CPU
		{AA40B46D-EB27-43F5-8CA4-EC5758959BC7}.Debug|ARM.Build.0 = Debug|Any CPU
		{AA40B46D-EB27-43F5-8CA4-EC5758959BC7}.Debug|iPhone.ActiveCfg = Debug|Any CPU
		{AA40B46D-EB27-43F5-8CA4-EC5758959BC7}.Debug|iPhone.Build.0 = Debug|Any CPU
		{AA40B46D-EB27-43F5-8CA4-EC5758959BC7}.Debug|iPhoneSimulator.ActiveCfg = Debug|Any CPU
		{AA40B46D-EB27-43F5-8CA4-EC5758959BC7}.Debug|iPhoneSimulator.Build.0 = Debug|Any CPU
		{AA40B46D-EB27-43F5-8CA4-EC5758959BC7}.Debug|Mixed Platforms.ActiveCfg = Debug|Any CPU
		{AA40B46D-EB27-43F5-8CA4-EC5758959BC7}.Debug|Mixed Platforms.Build.0 = Debug|Any CPU
		{AA40B46D-EB27-43F5-8CA4-EC5758959BC7}.Debug|x64.ActiveCfg = Debug|Any CPU
		{AA40B46D-EB27-43F5-8CA4-EC5758959BC7}.Debug|x64.Build.0 = Debug|Any CPU
		{AA40B46D-EB27-43F5-8CA4-EC5758959BC7}.Debug|x86.ActiveCfg = Debug|Any CPU
		{AA40B46D-EB27-43F5-8CA4-EC5758959BC7}.Debug|x86.Build.0 = Debug|Any CPU
		{AA40B46D-EB27-43F5-8CA4-EC5758959BC7}.Release|Any CPU.ActiveCfg = Release|Any CPU
		{AA40B46D-EB27-43F5-8CA4-EC5758959BC7}.Release|Any CPU.Build.0 = Release|Any CPU
		{AA40B46D-EB27-43F5-8CA4-EC5758959BC7}.Release|ARM.ActiveCfg = Release|Any CPU
		{AA40B46D-EB27-43F5-8CA4-EC5758959BC7}.Release|ARM.Build.0 = Release|Any CPU
		{AA40B46D-EB27-43F5-8CA4-EC5758959BC7}.Release|iPhone.ActiveCfg = Release|Any CPU
		{AA40B46D-EB27-43F5-8CA4-EC5758959BC7}.Release|iPhone.Build.0 = Release|Any CPU
		{AA40B46D-EB27-43F5-8CA4-EC5758959BC7}.Release|iPhoneSimulator.ActiveCfg = Release|Any CPU
		{AA40B46D-EB27-43F5-8CA4-EC5758959BC7}.Release|iPhoneSimulator.Build.0 = Release|Any CPU
		{AA40B46D-EB27-43F5-8CA4-EC5758959BC7}.Release|Mixed Platforms.ActiveCfg = Release|Any CPU
		{AA40B46D-EB27-43F5-8CA4-EC5758959BC7}.Release|Mixed Platforms.Build.0 = Release|Any CPU
		{AA40B46D-EB27-43F5-8CA4-EC5758959BC7}.Release|x64.ActiveCfg = Release|Any CPU
		{AA40B46D-EB27-43F5-8CA4-EC5758959BC7}.Release|x64.Build.0 = Release|Any CPU
		{AA40B46D-EB27-43F5-8CA4-EC5758959BC7}.Release|x86.ActiveCfg = Release|Any CPU
		{AA40B46D-EB27-43F5-8CA4-EC5758959BC7}.Release|x86.Build.0 = Release|Any CPU
		{06D874BC-29FE-4B68-AA7F-B4654AA4520A}.Ad-Hoc|Any CPU.ActiveCfg = Release|Any CPU
		{06D874BC-29FE-4B68-AA7F-B4654AA4520A}.Ad-Hoc|Any CPU.Build.0 = Release|Any CPU
		{06D874BC-29FE-4B68-AA7F-B4654AA4520A}.Ad-Hoc|ARM.ActiveCfg = Release|Any CPU
		{06D874BC-29FE-4B68-AA7F-B4654AA4520A}.Ad-Hoc|ARM.Build.0 = Release|Any CPU
		{06D874BC-29FE-4B68-AA7F-B4654AA4520A}.Ad-Hoc|iPhone.ActiveCfg = Release|Any CPU
		{06D874BC-29FE-4B68-AA7F-B4654AA4520A}.Ad-Hoc|iPhone.Build.0 = Release|Any CPU
		{06D874BC-29FE-4B68-AA7F-B4654AA4520A}.Ad-Hoc|iPhoneSimulator.ActiveCfg = Release|Any CPU
		{06D874BC-29FE-4B68-AA7F-B4654AA4520A}.Ad-Hoc|iPhoneSimulator.Build.0 = Release|Any CPU
		{06D874BC-29FE-4B68-AA7F-B4654AA4520A}.Ad-Hoc|Mixed Platforms.ActiveCfg = Release|Any CPU
		{06D874BC-29FE-4B68-AA7F-B4654AA4520A}.Ad-Hoc|Mixed Platforms.Build.0 = Release|Any CPU
		{06D874BC-29FE-4B68-AA7F-B4654AA4520A}.Ad-Hoc|x64.ActiveCfg = Release|Any CPU
		{06D874BC-29FE-4B68-AA7F-B4654AA4520A}.Ad-Hoc|x64.Build.0 = Release|Any CPU
		{06D874BC-29FE-4B68-AA7F-B4654AA4520A}.Ad-Hoc|x86.ActiveCfg = Release|Any CPU
		{06D874BC-29FE-4B68-AA7F-B4654AA4520A}.Ad-Hoc|x86.Build.0 = Release|Any CPU
		{06D874BC-29FE-4B68-AA7F-B4654AA4520A}.AppStore|Any CPU.ActiveCfg = Release|Any CPU
		{06D874BC-29FE-4B68-AA7F-B4654AA4520A}.AppStore|Any CPU.Build.0 = Release|Any CPU
		{06D874BC-29FE-4B68-AA7F-B4654AA4520A}.AppStore|ARM.ActiveCfg = Release|Any CPU
		{06D874BC-29FE-4B68-AA7F-B4654AA4520A}.AppStore|ARM.Build.0 = Release|Any CPU
		{06D874BC-29FE-4B68-AA7F-B4654AA4520A}.AppStore|iPhone.ActiveCfg = Release|Any CPU
		{06D874BC-29FE-4B68-AA7F-B4654AA4520A}.AppStore|iPhone.Build.0 = Release|Any CPU
		{06D874BC-29FE-4B68-AA7F-B4654AA4520A}.AppStore|iPhoneSimulator.ActiveCfg = Release|Any CPU
		{06D874BC-29FE-4B68-AA7F-B4654AA4520A}.AppStore|iPhoneSimulator.Build.0 = Release|Any CPU
		{06D874BC-29FE-4B68-AA7F-B4654AA4520A}.AppStore|Mixed Platforms.ActiveCfg = Release|Any CPU
		{06D874BC-29FE-4B68-AA7F-B4654AA4520A}.AppStore|Mixed Platforms.Build.0 = Release|Any CPU
		{06D874BC-29FE-4B68-AA7F-B4654AA4520A}.AppStore|x64.ActiveCfg = Release|Any CPU
		{06D874BC-29FE-4B68-AA7F-B4654AA4520A}.AppStore|x64.Build.0 = Release|Any CPU
		{06D874BC-29FE-4B68-AA7F-B4654AA4520A}.AppStore|x86.ActiveCfg = Release|Any CPU
		{06D874BC-29FE-4B68-AA7F-B4654AA4520A}.AppStore|x86.Build.0 = Release|Any CPU
		{06D874BC-29FE-4B68-AA7F-B4654AA4520A}.Debug|Any CPU.ActiveCfg = Debug|Any CPU
		{06D874BC-29FE-4B68-AA7F-B4654AA4520A}.Debug|Any CPU.Build.0 = Debug|Any CPU
		{06D874BC-29FE-4B68-AA7F-B4654AA4520A}.Debug|ARM.ActiveCfg = Debug|Any CPU
		{06D874BC-29FE-4B68-AA7F-B4654AA4520A}.Debug|ARM.Build.0 = Debug|Any CPU
		{06D874BC-29FE-4B68-AA7F-B4654AA4520A}.Debug|iPhone.ActiveCfg = Debug|Any CPU
		{06D874BC-29FE-4B68-AA7F-B4654AA4520A}.Debug|iPhone.Build.0 = Debug|Any CPU
		{06D874BC-29FE-4B68-AA7F-B4654AA4520A}.Debug|iPhoneSimulator.ActiveCfg = Debug|Any CPU
		{06D874BC-29FE-4B68-AA7F-B4654AA4520A}.Debug|iPhoneSimulator.Build.0 = Debug|Any CPU
		{06D874BC-29FE-4B68-AA7F-B4654AA4520A}.Debug|Mixed Platforms.ActiveCfg = Debug|Any CPU
		{06D874BC-29FE-4B68-AA7F-B4654AA4520A}.Debug|Mixed Platforms.Build.0 = Debug|Any CPU
		{06D874BC-29FE-4B68-AA7F-B4654AA4520A}.Debug|x64.ActiveCfg = Debug|Any CPU
		{06D874BC-29FE-4B68-AA7F-B4654AA4520A}.Debug|x64.Build.0 = Debug|Any CPU
		{06D874BC-29FE-4B68-AA7F-B4654AA4520A}.Debug|x86.ActiveCfg = Debug|Any CPU
		{06D874BC-29FE-4B68-AA7F-B4654AA4520A}.Debug|x86.Build.0 = Debug|Any CPU
		{06D874BC-29FE-4B68-AA7F-B4654AA4520A}.Release|Any CPU.ActiveCfg = Release|Any CPU
		{06D874BC-29FE-4B68-AA7F-B4654AA4520A}.Release|Any CPU.Build.0 = Release|Any CPU
		{06D874BC-29FE-4B68-AA7F-B4654AA4520A}.Release|ARM.ActiveCfg = Release|Any CPU
		{06D874BC-29FE-4B68-AA7F-B4654AA4520A}.Release|ARM.Build.0 = Release|Any CPU
		{06D874BC-29FE-4B68-AA7F-B4654AA4520A}.Release|iPhone.ActiveCfg = Release|Any CPU
		{06D874BC-29FE-4B68-AA7F-B4654AA4520A}.Release|iPhone.Build.0 = Release|Any CPU
		{06D874BC-29FE-4B68-AA7F-B4654AA4520A}.Release|iPhoneSimulator.ActiveCfg = Release|Any CPU
		{06D874BC-29FE-4B68-AA7F-B4654AA4520A}.Release|iPhoneSimulator.Build.0 = Release|Any CPU
		{06D874BC-29FE-4B68-AA7F-B4654AA4520A}.Release|Mixed Platforms.ActiveCfg = Release|Any CPU
		{06D874BC-29FE-4B68-AA7F-B4654AA4520A}.Release|Mixed Platforms.Build.0 = Release|Any CPU
		{06D874BC-29FE-4B68-AA7F-B4654AA4520A}.Release|x64.ActiveCfg = Release|Any CPU
		{06D874BC-29FE-4B68-AA7F-B4654AA4520A}.Release|x64.Build.0 = Release|Any CPU
		{06D874BC-29FE-4B68-AA7F-B4654AA4520A}.Release|x86.ActiveCfg = Release|Any CPU
		{06D874BC-29FE-4B68-AA7F-B4654AA4520A}.Release|x86.Build.0 = Release|Any CPU
		{69069237-603E-41DC-8739-488FF9274B0E}.Ad-Hoc|Any CPU.ActiveCfg = Release|Any CPU
		{69069237-603E-41DC-8739-488FF9274B0E}.Ad-Hoc|Any CPU.Build.0 = Release|Any CPU
		{69069237-603E-41DC-8739-488FF9274B0E}.Ad-Hoc|ARM.ActiveCfg = Release|Any CPU
		{69069237-603E-41DC-8739-488FF9274B0E}.Ad-Hoc|ARM.Build.0 = Release|Any CPU
		{69069237-603E-41DC-8739-488FF9274B0E}.Ad-Hoc|iPhone.ActiveCfg = Release|Any CPU
		{69069237-603E-41DC-8739-488FF9274B0E}.Ad-Hoc|iPhone.Build.0 = Release|Any CPU
		{69069237-603E-41DC-8739-488FF9274B0E}.Ad-Hoc|iPhoneSimulator.ActiveCfg = Release|Any CPU
		{69069237-603E-41DC-8739-488FF9274B0E}.Ad-Hoc|iPhoneSimulator.Build.0 = Release|Any CPU
		{69069237-603E-41DC-8739-488FF9274B0E}.Ad-Hoc|Mixed Platforms.ActiveCfg = Release|Any CPU
		{69069237-603E-41DC-8739-488FF9274B0E}.Ad-Hoc|Mixed Platforms.Build.0 = Release|Any CPU
		{69069237-603E-41DC-8739-488FF9274B0E}.Ad-Hoc|x64.ActiveCfg = Release|Any CPU
		{69069237-603E-41DC-8739-488FF9274B0E}.Ad-Hoc|x64.Build.0 = Release|Any CPU
		{69069237-603E-41DC-8739-488FF9274B0E}.Ad-Hoc|x86.ActiveCfg = Release|Any CPU
		{69069237-603E-41DC-8739-488FF9274B0E}.Ad-Hoc|x86.Build.0 = Release|Any CPU
		{69069237-603E-41DC-8739-488FF9274B0E}.AppStore|Any CPU.ActiveCfg = Release|Any CPU
		{69069237-603E-41DC-8739-488FF9274B0E}.AppStore|Any CPU.Build.0 = Release|Any CPU
		{69069237-603E-41DC-8739-488FF9274B0E}.AppStore|ARM.ActiveCfg = Release|Any CPU
		{69069237-603E-41DC-8739-488FF9274B0E}.AppStore|ARM.Build.0 = Release|Any CPU
		{69069237-603E-41DC-8739-488FF9274B0E}.AppStore|iPhone.ActiveCfg = Release|Any CPU
		{69069237-603E-41DC-8739-488FF9274B0E}.AppStore|iPhone.Build.0 = Release|Any CPU
		{69069237-603E-41DC-8739-488FF9274B0E}.AppStore|iPhoneSimulator.ActiveCfg = Release|Any CPU
		{69069237-603E-41DC-8739-488FF9274B0E}.AppStore|iPhoneSimulator.Build.0 = Release|Any CPU
		{69069237-603E-41DC-8739-488FF9274B0E}.AppStore|Mixed Platforms.ActiveCfg = Release|Any CPU
		{69069237-603E-41DC-8739-488FF9274B0E}.AppStore|Mixed Platforms.Build.0 = Release|Any CPU
		{69069237-603E-41DC-8739-488FF9274B0E}.AppStore|x64.ActiveCfg = Release|Any CPU
		{69069237-603E-41DC-8739-488FF9274B0E}.AppStore|x64.Build.0 = Release|Any CPU
		{69069237-603E-41DC-8739-488FF9274B0E}.AppStore|x86.ActiveCfg = Release|Any CPU
		{69069237-603E-41DC-8739-488FF9274B0E}.AppStore|x86.Build.0 = Release|Any CPU
		{69069237-603E-41DC-8739-488FF9274B0E}.Debug|Any CPU.ActiveCfg = Debug|Any CPU
		{69069237-603E-41DC-8739-488FF9274B0E}.Debug|Any CPU.Build.0 = Debug|Any CPU
		{69069237-603E-41DC-8739-488FF9274B0E}.Debug|ARM.ActiveCfg = Debug|Any CPU
		{69069237-603E-41DC-8739-488FF9274B0E}.Debug|ARM.Build.0 = Debug|Any CPU
		{69069237-603E-41DC-8739-488FF9274B0E}.Debug|iPhone.ActiveCfg = Debug|Any CPU
		{69069237-603E-41DC-8739-488FF9274B0E}.Debug|iPhone.Build.0 = Debug|Any CPU
		{69069237-603E-41DC-8739-488FF9274B0E}.Debug|iPhoneSimulator.ActiveCfg = Debug|Any CPU
		{69069237-603E-41DC-8739-488FF9274B0E}.Debug|iPhoneSimulator.Build.0 = Debug|Any CPU
		{69069237-603E-41DC-8739-488FF9274B0E}.Debug|Mixed Platforms.ActiveCfg = Debug|Any CPU
		{69069237-603E-41DC-8739-488FF9274B0E}.Debug|Mixed Platforms.Build.0 = Debug|Any CPU
		{69069237-603E-41DC-8739-488FF9274B0E}.Debug|x64.ActiveCfg = Debug|Any CPU
		{69069237-603E-41DC-8739-488FF9274B0E}.Debug|x64.Build.0 = Debug|Any CPU
		{69069237-603E-41DC-8739-488FF9274B0E}.Debug|x86.ActiveCfg = Debug|Any CPU
		{69069237-603E-41DC-8739-488FF9274B0E}.Debug|x86.Build.0 = Debug|Any CPU
		{69069237-603E-41DC-8739-488FF9274B0E}.Release|Any CPU.ActiveCfg = Release|Any CPU
		{69069237-603E-41DC-8739-488FF9274B0E}.Release|Any CPU.Build.0 = Release|Any CPU
		{69069237-603E-41DC-8739-488FF9274B0E}.Release|ARM.ActiveCfg = Release|Any CPU
		{69069237-603E-41DC-8739-488FF9274B0E}.Release|ARM.Build.0 = Release|Any CPU
		{69069237-603E-41DC-8739-488FF9274B0E}.Release|iPhone.ActiveCfg = Release|Any CPU
		{69069237-603E-41DC-8739-488FF9274B0E}.Release|iPhone.Build.0 = Release|Any CPU
		{69069237-603E-41DC-8739-488FF9274B0E}.Release|iPhoneSimulator.ActiveCfg = Release|Any CPU
		{69069237-603E-41DC-8739-488FF9274B0E}.Release|iPhoneSimulator.Build.0 = Release|Any CPU
		{69069237-603E-41DC-8739-488FF9274B0E}.Release|Mixed Platforms.ActiveCfg = Release|Any CPU
		{69069237-603E-41DC-8739-488FF9274B0E}.Release|Mixed Platforms.Build.0 = Release|Any CPU
		{69069237-603E-41DC-8739-488FF9274B0E}.Release|x64.ActiveCfg = Release|Any CPU
		{69069237-603E-41DC-8739-488FF9274B0E}.Release|x64.Build.0 = Release|Any CPU
		{69069237-603E-41DC-8739-488FF9274B0E}.Release|x86.ActiveCfg = Release|Any CPU
		{69069237-603E-41DC-8739-488FF9274B0E}.Release|x86.Build.0 = Release|Any CPU
		{C4F10DDA-5A29-40FA-B4B3-FEBAC9372989}.Ad-Hoc|Any CPU.ActiveCfg = Release|Any CPU
		{C4F10DDA-5A29-40FA-B4B3-FEBAC9372989}.Ad-Hoc|Any CPU.Build.0 = Release|Any CPU
		{C4F10DDA-5A29-40FA-B4B3-FEBAC9372989}.Ad-Hoc|ARM.ActiveCfg = Release|Any CPU
		{C4F10DDA-5A29-40FA-B4B3-FEBAC9372989}.Ad-Hoc|ARM.Build.0 = Release|Any CPU
		{C4F10DDA-5A29-40FA-B4B3-FEBAC9372989}.Ad-Hoc|iPhone.ActiveCfg = Release|Any CPU
		{C4F10DDA-5A29-40FA-B4B3-FEBAC9372989}.Ad-Hoc|iPhone.Build.0 = Release|Any CPU
		{C4F10DDA-5A29-40FA-B4B3-FEBAC9372989}.Ad-Hoc|iPhoneSimulator.ActiveCfg = Release|Any CPU
		{C4F10DDA-5A29-40FA-B4B3-FEBAC9372989}.Ad-Hoc|iPhoneSimulator.Build.0 = Release|Any CPU
		{C4F10DDA-5A29-40FA-B4B3-FEBAC9372989}.Ad-Hoc|Mixed Platforms.ActiveCfg = Release|Any CPU
		{C4F10DDA-5A29-40FA-B4B3-FEBAC9372989}.Ad-Hoc|Mixed Platforms.Build.0 = Release|Any CPU
		{C4F10DDA-5A29-40FA-B4B3-FEBAC9372989}.Ad-Hoc|x64.ActiveCfg = Release|Any CPU
		{C4F10DDA-5A29-40FA-B4B3-FEBAC9372989}.Ad-Hoc|x64.Build.0 = Release|Any CPU
		{C4F10DDA-5A29-40FA-B4B3-FEBAC9372989}.Ad-Hoc|x86.ActiveCfg = Release|Any CPU
		{C4F10DDA-5A29-40FA-B4B3-FEBAC9372989}.Ad-Hoc|x86.Build.0 = Release|Any CPU
		{C4F10DDA-5A29-40FA-B4B3-FEBAC9372989}.AppStore|Any CPU.ActiveCfg = Release|Any CPU
		{C4F10DDA-5A29-40FA-B4B3-FEBAC9372989}.AppStore|Any CPU.Build.0 = Release|Any CPU
		{C4F10DDA-5A29-40FA-B4B3-FEBAC9372989}.AppStore|ARM.ActiveCfg = Release|Any CPU
		{C4F10DDA-5A29-40FA-B4B3-FEBAC9372989}.AppStore|ARM.Build.0 = Release|Any CPU
		{C4F10DDA-5A29-40FA-B4B3-FEBAC9372989}.AppStore|iPhone.ActiveCfg = Release|Any CPU
		{C4F10DDA-5A29-40FA-B4B3-FEBAC9372989}.AppStore|iPhone.Build.0 = Release|Any CPU
		{C4F10DDA-5A29-40FA-B4B3-FEBAC9372989}.AppStore|iPhoneSimulator.ActiveCfg = Release|Any CPU
		{C4F10DDA-5A29-40FA-B4B3-FEBAC9372989}.AppStore|iPhoneSimulator.Build.0 = Release|Any CPU
		{C4F10DDA-5A29-40FA-B4B3-FEBAC9372989}.AppStore|Mixed Platforms.ActiveCfg = Release|Any CPU
		{C4F10DDA-5A29-40FA-B4B3-FEBAC9372989}.AppStore|Mixed Platforms.Build.0 = Release|Any CPU
		{C4F10DDA-5A29-40FA-B4B3-FEBAC9372989}.AppStore|x64.ActiveCfg = Release|Any CPU
		{C4F10DDA-5A29-40FA-B4B3-FEBAC9372989}.AppStore|x64.Build.0 = Release|Any CPU
		{C4F10DDA-5A29-40FA-B4B3-FEBAC9372989}.AppStore|x86.ActiveCfg = Release|Any CPU
		{C4F10DDA-5A29-40FA-B4B3-FEBAC9372989}.AppStore|x86.Build.0 = Release|Any CPU
		{C4F10DDA-5A29-40FA-B4B3-FEBAC9372989}.Debug|Any CPU.ActiveCfg = Debug|Any CPU
		{C4F10DDA-5A29-40FA-B4B3-FEBAC9372989}.Debug|Any CPU.Build.0 = Debug|Any CPU
		{C4F10DDA-5A29-40FA-B4B3-FEBAC9372989}.Debug|ARM.ActiveCfg = Debug|Any CPU
		{C4F10DDA-5A29-40FA-B4B3-FEBAC9372989}.Debug|ARM.Build.0 = Debug|Any CPU
		{C4F10DDA-5A29-40FA-B4B3-FEBAC9372989}.Debug|iPhone.ActiveCfg = Debug|Any CPU
		{C4F10DDA-5A29-40FA-B4B3-FEBAC9372989}.Debug|iPhone.Build.0 = Debug|Any CPU
		{C4F10DDA-5A29-40FA-B4B3-FEBAC9372989}.Debug|iPhoneSimulator.ActiveCfg = Debug|Any CPU
		{C4F10DDA-5A29-40FA-B4B3-FEBAC9372989}.Debug|iPhoneSimulator.Build.0 = Debug|Any CPU
		{C4F10DDA-5A29-40FA-B4B3-FEBAC9372989}.Debug|Mixed Platforms.ActiveCfg = Debug|Any CPU
		{C4F10DDA-5A29-40FA-B4B3-FEBAC9372989}.Debug|Mixed Platforms.Build.0 = Debug|Any CPU
		{C4F10DDA-5A29-40FA-B4B3-FEBAC9372989}.Debug|x64.ActiveCfg = Debug|Any CPU
		{C4F10DDA-5A29-40FA-B4B3-FEBAC9372989}.Debug|x64.Build.0 = Debug|Any CPU
		{C4F10DDA-5A29-40FA-B4B3-FEBAC9372989}.Debug|x86.ActiveCfg = Debug|Any CPU
		{C4F10DDA-5A29-40FA-B4B3-FEBAC9372989}.Debug|x86.Build.0 = Debug|Any CPU
		{C4F10DDA-5A29-40FA-B4B3-FEBAC9372989}.Release|Any CPU.ActiveCfg = Release|Any CPU
		{C4F10DDA-5A29-40FA-B4B3-FEBAC9372989}.Release|Any CPU.Build.0 = Release|Any CPU
		{C4F10DDA-5A29-40FA-B4B3-FEBAC9372989}.Release|ARM.ActiveCfg = Release|Any CPU
		{C4F10DDA-5A29-40FA-B4B3-FEBAC9372989}.Release|ARM.Build.0 = Release|Any CPU
		{C4F10DDA-5A29-40FA-B4B3-FEBAC9372989}.Release|iPhone.ActiveCfg = Release|Any CPU
		{C4F10DDA-5A29-40FA-B4B3-FEBAC9372989}.Release|iPhone.Build.0 = Release|Any CPU
		{C4F10DDA-5A29-40FA-B4B3-FEBAC9372989}.Release|iPhoneSimulator.ActiveCfg = Release|Any CPU
		{C4F10DDA-5A29-40FA-B4B3-FEBAC9372989}.Release|iPhoneSimulator.Build.0 = Release|Any CPU
		{C4F10DDA-5A29-40FA-B4B3-FEBAC9372989}.Release|Mixed Platforms.ActiveCfg = Release|Any CPU
		{C4F10DDA-5A29-40FA-B4B3-FEBAC9372989}.Release|Mixed Platforms.Build.0 = Release|Any CPU
		{C4F10DDA-5A29-40FA-B4B3-FEBAC9372989}.Release|x64.ActiveCfg = Release|Any CPU
		{C4F10DDA-5A29-40FA-B4B3-FEBAC9372989}.Release|x64.Build.0 = Release|Any CPU
		{C4F10DDA-5A29-40FA-B4B3-FEBAC9372989}.Release|x86.ActiveCfg = Release|Any CPU
		{C4F10DDA-5A29-40FA-B4B3-FEBAC9372989}.Release|x86.Build.0 = Release|Any CPU
		{16463F1B-8D23-4F9F-8C1B-77D5288C4E1C}.Ad-Hoc|Any CPU.ActiveCfg = Release|Any CPU
		{16463F1B-8D23-4F9F-8C1B-77D5288C4E1C}.Ad-Hoc|Any CPU.Build.0 = Release|Any CPU
		{16463F1B-8D23-4F9F-8C1B-77D5288C4E1C}.Ad-Hoc|ARM.ActiveCfg = Release|Any CPU
		{16463F1B-8D23-4F9F-8C1B-77D5288C4E1C}.Ad-Hoc|ARM.Build.0 = Release|Any CPU
		{16463F1B-8D23-4F9F-8C1B-77D5288C4E1C}.Ad-Hoc|iPhone.ActiveCfg = Release|Any CPU
		{16463F1B-8D23-4F9F-8C1B-77D5288C4E1C}.Ad-Hoc|iPhone.Build.0 = Release|Any CPU
		{16463F1B-8D23-4F9F-8C1B-77D5288C4E1C}.Ad-Hoc|iPhoneSimulator.ActiveCfg = Release|Any CPU
		{16463F1B-8D23-4F9F-8C1B-77D5288C4E1C}.Ad-Hoc|iPhoneSimulator.Build.0 = Release|Any CPU
		{16463F1B-8D23-4F9F-8C1B-77D5288C4E1C}.Ad-Hoc|Mixed Platforms.ActiveCfg = Release|Any CPU
		{16463F1B-8D23-4F9F-8C1B-77D5288C4E1C}.Ad-Hoc|Mixed Platforms.Build.0 = Release|Any CPU
		{16463F1B-8D23-4F9F-8C1B-77D5288C4E1C}.Ad-Hoc|x64.ActiveCfg = Release|Any CPU
		{16463F1B-8D23-4F9F-8C1B-77D5288C4E1C}.Ad-Hoc|x64.Build.0 = Release|Any CPU
		{16463F1B-8D23-4F9F-8C1B-77D5288C4E1C}.Ad-Hoc|x86.ActiveCfg = Release|Any CPU
		{16463F1B-8D23-4F9F-8C1B-77D5288C4E1C}.Ad-Hoc|x86.Build.0 = Release|Any CPU
		{16463F1B-8D23-4F9F-8C1B-77D5288C4E1C}.AppStore|Any CPU.ActiveCfg = Release|Any CPU
		{16463F1B-8D23-4F9F-8C1B-77D5288C4E1C}.AppStore|Any CPU.Build.0 = Release|Any CPU
		{16463F1B-8D23-4F9F-8C1B-77D5288C4E1C}.AppStore|ARM.ActiveCfg = Release|Any CPU
		{16463F1B-8D23-4F9F-8C1B-77D5288C4E1C}.AppStore|ARM.Build.0 = Release|Any CPU
		{16463F1B-8D23-4F9F-8C1B-77D5288C4E1C}.AppStore|iPhone.ActiveCfg = Release|Any CPU
		{16463F1B-8D23-4F9F-8C1B-77D5288C4E1C}.AppStore|iPhone.Build.0 = Release|Any CPU
		{16463F1B-8D23-4F9F-8C1B-77D5288C4E1C}.AppStore|iPhoneSimulator.ActiveCfg = Release|Any CPU
		{16463F1B-8D23-4F9F-8C1B-77D5288C4E1C}.AppStore|iPhoneSimulator.Build.0 = Release|Any CPU
		{16463F1B-8D23-4F9F-8C1B-77D5288C4E1C}.AppStore|Mixed Platforms.ActiveCfg = Release|Any CPU
		{16463F1B-8D23-4F9F-8C1B-77D5288C4E1C}.AppStore|Mixed Platforms.Build.0 = Release|Any CPU
		{16463F1B-8D23-4F9F-8C1B-77D5288C4E1C}.AppStore|x64.ActiveCfg = Release|Any CPU
		{16463F1B-8D23-4F9F-8C1B-77D5288C4E1C}.AppStore|x64.Build.0 = Release|Any CPU
		{16463F1B-8D23-4F9F-8C1B-77D5288C4E1C}.AppStore|x86.ActiveCfg = Release|Any CPU
		{16463F1B-8D23-4F9F-8C1B-77D5288C4E1C}.AppStore|x86.Build.0 = Release|Any CPU
		{16463F1B-8D23-4F9F-8C1B-77D5288C4E1C}.Debug|Any CPU.ActiveCfg = Debug|Any CPU
		{16463F1B-8D23-4F9F-8C1B-77D5288C4E1C}.Debug|Any CPU.Build.0 = Debug|Any CPU
		{16463F1B-8D23-4F9F-8C1B-77D5288C4E1C}.Debug|ARM.ActiveCfg = Debug|Any CPU
		{16463F1B-8D23-4F9F-8C1B-77D5288C4E1C}.Debug|ARM.Build.0 = Debug|Any CPU
		{16463F1B-8D23-4F9F-8C1B-77D5288C4E1C}.Debug|iPhone.ActiveCfg = Debug|Any CPU
		{16463F1B-8D23-4F9F-8C1B-77D5288C4E1C}.Debug|iPhone.Build.0 = Debug|Any CPU
		{16463F1B-8D23-4F9F-8C1B-77D5288C4E1C}.Debug|iPhoneSimulator.ActiveCfg = Debug|Any CPU
		{16463F1B-8D23-4F9F-8C1B-77D5288C4E1C}.Debug|iPhoneSimulator.Build.0 = Debug|Any CPU
		{16463F1B-8D23-4F9F-8C1B-77D5288C4E1C}.Debug|Mixed Platforms.ActiveCfg = Debug|Any CPU
		{16463F1B-8D23-4F9F-8C1B-77D5288C4E1C}.Debug|Mixed Platforms.Build.0 = Debug|Any CPU
		{16463F1B-8D23-4F9F-8C1B-77D5288C4E1C}.Debug|x64.ActiveCfg = Debug|Any CPU
		{16463F1B-8D23-4F9F-8C1B-77D5288C4E1C}.Debug|x64.Build.0 = Debug|Any CPU
		{16463F1B-8D23-4F9F-8C1B-77D5288C4E1C}.Debug|x86.ActiveCfg = Debug|Any CPU
		{16463F1B-8D23-4F9F-8C1B-77D5288C4E1C}.Debug|x86.Build.0 = Debug|Any CPU
		{16463F1B-8D23-4F9F-8C1B-77D5288C4E1C}.Release|Any CPU.ActiveCfg = Release|Any CPU
		{16463F1B-8D23-4F9F-8C1B-77D5288C4E1C}.Release|Any CPU.Build.0 = Release|Any CPU
		{16463F1B-8D23-4F9F-8C1B-77D5288C4E1C}.Release|ARM.ActiveCfg = Release|Any CPU
		{16463F1B-8D23-4F9F-8C1B-77D5288C4E1C}.Release|ARM.Build.0 = Release|Any CPU
		{16463F1B-8D23-4F9F-8C1B-77D5288C4E1C}.Release|iPhone.ActiveCfg = Release|Any CPU
		{16463F1B-8D23-4F9F-8C1B-77D5288C4E1C}.Release|iPhone.Build.0 = Release|Any CPU
		{16463F1B-8D23-4F9F-8C1B-77D5288C4E1C}.Release|iPhoneSimulator.ActiveCfg = Release|Any CPU
		{16463F1B-8D23-4F9F-8C1B-77D5288C4E1C}.Release|iPhoneSimulator.Build.0 = Release|Any CPU
		{16463F1B-8D23-4F9F-8C1B-77D5288C4E1C}.Release|Mixed Platforms.ActiveCfg = Release|Any CPU
		{16463F1B-8D23-4F9F-8C1B-77D5288C4E1C}.Release|Mixed Platforms.Build.0 = Release|Any CPU
		{16463F1B-8D23-4F9F-8C1B-77D5288C4E1C}.Release|x64.ActiveCfg = Release|Any CPU
		{16463F1B-8D23-4F9F-8C1B-77D5288C4E1C}.Release|x64.Build.0 = Release|Any CPU
		{16463F1B-8D23-4F9F-8C1B-77D5288C4E1C}.Release|x86.ActiveCfg = Release|Any CPU
		{16463F1B-8D23-4F9F-8C1B-77D5288C4E1C}.Release|x86.Build.0 = Release|Any CPU
		{656EF85A-A205-426F-8B79-2969DC118BE2}.Ad-Hoc|Any CPU.ActiveCfg = Release|Any CPU
		{656EF85A-A205-426F-8B79-2969DC118BE2}.Ad-Hoc|Any CPU.Build.0 = Release|Any CPU
		{656EF85A-A205-426F-8B79-2969DC118BE2}.Ad-Hoc|ARM.ActiveCfg = Release|Any CPU
		{656EF85A-A205-426F-8B79-2969DC118BE2}.Ad-Hoc|ARM.Build.0 = Release|Any CPU
		{656EF85A-A205-426F-8B79-2969DC118BE2}.Ad-Hoc|iPhone.ActiveCfg = Release|Any CPU
		{656EF85A-A205-426F-8B79-2969DC118BE2}.Ad-Hoc|iPhone.Build.0 = Release|Any CPU
		{656EF85A-A205-426F-8B79-2969DC118BE2}.Ad-Hoc|iPhoneSimulator.ActiveCfg = Release|Any CPU
		{656EF85A-A205-426F-8B79-2969DC118BE2}.Ad-Hoc|iPhoneSimulator.Build.0 = Release|Any CPU
		{656EF85A-A205-426F-8B79-2969DC118BE2}.Ad-Hoc|Mixed Platforms.ActiveCfg = Release|Any CPU
		{656EF85A-A205-426F-8B79-2969DC118BE2}.Ad-Hoc|Mixed Platforms.Build.0 = Release|Any CPU
		{656EF85A-A205-426F-8B79-2969DC118BE2}.Ad-Hoc|x64.ActiveCfg = Release|Any CPU
		{656EF85A-A205-426F-8B79-2969DC118BE2}.Ad-Hoc|x64.Build.0 = Release|Any CPU
		{656EF85A-A205-426F-8B79-2969DC118BE2}.Ad-Hoc|x86.ActiveCfg = Release|Any CPU
		{656EF85A-A205-426F-8B79-2969DC118BE2}.Ad-Hoc|x86.Build.0 = Release|Any CPU
		{656EF85A-A205-426F-8B79-2969DC118BE2}.AppStore|Any CPU.ActiveCfg = Release|Any CPU
		{656EF85A-A205-426F-8B79-2969DC118BE2}.AppStore|Any CPU.Build.0 = Release|Any CPU
		{656EF85A-A205-426F-8B79-2969DC118BE2}.AppStore|ARM.ActiveCfg = Release|Any CPU
		{656EF85A-A205-426F-8B79-2969DC118BE2}.AppStore|ARM.Build.0 = Release|Any CPU
		{656EF85A-A205-426F-8B79-2969DC118BE2}.AppStore|iPhone.ActiveCfg = Release|Any CPU
		{656EF85A-A205-426F-8B79-2969DC118BE2}.AppStore|iPhone.Build.0 = Release|Any CPU
		{656EF85A-A205-426F-8B79-2969DC118BE2}.AppStore|iPhoneSimulator.ActiveCfg = Release|Any CPU
		{656EF85A-A205-426F-8B79-2969DC118BE2}.AppStore|iPhoneSimulator.Build.0 = Release|Any CPU
		{656EF85A-A205-426F-8B79-2969DC118BE2}.AppStore|Mixed Platforms.ActiveCfg = Release|Any CPU
		{656EF85A-A205-426F-8B79-2969DC118BE2}.AppStore|Mixed Platforms.Build.0 = Release|Any CPU
		{656EF85A-A205-426F-8B79-2969DC118BE2}.AppStore|x64.ActiveCfg = Release|Any CPU
		{656EF85A-A205-426F-8B79-2969DC118BE2}.AppStore|x64.Build.0 = Release|Any CPU
		{656EF85A-A205-426F-8B79-2969DC118BE2}.AppStore|x86.ActiveCfg = Release|Any CPU
		{656EF85A-A205-426F-8B79-2969DC118BE2}.AppStore|x86.Build.0 = Release|Any CPU
		{656EF85A-A205-426F-8B79-2969DC118BE2}.Debug|Any CPU.ActiveCfg = Debug|Any CPU
		{656EF85A-A205-426F-8B79-2969DC118BE2}.Debug|Any CPU.Build.0 = Debug|Any CPU
		{656EF85A-A205-426F-8B79-2969DC118BE2}.Debug|ARM.ActiveCfg = Debug|Any CPU
		{656EF85A-A205-426F-8B79-2969DC118BE2}.Debug|ARM.Build.0 = Debug|Any CPU
		{656EF85A-A205-426F-8B79-2969DC118BE2}.Debug|iPhone.ActiveCfg = Debug|Any CPU
		{656EF85A-A205-426F-8B79-2969DC118BE2}.Debug|iPhone.Build.0 = Debug|Any CPU
		{656EF85A-A205-426F-8B79-2969DC118BE2}.Debug|iPhoneSimulator.ActiveCfg = Debug|Any CPU
		{656EF85A-A205-426F-8B79-2969DC118BE2}.Debug|iPhoneSimulator.Build.0 = Debug|Any CPU
		{656EF85A-A205-426F-8B79-2969DC118BE2}.Debug|Mixed Platforms.ActiveCfg = Debug|Any CPU
		{656EF85A-A205-426F-8B79-2969DC118BE2}.Debug|Mixed Platforms.Build.0 = Debug|Any CPU
		{656EF85A-A205-426F-8B79-2969DC118BE2}.Debug|x64.ActiveCfg = Debug|Any CPU
		{656EF85A-A205-426F-8B79-2969DC118BE2}.Debug|x64.Build.0 = Debug|Any CPU
		{656EF85A-A205-426F-8B79-2969DC118BE2}.Debug|x86.ActiveCfg = Debug|Any CPU
		{656EF85A-A205-426F-8B79-2969DC118BE2}.Debug|x86.Build.0 = Debug|Any CPU
		{656EF85A-A205-426F-8B79-2969DC118BE2}.Release|Any CPU.ActiveCfg = Release|Any CPU
		{656EF85A-A205-426F-8B79-2969DC118BE2}.Release|Any CPU.Build.0 = Release|Any CPU
		{656EF85A-A205-426F-8B79-2969DC118BE2}.Release|ARM.ActiveCfg = Release|Any CPU
		{656EF85A-A205-426F-8B79-2969DC118BE2}.Release|ARM.Build.0 = Release|Any CPU
		{656EF85A-A205-426F-8B79-2969DC118BE2}.Release|iPhone.ActiveCfg = Release|Any CPU
		{656EF85A-A205-426F-8B79-2969DC118BE2}.Release|iPhone.Build.0 = Release|Any CPU
		{656EF85A-A205-426F-8B79-2969DC118BE2}.Release|iPhoneSimulator.ActiveCfg = Release|Any CPU
		{656EF85A-A205-426F-8B79-2969DC118BE2}.Release|iPhoneSimulator.Build.0 = Release|Any CPU
		{656EF85A-A205-426F-8B79-2969DC118BE2}.Release|Mixed Platforms.ActiveCfg = Release|Any CPU
		{656EF85A-A205-426F-8B79-2969DC118BE2}.Release|Mixed Platforms.Build.0 = Release|Any CPU
		{656EF85A-A205-426F-8B79-2969DC118BE2}.Release|x64.ActiveCfg = Release|Any CPU
		{656EF85A-A205-426F-8B79-2969DC118BE2}.Release|x64.Build.0 = Release|Any CPU
		{656EF85A-A205-426F-8B79-2969DC118BE2}.Release|x86.ActiveCfg = Release|Any CPU
		{656EF85A-A205-426F-8B79-2969DC118BE2}.Release|x86.Build.0 = Release|Any CPU
		{4C3C1504-E4AD-435A-B9F8-0AF6400F2A99}.Ad-Hoc|Any CPU.ActiveCfg = Release|x64
		{4C3C1504-E4AD-435A-B9F8-0AF6400F2A99}.Ad-Hoc|Any CPU.Build.0 = Release|x64
		{4C3C1504-E4AD-435A-B9F8-0AF6400F2A99}.Ad-Hoc|Any CPU.Deploy.0 = Release|x64
		{4C3C1504-E4AD-435A-B9F8-0AF6400F2A99}.Ad-Hoc|ARM.ActiveCfg = Release|ARM
		{4C3C1504-E4AD-435A-B9F8-0AF6400F2A99}.Ad-Hoc|ARM.Build.0 = Release|ARM
		{4C3C1504-E4AD-435A-B9F8-0AF6400F2A99}.Ad-Hoc|ARM.Deploy.0 = Release|ARM
		{4C3C1504-E4AD-435A-B9F8-0AF6400F2A99}.Ad-Hoc|iPhone.ActiveCfg = Release|x64
		{4C3C1504-E4AD-435A-B9F8-0AF6400F2A99}.Ad-Hoc|iPhone.Build.0 = Release|x64
		{4C3C1504-E4AD-435A-B9F8-0AF6400F2A99}.Ad-Hoc|iPhone.Deploy.0 = Release|x64
		{4C3C1504-E4AD-435A-B9F8-0AF6400F2A99}.Ad-Hoc|iPhoneSimulator.ActiveCfg = Release|x64
		{4C3C1504-E4AD-435A-B9F8-0AF6400F2A99}.Ad-Hoc|iPhoneSimulator.Build.0 = Release|x64
		{4C3C1504-E4AD-435A-B9F8-0AF6400F2A99}.Ad-Hoc|iPhoneSimulator.Deploy.0 = Release|x64
		{4C3C1504-E4AD-435A-B9F8-0AF6400F2A99}.Ad-Hoc|Mixed Platforms.ActiveCfg = Release|x86
		{4C3C1504-E4AD-435A-B9F8-0AF6400F2A99}.Ad-Hoc|Mixed Platforms.Build.0 = Release|x86
		{4C3C1504-E4AD-435A-B9F8-0AF6400F2A99}.Ad-Hoc|Mixed Platforms.Deploy.0 = Release|x86
		{4C3C1504-E4AD-435A-B9F8-0AF6400F2A99}.Ad-Hoc|x64.ActiveCfg = Release|x64
		{4C3C1504-E4AD-435A-B9F8-0AF6400F2A99}.Ad-Hoc|x64.Build.0 = Release|x64
		{4C3C1504-E4AD-435A-B9F8-0AF6400F2A99}.Ad-Hoc|x64.Deploy.0 = Release|x64
		{4C3C1504-E4AD-435A-B9F8-0AF6400F2A99}.Ad-Hoc|x86.ActiveCfg = Release|x86
		{4C3C1504-E4AD-435A-B9F8-0AF6400F2A99}.Ad-Hoc|x86.Build.0 = Release|x86
		{4C3C1504-E4AD-435A-B9F8-0AF6400F2A99}.Ad-Hoc|x86.Deploy.0 = Release|x86
		{4C3C1504-E4AD-435A-B9F8-0AF6400F2A99}.AppStore|Any CPU.ActiveCfg = Release|x64
		{4C3C1504-E4AD-435A-B9F8-0AF6400F2A99}.AppStore|Any CPU.Build.0 = Release|x64
		{4C3C1504-E4AD-435A-B9F8-0AF6400F2A99}.AppStore|Any CPU.Deploy.0 = Release|x64
		{4C3C1504-E4AD-435A-B9F8-0AF6400F2A99}.AppStore|ARM.ActiveCfg = Release|ARM
		{4C3C1504-E4AD-435A-B9F8-0AF6400F2A99}.AppStore|ARM.Build.0 = Release|ARM
		{4C3C1504-E4AD-435A-B9F8-0AF6400F2A99}.AppStore|ARM.Deploy.0 = Release|ARM
		{4C3C1504-E4AD-435A-B9F8-0AF6400F2A99}.AppStore|iPhone.ActiveCfg = Release|x64
		{4C3C1504-E4AD-435A-B9F8-0AF6400F2A99}.AppStore|iPhone.Build.0 = Release|x64
		{4C3C1504-E4AD-435A-B9F8-0AF6400F2A99}.AppStore|iPhone.Deploy.0 = Release|x64
		{4C3C1504-E4AD-435A-B9F8-0AF6400F2A99}.AppStore|iPhoneSimulator.ActiveCfg = Release|x64
		{4C3C1504-E4AD-435A-B9F8-0AF6400F2A99}.AppStore|iPhoneSimulator.Build.0 = Release|x64
		{4C3C1504-E4AD-435A-B9F8-0AF6400F2A99}.AppStore|iPhoneSimulator.Deploy.0 = Release|x64
		{4C3C1504-E4AD-435A-B9F8-0AF6400F2A99}.AppStore|Mixed Platforms.ActiveCfg = Release|x86
		{4C3C1504-E4AD-435A-B9F8-0AF6400F2A99}.AppStore|Mixed Platforms.Build.0 = Release|x86
		{4C3C1504-E4AD-435A-B9F8-0AF6400F2A99}.AppStore|Mixed Platforms.Deploy.0 = Release|x86
		{4C3C1504-E4AD-435A-B9F8-0AF6400F2A99}.AppStore|x64.ActiveCfg = Release|x64
		{4C3C1504-E4AD-435A-B9F8-0AF6400F2A99}.AppStore|x64.Build.0 = Release|x64
		{4C3C1504-E4AD-435A-B9F8-0AF6400F2A99}.AppStore|x64.Deploy.0 = Release|x64
		{4C3C1504-E4AD-435A-B9F8-0AF6400F2A99}.AppStore|x86.ActiveCfg = Release|x86
		{4C3C1504-E4AD-435A-B9F8-0AF6400F2A99}.AppStore|x86.Build.0 = Release|x86
		{4C3C1504-E4AD-435A-B9F8-0AF6400F2A99}.AppStore|x86.Deploy.0 = Release|x86
		{4C3C1504-E4AD-435A-B9F8-0AF6400F2A99}.Debug|Any CPU.ActiveCfg = Debug|x86
		{4C3C1504-E4AD-435A-B9F8-0AF6400F2A99}.Debug|Any CPU.Build.0 = Debug|x86
		{4C3C1504-E4AD-435A-B9F8-0AF6400F2A99}.Debug|Any CPU.Deploy.0 = Debug|x86
		{4C3C1504-E4AD-435A-B9F8-0AF6400F2A99}.Debug|ARM.ActiveCfg = Debug|ARM
		{4C3C1504-E4AD-435A-B9F8-0AF6400F2A99}.Debug|ARM.Build.0 = Debug|ARM
		{4C3C1504-E4AD-435A-B9F8-0AF6400F2A99}.Debug|ARM.Deploy.0 = Debug|ARM
		{4C3C1504-E4AD-435A-B9F8-0AF6400F2A99}.Debug|iPhone.ActiveCfg = Debug|x86
		{4C3C1504-E4AD-435A-B9F8-0AF6400F2A99}.Debug|iPhoneSimulator.ActiveCfg = Debug|x86
		{4C3C1504-E4AD-435A-B9F8-0AF6400F2A99}.Debug|Mixed Platforms.ActiveCfg = Debug|x86
		{4C3C1504-E4AD-435A-B9F8-0AF6400F2A99}.Debug|Mixed Platforms.Build.0 = Debug|x86
		{4C3C1504-E4AD-435A-B9F8-0AF6400F2A99}.Debug|Mixed Platforms.Deploy.0 = Debug|x86
		{4C3C1504-E4AD-435A-B9F8-0AF6400F2A99}.Debug|x64.ActiveCfg = Debug|x64
		{4C3C1504-E4AD-435A-B9F8-0AF6400F2A99}.Debug|x64.Build.0 = Debug|x64
		{4C3C1504-E4AD-435A-B9F8-0AF6400F2A99}.Debug|x64.Deploy.0 = Debug|x64
		{4C3C1504-E4AD-435A-B9F8-0AF6400F2A99}.Debug|x86.ActiveCfg = Debug|x86
		{4C3C1504-E4AD-435A-B9F8-0AF6400F2A99}.Debug|x86.Build.0 = Debug|x86
		{4C3C1504-E4AD-435A-B9F8-0AF6400F2A99}.Debug|x86.Deploy.0 = Debug|x86
		{4C3C1504-E4AD-435A-B9F8-0AF6400F2A99}.Release|Any CPU.ActiveCfg = Release|x86
		{4C3C1504-E4AD-435A-B9F8-0AF6400F2A99}.Release|ARM.ActiveCfg = Release|ARM
		{4C3C1504-E4AD-435A-B9F8-0AF6400F2A99}.Release|ARM.Build.0 = Release|ARM
		{4C3C1504-E4AD-435A-B9F8-0AF6400F2A99}.Release|ARM.Deploy.0 = Release|ARM
		{4C3C1504-E4AD-435A-B9F8-0AF6400F2A99}.Release|iPhone.ActiveCfg = Release|x86
		{4C3C1504-E4AD-435A-B9F8-0AF6400F2A99}.Release|iPhoneSimulator.ActiveCfg = Release|x86
		{4C3C1504-E4AD-435A-B9F8-0AF6400F2A99}.Release|Mixed Platforms.ActiveCfg = Release|x86
		{4C3C1504-E4AD-435A-B9F8-0AF6400F2A99}.Release|Mixed Platforms.Build.0 = Release|x86
		{4C3C1504-E4AD-435A-B9F8-0AF6400F2A99}.Release|Mixed Platforms.Deploy.0 = Release|x86
		{4C3C1504-E4AD-435A-B9F8-0AF6400F2A99}.Release|x64.ActiveCfg = Release|x64
		{4C3C1504-E4AD-435A-B9F8-0AF6400F2A99}.Release|x64.Build.0 = Release|x64
		{4C3C1504-E4AD-435A-B9F8-0AF6400F2A99}.Release|x64.Deploy.0 = Release|x64
		{4C3C1504-E4AD-435A-B9F8-0AF6400F2A99}.Release|x86.ActiveCfg = Release|x86
		{4C3C1504-E4AD-435A-B9F8-0AF6400F2A99}.Release|x86.Build.0 = Release|x86
		{4C3C1504-E4AD-435A-B9F8-0AF6400F2A99}.Release|x86.Deploy.0 = Release|x86
		{E4C6EFD5-FE6F-4AFF-8F41-329E9358E5CA}.Ad-Hoc|Any CPU.ActiveCfg = Release|x86
		{E4C6EFD5-FE6F-4AFF-8F41-329E9358E5CA}.Ad-Hoc|Any CPU.Build.0 = Release|x86
		{E4C6EFD5-FE6F-4AFF-8F41-329E9358E5CA}.Ad-Hoc|Any CPU.Deploy.0 = Release|x86
		{E4C6EFD5-FE6F-4AFF-8F41-329E9358E5CA}.Ad-Hoc|ARM.ActiveCfg = Release|ARM
		{E4C6EFD5-FE6F-4AFF-8F41-329E9358E5CA}.Ad-Hoc|ARM.Build.0 = Release|ARM
		{E4C6EFD5-FE6F-4AFF-8F41-329E9358E5CA}.Ad-Hoc|ARM.Deploy.0 = Release|ARM
		{E4C6EFD5-FE6F-4AFF-8F41-329E9358E5CA}.Ad-Hoc|iPhone.ActiveCfg = Release|x86
		{E4C6EFD5-FE6F-4AFF-8F41-329E9358E5CA}.Ad-Hoc|iPhone.Build.0 = Release|x86
		{E4C6EFD5-FE6F-4AFF-8F41-329E9358E5CA}.Ad-Hoc|iPhone.Deploy.0 = Release|x86
		{E4C6EFD5-FE6F-4AFF-8F41-329E9358E5CA}.Ad-Hoc|iPhoneSimulator.ActiveCfg = Release|x86
		{E4C6EFD5-FE6F-4AFF-8F41-329E9358E5CA}.Ad-Hoc|iPhoneSimulator.Build.0 = Release|x86
		{E4C6EFD5-FE6F-4AFF-8F41-329E9358E5CA}.Ad-Hoc|iPhoneSimulator.Deploy.0 = Release|x86
		{E4C6EFD5-FE6F-4AFF-8F41-329E9358E5CA}.Ad-Hoc|Mixed Platforms.ActiveCfg = Release|x86
		{E4C6EFD5-FE6F-4AFF-8F41-329E9358E5CA}.Ad-Hoc|Mixed Platforms.Build.0 = Release|x86
		{E4C6EFD5-FE6F-4AFF-8F41-329E9358E5CA}.Ad-Hoc|Mixed Platforms.Deploy.0 = Release|x86
		{E4C6EFD5-FE6F-4AFF-8F41-329E9358E5CA}.Ad-Hoc|x64.ActiveCfg = Release|x64
		{E4C6EFD5-FE6F-4AFF-8F41-329E9358E5CA}.Ad-Hoc|x64.Build.0 = Release|x64
		{E4C6EFD5-FE6F-4AFF-8F41-329E9358E5CA}.Ad-Hoc|x64.Deploy.0 = Release|x64
		{E4C6EFD5-FE6F-4AFF-8F41-329E9358E5CA}.Ad-Hoc|x86.ActiveCfg = Release|x86
		{E4C6EFD5-FE6F-4AFF-8F41-329E9358E5CA}.Ad-Hoc|x86.Build.0 = Release|x86
		{E4C6EFD5-FE6F-4AFF-8F41-329E9358E5CA}.Ad-Hoc|x86.Deploy.0 = Release|x86
		{E4C6EFD5-FE6F-4AFF-8F41-329E9358E5CA}.AppStore|Any CPU.ActiveCfg = Release|x86
		{E4C6EFD5-FE6F-4AFF-8F41-329E9358E5CA}.AppStore|Any CPU.Build.0 = Release|x86
		{E4C6EFD5-FE6F-4AFF-8F41-329E9358E5CA}.AppStore|Any CPU.Deploy.0 = Release|x86
		{E4C6EFD5-FE6F-4AFF-8F41-329E9358E5CA}.AppStore|ARM.ActiveCfg = Release|ARM
		{E4C6EFD5-FE6F-4AFF-8F41-329E9358E5CA}.AppStore|ARM.Build.0 = Release|ARM
		{E4C6EFD5-FE6F-4AFF-8F41-329E9358E5CA}.AppStore|ARM.Deploy.0 = Release|ARM
		{E4C6EFD5-FE6F-4AFF-8F41-329E9358E5CA}.AppStore|iPhone.ActiveCfg = Release|x86
		{E4C6EFD5-FE6F-4AFF-8F41-329E9358E5CA}.AppStore|iPhone.Build.0 = Release|x86
		{E4C6EFD5-FE6F-4AFF-8F41-329E9358E5CA}.AppStore|iPhone.Deploy.0 = Release|x86
		{E4C6EFD5-FE6F-4AFF-8F41-329E9358E5CA}.AppStore|iPhoneSimulator.ActiveCfg = Release|x86
		{E4C6EFD5-FE6F-4AFF-8F41-329E9358E5CA}.AppStore|iPhoneSimulator.Build.0 = Release|x86
		{E4C6EFD5-FE6F-4AFF-8F41-329E9358E5CA}.AppStore|iPhoneSimulator.Deploy.0 = Release|x86
		{E4C6EFD5-FE6F-4AFF-8F41-329E9358E5CA}.AppStore|Mixed Platforms.ActiveCfg = Release|x86
		{E4C6EFD5-FE6F-4AFF-8F41-329E9358E5CA}.AppStore|Mixed Platforms.Build.0 = Release|x86
		{E4C6EFD5-FE6F-4AFF-8F41-329E9358E5CA}.AppStore|Mixed Platforms.Deploy.0 = Release|x86
		{E4C6EFD5-FE6F-4AFF-8F41-329E9358E5CA}.AppStore|x64.ActiveCfg = Release|x64
		{E4C6EFD5-FE6F-4AFF-8F41-329E9358E5CA}.AppStore|x64.Build.0 = Release|x64
		{E4C6EFD5-FE6F-4AFF-8F41-329E9358E5CA}.AppStore|x64.Deploy.0 = Release|x64
		{E4C6EFD5-FE6F-4AFF-8F41-329E9358E5CA}.AppStore|x86.ActiveCfg = Release|x86
		{E4C6EFD5-FE6F-4AFF-8F41-329E9358E5CA}.AppStore|x86.Build.0 = Release|x86
		{E4C6EFD5-FE6F-4AFF-8F41-329E9358E5CA}.AppStore|x86.Deploy.0 = Release|x86
		{E4C6EFD5-FE6F-4AFF-8F41-329E9358E5CA}.Debug|Any CPU.ActiveCfg = Debug|x86
		{E4C6EFD5-FE6F-4AFF-8F41-329E9358E5CA}.Debug|Any CPU.Build.0 = Debug|x86
		{E4C6EFD5-FE6F-4AFF-8F41-329E9358E5CA}.Debug|Any CPU.Deploy.0 = Debug|x86
		{E4C6EFD5-FE6F-4AFF-8F41-329E9358E5CA}.Debug|ARM.ActiveCfg = Debug|ARM
		{E4C6EFD5-FE6F-4AFF-8F41-329E9358E5CA}.Debug|ARM.Build.0 = Debug|ARM
		{E4C6EFD5-FE6F-4AFF-8F41-329E9358E5CA}.Debug|ARM.Deploy.0 = Debug|ARM
		{E4C6EFD5-FE6F-4AFF-8F41-329E9358E5CA}.Debug|iPhone.ActiveCfg = Debug|x86
		{E4C6EFD5-FE6F-4AFF-8F41-329E9358E5CA}.Debug|iPhoneSimulator.ActiveCfg = Debug|x86
		{E4C6EFD5-FE6F-4AFF-8F41-329E9358E5CA}.Debug|Mixed Platforms.ActiveCfg = Debug|x86
		{E4C6EFD5-FE6F-4AFF-8F41-329E9358E5CA}.Debug|Mixed Platforms.Build.0 = Debug|x86
		{E4C6EFD5-FE6F-4AFF-8F41-329E9358E5CA}.Debug|Mixed Platforms.Deploy.0 = Debug|x86
		{E4C6EFD5-FE6F-4AFF-8F41-329E9358E5CA}.Debug|x64.ActiveCfg = Debug|x64
		{E4C6EFD5-FE6F-4AFF-8F41-329E9358E5CA}.Debug|x64.Build.0 = Debug|x64
		{E4C6EFD5-FE6F-4AFF-8F41-329E9358E5CA}.Debug|x64.Deploy.0 = Debug|x64
		{E4C6EFD5-FE6F-4AFF-8F41-329E9358E5CA}.Debug|x86.ActiveCfg = Debug|x86
		{E4C6EFD5-FE6F-4AFF-8F41-329E9358E5CA}.Debug|x86.Build.0 = Debug|x86
		{E4C6EFD5-FE6F-4AFF-8F41-329E9358E5CA}.Debug|x86.Deploy.0 = Debug|x86
		{E4C6EFD5-FE6F-4AFF-8F41-329E9358E5CA}.Release|Any CPU.ActiveCfg = Release|x86
		{E4C6EFD5-FE6F-4AFF-8F41-329E9358E5CA}.Release|ARM.ActiveCfg = Release|ARM
		{E4C6EFD5-FE6F-4AFF-8F41-329E9358E5CA}.Release|ARM.Build.0 = Release|ARM
		{E4C6EFD5-FE6F-4AFF-8F41-329E9358E5CA}.Release|ARM.Deploy.0 = Release|ARM
		{E4C6EFD5-FE6F-4AFF-8F41-329E9358E5CA}.Release|iPhone.ActiveCfg = Release|x86
		{E4C6EFD5-FE6F-4AFF-8F41-329E9358E5CA}.Release|iPhoneSimulator.ActiveCfg = Release|x86
		{E4C6EFD5-FE6F-4AFF-8F41-329E9358E5CA}.Release|Mixed Platforms.ActiveCfg = Release|x86
		{E4C6EFD5-FE6F-4AFF-8F41-329E9358E5CA}.Release|Mixed Platforms.Build.0 = Release|x86
		{E4C6EFD5-FE6F-4AFF-8F41-329E9358E5CA}.Release|Mixed Platforms.Deploy.0 = Release|x86
		{E4C6EFD5-FE6F-4AFF-8F41-329E9358E5CA}.Release|x64.ActiveCfg = Release|x64
		{E4C6EFD5-FE6F-4AFF-8F41-329E9358E5CA}.Release|x64.Build.0 = Release|x64
		{E4C6EFD5-FE6F-4AFF-8F41-329E9358E5CA}.Release|x64.Deploy.0 = Release|x64
		{E4C6EFD5-FE6F-4AFF-8F41-329E9358E5CA}.Release|x86.ActiveCfg = Release|x86
		{E4C6EFD5-FE6F-4AFF-8F41-329E9358E5CA}.Release|x86.Build.0 = Release|x86
		{E4C6EFD5-FE6F-4AFF-8F41-329E9358E5CA}.Release|x86.Deploy.0 = Release|x86
		{94E03520-1839-4917-847B-A60786F7CBE2}.Ad-Hoc|Any CPU.ActiveCfg = Release|Any CPU
		{94E03520-1839-4917-847B-A60786F7CBE2}.Ad-Hoc|Any CPU.Build.0 = Release|Any CPU
		{94E03520-1839-4917-847B-A60786F7CBE2}.Ad-Hoc|Any CPU.Deploy.0 = Release|Any CPU
		{94E03520-1839-4917-847B-A60786F7CBE2}.Ad-Hoc|ARM.ActiveCfg = Release|Any CPU
		{94E03520-1839-4917-847B-A60786F7CBE2}.Ad-Hoc|ARM.Build.0 = Release|Any CPU
		{94E03520-1839-4917-847B-A60786F7CBE2}.Ad-Hoc|ARM.Deploy.0 = Release|Any CPU
		{94E03520-1839-4917-847B-A60786F7CBE2}.Ad-Hoc|iPhone.ActiveCfg = Release|Any CPU
		{94E03520-1839-4917-847B-A60786F7CBE2}.Ad-Hoc|iPhone.Build.0 = Release|Any CPU
		{94E03520-1839-4917-847B-A60786F7CBE2}.Ad-Hoc|iPhone.Deploy.0 = Release|Any CPU
		{94E03520-1839-4917-847B-A60786F7CBE2}.Ad-Hoc|iPhoneSimulator.ActiveCfg = Release|Any CPU
		{94E03520-1839-4917-847B-A60786F7CBE2}.Ad-Hoc|iPhoneSimulator.Build.0 = Release|Any CPU
		{94E03520-1839-4917-847B-A60786F7CBE2}.Ad-Hoc|iPhoneSimulator.Deploy.0 = Release|Any CPU
		{94E03520-1839-4917-847B-A60786F7CBE2}.Ad-Hoc|Mixed Platforms.ActiveCfg = Release|Any CPU
		{94E03520-1839-4917-847B-A60786F7CBE2}.Ad-Hoc|Mixed Platforms.Build.0 = Release|Any CPU
		{94E03520-1839-4917-847B-A60786F7CBE2}.Ad-Hoc|Mixed Platforms.Deploy.0 = Release|Any CPU
		{94E03520-1839-4917-847B-A60786F7CBE2}.Ad-Hoc|x64.ActiveCfg = Release|Any CPU
		{94E03520-1839-4917-847B-A60786F7CBE2}.Ad-Hoc|x64.Build.0 = Release|Any CPU
		{94E03520-1839-4917-847B-A60786F7CBE2}.Ad-Hoc|x64.Deploy.0 = Release|Any CPU
		{94E03520-1839-4917-847B-A60786F7CBE2}.Ad-Hoc|x86.ActiveCfg = Release|Any CPU
		{94E03520-1839-4917-847B-A60786F7CBE2}.Ad-Hoc|x86.Build.0 = Release|Any CPU
		{94E03520-1839-4917-847B-A60786F7CBE2}.Ad-Hoc|x86.Deploy.0 = Release|Any CPU
		{94E03520-1839-4917-847B-A60786F7CBE2}.AppStore|Any CPU.ActiveCfg = Release|Any CPU
		{94E03520-1839-4917-847B-A60786F7CBE2}.AppStore|Any CPU.Build.0 = Release|Any CPU
		{94E03520-1839-4917-847B-A60786F7CBE2}.AppStore|Any CPU.Deploy.0 = Release|Any CPU
		{94E03520-1839-4917-847B-A60786F7CBE2}.AppStore|ARM.ActiveCfg = Release|Any CPU
		{94E03520-1839-4917-847B-A60786F7CBE2}.AppStore|ARM.Build.0 = Release|Any CPU
		{94E03520-1839-4917-847B-A60786F7CBE2}.AppStore|ARM.Deploy.0 = Release|Any CPU
		{94E03520-1839-4917-847B-A60786F7CBE2}.AppStore|iPhone.ActiveCfg = Release|Any CPU
		{94E03520-1839-4917-847B-A60786F7CBE2}.AppStore|iPhone.Build.0 = Release|Any CPU
		{94E03520-1839-4917-847B-A60786F7CBE2}.AppStore|iPhone.Deploy.0 = Release|Any CPU
		{94E03520-1839-4917-847B-A60786F7CBE2}.AppStore|iPhoneSimulator.ActiveCfg = Release|Any CPU
		{94E03520-1839-4917-847B-A60786F7CBE2}.AppStore|iPhoneSimulator.Build.0 = Release|Any CPU
		{94E03520-1839-4917-847B-A60786F7CBE2}.AppStore|iPhoneSimulator.Deploy.0 = Release|Any CPU
		{94E03520-1839-4917-847B-A60786F7CBE2}.AppStore|Mixed Platforms.ActiveCfg = Release|Any CPU
		{94E03520-1839-4917-847B-A60786F7CBE2}.AppStore|Mixed Platforms.Build.0 = Release|Any CPU
		{94E03520-1839-4917-847B-A60786F7CBE2}.AppStore|Mixed Platforms.Deploy.0 = Release|Any CPU
		{94E03520-1839-4917-847B-A60786F7CBE2}.AppStore|x64.ActiveCfg = Release|Any CPU
		{94E03520-1839-4917-847B-A60786F7CBE2}.AppStore|x64.Build.0 = Release|Any CPU
		{94E03520-1839-4917-847B-A60786F7CBE2}.AppStore|x64.Deploy.0 = Release|Any CPU
		{94E03520-1839-4917-847B-A60786F7CBE2}.AppStore|x86.ActiveCfg = Release|Any CPU
		{94E03520-1839-4917-847B-A60786F7CBE2}.AppStore|x86.Build.0 = Release|Any CPU
		{94E03520-1839-4917-847B-A60786F7CBE2}.AppStore|x86.Deploy.0 = Release|Any CPU
		{94E03520-1839-4917-847B-A60786F7CBE2}.Debug|Any CPU.ActiveCfg = Debug|Any CPU
		{94E03520-1839-4917-847B-A60786F7CBE2}.Debug|Any CPU.Build.0 = Debug|Any CPU
		{94E03520-1839-4917-847B-A60786F7CBE2}.Debug|Any CPU.Deploy.0 = Debug|Any CPU
		{94E03520-1839-4917-847B-A60786F7CBE2}.Debug|ARM.ActiveCfg = Debug|Any CPU
		{94E03520-1839-4917-847B-A60786F7CBE2}.Debug|ARM.Build.0 = Debug|Any CPU
		{94E03520-1839-4917-847B-A60786F7CBE2}.Debug|ARM.Deploy.0 = Debug|Any CPU
		{94E03520-1839-4917-847B-A60786F7CBE2}.Debug|iPhone.ActiveCfg = Debug|Any CPU
		{94E03520-1839-4917-847B-A60786F7CBE2}.Debug|iPhone.Build.0 = Debug|Any CPU
		{94E03520-1839-4917-847B-A60786F7CBE2}.Debug|iPhone.Deploy.0 = Debug|Any CPU
		{94E03520-1839-4917-847B-A60786F7CBE2}.Debug|iPhoneSimulator.ActiveCfg = Debug|Any CPU
		{94E03520-1839-4917-847B-A60786F7CBE2}.Debug|iPhoneSimulator.Build.0 = Debug|Any CPU
		{94E03520-1839-4917-847B-A60786F7CBE2}.Debug|iPhoneSimulator.Deploy.0 = Debug|Any CPU
		{94E03520-1839-4917-847B-A60786F7CBE2}.Debug|Mixed Platforms.ActiveCfg = Debug|Any CPU
		{94E03520-1839-4917-847B-A60786F7CBE2}.Debug|Mixed Platforms.Build.0 = Debug|Any CPU
		{94E03520-1839-4917-847B-A60786F7CBE2}.Debug|Mixed Platforms.Deploy.0 = Debug|Any CPU
		{94E03520-1839-4917-847B-A60786F7CBE2}.Debug|x64.ActiveCfg = Debug|Any CPU
		{94E03520-1839-4917-847B-A60786F7CBE2}.Debug|x64.Build.0 = Debug|Any CPU
		{94E03520-1839-4917-847B-A60786F7CBE2}.Debug|x64.Deploy.0 = Debug|Any CPU
		{94E03520-1839-4917-847B-A60786F7CBE2}.Debug|x86.ActiveCfg = Debug|Any CPU
		{94E03520-1839-4917-847B-A60786F7CBE2}.Debug|x86.Build.0 = Debug|Any CPU
		{94E03520-1839-4917-847B-A60786F7CBE2}.Debug|x86.Deploy.0 = Debug|Any CPU
		{94E03520-1839-4917-847B-A60786F7CBE2}.Release|Any CPU.ActiveCfg = Release|Any CPU
		{94E03520-1839-4917-847B-A60786F7CBE2}.Release|Any CPU.Build.0 = Release|Any CPU
		{94E03520-1839-4917-847B-A60786F7CBE2}.Release|Any CPU.Deploy.0 = Release|Any CPU
		{94E03520-1839-4917-847B-A60786F7CBE2}.Release|ARM.ActiveCfg = Release|Any CPU
		{94E03520-1839-4917-847B-A60786F7CBE2}.Release|ARM.Build.0 = Release|Any CPU
		{94E03520-1839-4917-847B-A60786F7CBE2}.Release|ARM.Deploy.0 = Release|Any CPU
		{94E03520-1839-4917-847B-A60786F7CBE2}.Release|iPhone.ActiveCfg = Release|Any CPU
		{94E03520-1839-4917-847B-A60786F7CBE2}.Release|iPhone.Build.0 = Release|Any CPU
		{94E03520-1839-4917-847B-A60786F7CBE2}.Release|iPhone.Deploy.0 = Release|Any CPU
		{94E03520-1839-4917-847B-A60786F7CBE2}.Release|iPhoneSimulator.ActiveCfg = Release|Any CPU
		{94E03520-1839-4917-847B-A60786F7CBE2}.Release|iPhoneSimulator.Build.0 = Release|Any CPU
		{94E03520-1839-4917-847B-A60786F7CBE2}.Release|iPhoneSimulator.Deploy.0 = Release|Any CPU
		{94E03520-1839-4917-847B-A60786F7CBE2}.Release|Mixed Platforms.ActiveCfg = Release|Any CPU
		{94E03520-1839-4917-847B-A60786F7CBE2}.Release|Mixed Platforms.Build.0 = Release|Any CPU
		{94E03520-1839-4917-847B-A60786F7CBE2}.Release|Mixed Platforms.Deploy.0 = Release|Any CPU
		{94E03520-1839-4917-847B-A60786F7CBE2}.Release|x64.ActiveCfg = Release|Any CPU
		{94E03520-1839-4917-847B-A60786F7CBE2}.Release|x64.Build.0 = Release|Any CPU
		{94E03520-1839-4917-847B-A60786F7CBE2}.Release|x64.Deploy.0 = Release|Any CPU
		{94E03520-1839-4917-847B-A60786F7CBE2}.Release|x86.ActiveCfg = Release|Any CPU
		{94E03520-1839-4917-847B-A60786F7CBE2}.Release|x86.Build.0 = Release|Any CPU
		{94E03520-1839-4917-847B-A60786F7CBE2}.Release|x86.Deploy.0 = Release|Any CPU
		{77794694-2474-4ABD-9DE1-29E16C2D6515}.Ad-Hoc|Any CPU.ActiveCfg = Ad-Hoc|iPhone
		{77794694-2474-4ABD-9DE1-29E16C2D6515}.Ad-Hoc|ARM.ActiveCfg = Ad-Hoc|iPhone
		{77794694-2474-4ABD-9DE1-29E16C2D6515}.Ad-Hoc|iPhone.ActiveCfg = Ad-Hoc|iPhone
		{77794694-2474-4ABD-9DE1-29E16C2D6515}.Ad-Hoc|iPhone.Build.0 = Ad-Hoc|iPhone
		{77794694-2474-4ABD-9DE1-29E16C2D6515}.Ad-Hoc|iPhoneSimulator.ActiveCfg = Ad-Hoc|iPhoneSimulator
		{77794694-2474-4ABD-9DE1-29E16C2D6515}.Ad-Hoc|iPhoneSimulator.Build.0 = Ad-Hoc|iPhoneSimulator
		{77794694-2474-4ABD-9DE1-29E16C2D6515}.Ad-Hoc|Mixed Platforms.ActiveCfg = Ad-Hoc|iPhone
		{77794694-2474-4ABD-9DE1-29E16C2D6515}.Ad-Hoc|Mixed Platforms.Build.0 = Ad-Hoc|iPhone
		{77794694-2474-4ABD-9DE1-29E16C2D6515}.Ad-Hoc|x64.ActiveCfg = Ad-Hoc|iPhone
		{77794694-2474-4ABD-9DE1-29E16C2D6515}.Ad-Hoc|x86.ActiveCfg = Ad-Hoc|iPhone
		{77794694-2474-4ABD-9DE1-29E16C2D6515}.AppStore|Any CPU.ActiveCfg = AppStore|iPhone
		{77794694-2474-4ABD-9DE1-29E16C2D6515}.AppStore|ARM.ActiveCfg = AppStore|iPhone
		{77794694-2474-4ABD-9DE1-29E16C2D6515}.AppStore|iPhone.ActiveCfg = AppStore|iPhone
		{77794694-2474-4ABD-9DE1-29E16C2D6515}.AppStore|iPhone.Build.0 = AppStore|iPhone
		{77794694-2474-4ABD-9DE1-29E16C2D6515}.AppStore|iPhoneSimulator.ActiveCfg = AppStore|iPhoneSimulator
		{77794694-2474-4ABD-9DE1-29E16C2D6515}.AppStore|iPhoneSimulator.Build.0 = AppStore|iPhoneSimulator
		{77794694-2474-4ABD-9DE1-29E16C2D6515}.AppStore|Mixed Platforms.ActiveCfg = AppStore|iPhone
		{77794694-2474-4ABD-9DE1-29E16C2D6515}.AppStore|Mixed Platforms.Build.0 = AppStore|iPhone
		{77794694-2474-4ABD-9DE1-29E16C2D6515}.AppStore|x64.ActiveCfg = AppStore|iPhone
		{77794694-2474-4ABD-9DE1-29E16C2D6515}.AppStore|x86.ActiveCfg = AppStore|iPhone
		{77794694-2474-4ABD-9DE1-29E16C2D6515}.Debug|Any CPU.ActiveCfg = Debug|iPhone
		{77794694-2474-4ABD-9DE1-29E16C2D6515}.Debug|Any CPU.Build.0 = Debug|iPhone
		{77794694-2474-4ABD-9DE1-29E16C2D6515}.Debug|ARM.ActiveCfg = Debug|iPhone
		{77794694-2474-4ABD-9DE1-29E16C2D6515}.Debug|iPhone.ActiveCfg = Debug|iPhone
		{77794694-2474-4ABD-9DE1-29E16C2D6515}.Debug|iPhone.Build.0 = Debug|iPhone
		{77794694-2474-4ABD-9DE1-29E16C2D6515}.Debug|iPhoneSimulator.ActiveCfg = Debug|iPhoneSimulator
		{77794694-2474-4ABD-9DE1-29E16C2D6515}.Debug|iPhoneSimulator.Build.0 = Debug|iPhoneSimulator
		{77794694-2474-4ABD-9DE1-29E16C2D6515}.Debug|Mixed Platforms.ActiveCfg = Debug|iPhone
		{77794694-2474-4ABD-9DE1-29E16C2D6515}.Debug|Mixed Platforms.Build.0 = Debug|iPhone
		{77794694-2474-4ABD-9DE1-29E16C2D6515}.Debug|x64.ActiveCfg = Debug|iPhone
		{77794694-2474-4ABD-9DE1-29E16C2D6515}.Debug|x86.ActiveCfg = Debug|iPhone
		{77794694-2474-4ABD-9DE1-29E16C2D6515}.Release|Any CPU.ActiveCfg = Release|iPhone
		{77794694-2474-4ABD-9DE1-29E16C2D6515}.Release|ARM.ActiveCfg = Release|iPhone
		{77794694-2474-4ABD-9DE1-29E16C2D6515}.Release|iPhone.ActiveCfg = Release|iPhone
		{77794694-2474-4ABD-9DE1-29E16C2D6515}.Release|iPhone.Build.0 = Release|iPhone
		{77794694-2474-4ABD-9DE1-29E16C2D6515}.Release|iPhoneSimulator.ActiveCfg = Release|iPhoneSimulator
		{77794694-2474-4ABD-9DE1-29E16C2D6515}.Release|iPhoneSimulator.Build.0 = Release|iPhoneSimulator
		{77794694-2474-4ABD-9DE1-29E16C2D6515}.Release|Mixed Platforms.ActiveCfg = Release|iPhone
		{77794694-2474-4ABD-9DE1-29E16C2D6515}.Release|Mixed Platforms.Build.0 = Release|iPhone
		{77794694-2474-4ABD-9DE1-29E16C2D6515}.Release|x64.ActiveCfg = Release|iPhone
		{77794694-2474-4ABD-9DE1-29E16C2D6515}.Release|x86.ActiveCfg = Release|iPhone
		{F54A9F65-4811-4CE4-9BC3-76DFA8795AF5}.Ad-Hoc|Any CPU.ActiveCfg = Release|x86
		{F54A9F65-4811-4CE4-9BC3-76DFA8795AF5}.Ad-Hoc|Any CPU.Build.0 = Release|x86
		{F54A9F65-4811-4CE4-9BC3-76DFA8795AF5}.Ad-Hoc|Any CPU.Deploy.0 = Release|x86
		{F54A9F65-4811-4CE4-9BC3-76DFA8795AF5}.Ad-Hoc|ARM.ActiveCfg = Release|ARM
		{F54A9F65-4811-4CE4-9BC3-76DFA8795AF5}.Ad-Hoc|ARM.Build.0 = Release|ARM
		{F54A9F65-4811-4CE4-9BC3-76DFA8795AF5}.Ad-Hoc|ARM.Deploy.0 = Release|ARM
		{F54A9F65-4811-4CE4-9BC3-76DFA8795AF5}.Ad-Hoc|iPhone.ActiveCfg = Release|x86
		{F54A9F65-4811-4CE4-9BC3-76DFA8795AF5}.Ad-Hoc|iPhone.Build.0 = Release|x86
		{F54A9F65-4811-4CE4-9BC3-76DFA8795AF5}.Ad-Hoc|iPhone.Deploy.0 = Release|x86
		{F54A9F65-4811-4CE4-9BC3-76DFA8795AF5}.Ad-Hoc|iPhoneSimulator.ActiveCfg = Release|x86
		{F54A9F65-4811-4CE4-9BC3-76DFA8795AF5}.Ad-Hoc|iPhoneSimulator.Build.0 = Release|x86
		{F54A9F65-4811-4CE4-9BC3-76DFA8795AF5}.Ad-Hoc|iPhoneSimulator.Deploy.0 = Release|x86
		{F54A9F65-4811-4CE4-9BC3-76DFA8795AF5}.Ad-Hoc|Mixed Platforms.ActiveCfg = Release|x86
		{F54A9F65-4811-4CE4-9BC3-76DFA8795AF5}.Ad-Hoc|Mixed Platforms.Build.0 = Release|x86
		{F54A9F65-4811-4CE4-9BC3-76DFA8795AF5}.Ad-Hoc|Mixed Platforms.Deploy.0 = Release|x86
		{F54A9F65-4811-4CE4-9BC3-76DFA8795AF5}.Ad-Hoc|x64.ActiveCfg = Release|x64
		{F54A9F65-4811-4CE4-9BC3-76DFA8795AF5}.Ad-Hoc|x64.Build.0 = Release|x64
		{F54A9F65-4811-4CE4-9BC3-76DFA8795AF5}.Ad-Hoc|x64.Deploy.0 = Release|x64
		{F54A9F65-4811-4CE4-9BC3-76DFA8795AF5}.Ad-Hoc|x86.ActiveCfg = Release|x86
		{F54A9F65-4811-4CE4-9BC3-76DFA8795AF5}.Ad-Hoc|x86.Build.0 = Release|x86
		{F54A9F65-4811-4CE4-9BC3-76DFA8795AF5}.Ad-Hoc|x86.Deploy.0 = Release|x86
		{F54A9F65-4811-4CE4-9BC3-76DFA8795AF5}.AppStore|Any CPU.ActiveCfg = Release|x86
		{F54A9F65-4811-4CE4-9BC3-76DFA8795AF5}.AppStore|Any CPU.Build.0 = Release|x86
		{F54A9F65-4811-4CE4-9BC3-76DFA8795AF5}.AppStore|Any CPU.Deploy.0 = Release|x86
		{F54A9F65-4811-4CE4-9BC3-76DFA8795AF5}.AppStore|ARM.ActiveCfg = Release|ARM
		{F54A9F65-4811-4CE4-9BC3-76DFA8795AF5}.AppStore|ARM.Build.0 = Release|ARM
		{F54A9F65-4811-4CE4-9BC3-76DFA8795AF5}.AppStore|ARM.Deploy.0 = Release|ARM
		{F54A9F65-4811-4CE4-9BC3-76DFA8795AF5}.AppStore|iPhone.ActiveCfg = Release|x86
		{F54A9F65-4811-4CE4-9BC3-76DFA8795AF5}.AppStore|iPhone.Build.0 = Release|x86
		{F54A9F65-4811-4CE4-9BC3-76DFA8795AF5}.AppStore|iPhone.Deploy.0 = Release|x86
		{F54A9F65-4811-4CE4-9BC3-76DFA8795AF5}.AppStore|iPhoneSimulator.ActiveCfg = Release|x86
		{F54A9F65-4811-4CE4-9BC3-76DFA8795AF5}.AppStore|iPhoneSimulator.Build.0 = Release|x86
		{F54A9F65-4811-4CE4-9BC3-76DFA8795AF5}.AppStore|iPhoneSimulator.Deploy.0 = Release|x86
		{F54A9F65-4811-4CE4-9BC3-76DFA8795AF5}.AppStore|Mixed Platforms.ActiveCfg = Release|x86
		{F54A9F65-4811-4CE4-9BC3-76DFA8795AF5}.AppStore|Mixed Platforms.Build.0 = Release|x86
		{F54A9F65-4811-4CE4-9BC3-76DFA8795AF5}.AppStore|Mixed Platforms.Deploy.0 = Release|x86
		{F54A9F65-4811-4CE4-9BC3-76DFA8795AF5}.AppStore|x64.ActiveCfg = Release|x64
		{F54A9F65-4811-4CE4-9BC3-76DFA8795AF5}.AppStore|x64.Build.0 = Release|x64
		{F54A9F65-4811-4CE4-9BC3-76DFA8795AF5}.AppStore|x64.Deploy.0 = Release|x64
		{F54A9F65-4811-4CE4-9BC3-76DFA8795AF5}.AppStore|x86.ActiveCfg = Release|x86
		{F54A9F65-4811-4CE4-9BC3-76DFA8795AF5}.AppStore|x86.Build.0 = Release|x86
		{F54A9F65-4811-4CE4-9BC3-76DFA8795AF5}.AppStore|x86.Deploy.0 = Release|x86
		{F54A9F65-4811-4CE4-9BC3-76DFA8795AF5}.Debug|Any CPU.ActiveCfg = Debug|x86
		{F54A9F65-4811-4CE4-9BC3-76DFA8795AF5}.Debug|ARM.ActiveCfg = Debug|ARM
		{F54A9F65-4811-4CE4-9BC3-76DFA8795AF5}.Debug|ARM.Build.0 = Debug|ARM
		{F54A9F65-4811-4CE4-9BC3-76DFA8795AF5}.Debug|ARM.Deploy.0 = Debug|ARM
		{F54A9F65-4811-4CE4-9BC3-76DFA8795AF5}.Debug|iPhone.ActiveCfg = Debug|x86
		{F54A9F65-4811-4CE4-9BC3-76DFA8795AF5}.Debug|iPhoneSimulator.ActiveCfg = Debug|x86
		{F54A9F65-4811-4CE4-9BC3-76DFA8795AF5}.Debug|Mixed Platforms.ActiveCfg = Debug|x86
		{F54A9F65-4811-4CE4-9BC3-76DFA8795AF5}.Debug|Mixed Platforms.Build.0 = Debug|x86
		{F54A9F65-4811-4CE4-9BC3-76DFA8795AF5}.Debug|Mixed Platforms.Deploy.0 = Debug|x86
		{F54A9F65-4811-4CE4-9BC3-76DFA8795AF5}.Debug|x64.ActiveCfg = Debug|x64
		{F54A9F65-4811-4CE4-9BC3-76DFA8795AF5}.Debug|x64.Build.0 = Debug|x64
		{F54A9F65-4811-4CE4-9BC3-76DFA8795AF5}.Debug|x64.Deploy.0 = Debug|x64
		{F54A9F65-4811-4CE4-9BC3-76DFA8795AF5}.Debug|x86.ActiveCfg = Debug|x86
		{F54A9F65-4811-4CE4-9BC3-76DFA8795AF5}.Debug|x86.Build.0 = Debug|x86
		{F54A9F65-4811-4CE4-9BC3-76DFA8795AF5}.Debug|x86.Deploy.0 = Debug|x86
		{F54A9F65-4811-4CE4-9BC3-76DFA8795AF5}.Release|Any CPU.ActiveCfg = Release|x86
		{F54A9F65-4811-4CE4-9BC3-76DFA8795AF5}.Release|ARM.ActiveCfg = Release|ARM
		{F54A9F65-4811-4CE4-9BC3-76DFA8795AF5}.Release|ARM.Build.0 = Release|ARM
		{F54A9F65-4811-4CE4-9BC3-76DFA8795AF5}.Release|ARM.Deploy.0 = Release|ARM
		{F54A9F65-4811-4CE4-9BC3-76DFA8795AF5}.Release|iPhone.ActiveCfg = Release|x86
		{F54A9F65-4811-4CE4-9BC3-76DFA8795AF5}.Release|iPhoneSimulator.ActiveCfg = Release|x86
		{F54A9F65-4811-4CE4-9BC3-76DFA8795AF5}.Release|Mixed Platforms.ActiveCfg = Release|x86
		{F54A9F65-4811-4CE4-9BC3-76DFA8795AF5}.Release|Mixed Platforms.Build.0 = Release|x86
		{F54A9F65-4811-4CE4-9BC3-76DFA8795AF5}.Release|Mixed Platforms.Deploy.0 = Release|x86
		{F54A9F65-4811-4CE4-9BC3-76DFA8795AF5}.Release|x64.ActiveCfg = Release|x64
		{F54A9F65-4811-4CE4-9BC3-76DFA8795AF5}.Release|x64.Build.0 = Release|x64
		{F54A9F65-4811-4CE4-9BC3-76DFA8795AF5}.Release|x64.Deploy.0 = Release|x64
		{F54A9F65-4811-4CE4-9BC3-76DFA8795AF5}.Release|x86.ActiveCfg = Release|x86
		{F54A9F65-4811-4CE4-9BC3-76DFA8795AF5}.Release|x86.Build.0 = Release|x86
		{F54A9F65-4811-4CE4-9BC3-76DFA8795AF5}.Release|x86.Deploy.0 = Release|x86
		{B395D733-D3E3-404F-B978-3429E4E1E603}.Ad-Hoc|Any CPU.ActiveCfg = Release|x86
		{B395D733-D3E3-404F-B978-3429E4E1E603}.Ad-Hoc|Any CPU.Build.0 = Release|x86
		{B395D733-D3E3-404F-B978-3429E4E1E603}.Ad-Hoc|Any CPU.Deploy.0 = Release|x86
		{B395D733-D3E3-404F-B978-3429E4E1E603}.Ad-Hoc|ARM.ActiveCfg = Release|ARM
		{B395D733-D3E3-404F-B978-3429E4E1E603}.Ad-Hoc|ARM.Build.0 = Release|ARM
		{B395D733-D3E3-404F-B978-3429E4E1E603}.Ad-Hoc|ARM.Deploy.0 = Release|ARM
		{B395D733-D3E3-404F-B978-3429E4E1E603}.Ad-Hoc|iPhone.ActiveCfg = Release|x86
		{B395D733-D3E3-404F-B978-3429E4E1E603}.Ad-Hoc|iPhone.Build.0 = Release|x86
		{B395D733-D3E3-404F-B978-3429E4E1E603}.Ad-Hoc|iPhone.Deploy.0 = Release|x86
		{B395D733-D3E3-404F-B978-3429E4E1E603}.Ad-Hoc|iPhoneSimulator.ActiveCfg = Release|x86
		{B395D733-D3E3-404F-B978-3429E4E1E603}.Ad-Hoc|iPhoneSimulator.Build.0 = Release|x86
		{B395D733-D3E3-404F-B978-3429E4E1E603}.Ad-Hoc|iPhoneSimulator.Deploy.0 = Release|x86
		{B395D733-D3E3-404F-B978-3429E4E1E603}.Ad-Hoc|Mixed Platforms.ActiveCfg = Release|x86
		{B395D733-D3E3-404F-B978-3429E4E1E603}.Ad-Hoc|Mixed Platforms.Build.0 = Release|x86
		{B395D733-D3E3-404F-B978-3429E4E1E603}.Ad-Hoc|Mixed Platforms.Deploy.0 = Release|x86
		{B395D733-D3E3-404F-B978-3429E4E1E603}.Ad-Hoc|x64.ActiveCfg = Release|x64
		{B395D733-D3E3-404F-B978-3429E4E1E603}.Ad-Hoc|x64.Build.0 = Release|x64
		{B395D733-D3E3-404F-B978-3429E4E1E603}.Ad-Hoc|x64.Deploy.0 = Release|x64
		{B395D733-D3E3-404F-B978-3429E4E1E603}.Ad-Hoc|x86.ActiveCfg = Release|x86
		{B395D733-D3E3-404F-B978-3429E4E1E603}.Ad-Hoc|x86.Build.0 = Release|x86
		{B395D733-D3E3-404F-B978-3429E4E1E603}.Ad-Hoc|x86.Deploy.0 = Release|x86
		{B395D733-D3E3-404F-B978-3429E4E1E603}.AppStore|Any CPU.ActiveCfg = Release|x86
		{B395D733-D3E3-404F-B978-3429E4E1E603}.AppStore|Any CPU.Build.0 = Release|x86
		{B395D733-D3E3-404F-B978-3429E4E1E603}.AppStore|Any CPU.Deploy.0 = Release|x86
		{B395D733-D3E3-404F-B978-3429E4E1E603}.AppStore|ARM.ActiveCfg = Release|ARM
		{B395D733-D3E3-404F-B978-3429E4E1E603}.AppStore|ARM.Build.0 = Release|ARM
		{B395D733-D3E3-404F-B978-3429E4E1E603}.AppStore|ARM.Deploy.0 = Release|ARM
		{B395D733-D3E3-404F-B978-3429E4E1E603}.AppStore|iPhone.ActiveCfg = Release|x86
		{B395D733-D3E3-404F-B978-3429E4E1E603}.AppStore|iPhone.Build.0 = Release|x86
		{B395D733-D3E3-404F-B978-3429E4E1E603}.AppStore|iPhone.Deploy.0 = Release|x86
		{B395D733-D3E3-404F-B978-3429E4E1E603}.AppStore|iPhoneSimulator.ActiveCfg = Release|x86
		{B395D733-D3E3-404F-B978-3429E4E1E603}.AppStore|iPhoneSimulator.Build.0 = Release|x86
		{B395D733-D3E3-404F-B978-3429E4E1E603}.AppStore|iPhoneSimulator.Deploy.0 = Release|x86
		{B395D733-D3E3-404F-B978-3429E4E1E603}.AppStore|Mixed Platforms.ActiveCfg = Release|x86
		{B395D733-D3E3-404F-B978-3429E4E1E603}.AppStore|Mixed Platforms.Build.0 = Release|x86
		{B395D733-D3E3-404F-B978-3429E4E1E603}.AppStore|Mixed Platforms.Deploy.0 = Release|x86
		{B395D733-D3E3-404F-B978-3429E4E1E603}.AppStore|x64.ActiveCfg = Release|x64
		{B395D733-D3E3-404F-B978-3429E4E1E603}.AppStore|x64.Build.0 = Release|x64
		{B395D733-D3E3-404F-B978-3429E4E1E603}.AppStore|x64.Deploy.0 = Release|x64
		{B395D733-D3E3-404F-B978-3429E4E1E603}.AppStore|x86.ActiveCfg = Release|x86
		{B395D733-D3E3-404F-B978-3429E4E1E603}.AppStore|x86.Build.0 = Release|x86
		{B395D733-D3E3-404F-B978-3429E4E1E603}.AppStore|x86.Deploy.0 = Release|x86
		{B395D733-D3E3-404F-B978-3429E4E1E603}.Debug|Any CPU.ActiveCfg = Debug|x86
		{B395D733-D3E3-404F-B978-3429E4E1E603}.Debug|ARM.ActiveCfg = Debug|ARM
		{B395D733-D3E3-404F-B978-3429E4E1E603}.Debug|ARM.Build.0 = Debug|ARM
		{B395D733-D3E3-404F-B978-3429E4E1E603}.Debug|ARM.Deploy.0 = Debug|ARM
		{B395D733-D3E3-404F-B978-3429E4E1E603}.Debug|iPhone.ActiveCfg = Debug|x86
		{B395D733-D3E3-404F-B978-3429E4E1E603}.Debug|iPhoneSimulator.ActiveCfg = Debug|x86
		{B395D733-D3E3-404F-B978-3429E4E1E603}.Debug|Mixed Platforms.ActiveCfg = Debug|x86
		{B395D733-D3E3-404F-B978-3429E4E1E603}.Debug|Mixed Platforms.Build.0 = Debug|x86
		{B395D733-D3E3-404F-B978-3429E4E1E603}.Debug|Mixed Platforms.Deploy.0 = Debug|x86
		{B395D733-D3E3-404F-B978-3429E4E1E603}.Debug|x64.ActiveCfg = Debug|x64
		{B395D733-D3E3-404F-B978-3429E4E1E603}.Debug|x64.Build.0 = Debug|x64
		{B395D733-D3E3-404F-B978-3429E4E1E603}.Debug|x64.Deploy.0 = Debug|x64
		{B395D733-D3E3-404F-B978-3429E4E1E603}.Debug|x86.ActiveCfg = Debug|x86
		{B395D733-D3E3-404F-B978-3429E4E1E603}.Debug|x86.Build.0 = Debug|x86
		{B395D733-D3E3-404F-B978-3429E4E1E603}.Debug|x86.Deploy.0 = Debug|x86
		{B395D733-D3E3-404F-B978-3429E4E1E603}.Release|Any CPU.ActiveCfg = Release|x86
		{B395D733-D3E3-404F-B978-3429E4E1E603}.Release|ARM.ActiveCfg = Release|ARM
		{B395D733-D3E3-404F-B978-3429E4E1E603}.Release|ARM.Build.0 = Release|ARM
		{B395D733-D3E3-404F-B978-3429E4E1E603}.Release|ARM.Deploy.0 = Release|ARM
		{B395D733-D3E3-404F-B978-3429E4E1E603}.Release|iPhone.ActiveCfg = Release|x86
		{B395D733-D3E3-404F-B978-3429E4E1E603}.Release|iPhoneSimulator.ActiveCfg = Release|x86
		{B395D733-D3E3-404F-B978-3429E4E1E603}.Release|Mixed Platforms.ActiveCfg = Release|x86
		{B395D733-D3E3-404F-B978-3429E4E1E603}.Release|Mixed Platforms.Build.0 = Release|x86
		{B395D733-D3E3-404F-B978-3429E4E1E603}.Release|Mixed Platforms.Deploy.0 = Release|x86
		{B395D733-D3E3-404F-B978-3429E4E1E603}.Release|x64.ActiveCfg = Release|x64
		{B395D733-D3E3-404F-B978-3429E4E1E603}.Release|x64.Build.0 = Release|x64
		{B395D733-D3E3-404F-B978-3429E4E1E603}.Release|x64.Deploy.0 = Release|x64
		{B395D733-D3E3-404F-B978-3429E4E1E603}.Release|x86.ActiveCfg = Release|x86
		{B395D733-D3E3-404F-B978-3429E4E1E603}.Release|x86.Build.0 = Release|x86
		{B395D733-D3E3-404F-B978-3429E4E1E603}.Release|x86.Deploy.0 = Release|x86
		{24DACD61-CDB4-4EDA-9D9F-9D2184D66A00}.Ad-Hoc|Any CPU.ActiveCfg = Debug|Any CPU
		{24DACD61-CDB4-4EDA-9D9F-9D2184D66A00}.Ad-Hoc|Any CPU.Build.0 = Debug|Any CPU
		{24DACD61-CDB4-4EDA-9D9F-9D2184D66A00}.Ad-Hoc|ARM.ActiveCfg = Debug|Any CPU
		{24DACD61-CDB4-4EDA-9D9F-9D2184D66A00}.Ad-Hoc|ARM.Build.0 = Debug|Any CPU
		{24DACD61-CDB4-4EDA-9D9F-9D2184D66A00}.Ad-Hoc|iPhone.ActiveCfg = Debug|Any CPU
		{24DACD61-CDB4-4EDA-9D9F-9D2184D66A00}.Ad-Hoc|iPhone.Build.0 = Debug|Any CPU
		{24DACD61-CDB4-4EDA-9D9F-9D2184D66A00}.Ad-Hoc|iPhoneSimulator.ActiveCfg = Debug|Any CPU
		{24DACD61-CDB4-4EDA-9D9F-9D2184D66A00}.Ad-Hoc|iPhoneSimulator.Build.0 = Debug|Any CPU
		{24DACD61-CDB4-4EDA-9D9F-9D2184D66A00}.Ad-Hoc|Mixed Platforms.ActiveCfg = Debug|Any CPU
		{24DACD61-CDB4-4EDA-9D9F-9D2184D66A00}.Ad-Hoc|Mixed Platforms.Build.0 = Debug|Any CPU
		{24DACD61-CDB4-4EDA-9D9F-9D2184D66A00}.Ad-Hoc|x64.ActiveCfg = Debug|Any CPU
		{24DACD61-CDB4-4EDA-9D9F-9D2184D66A00}.Ad-Hoc|x64.Build.0 = Debug|Any CPU
		{24DACD61-CDB4-4EDA-9D9F-9D2184D66A00}.Ad-Hoc|x86.ActiveCfg = Debug|Any CPU
		{24DACD61-CDB4-4EDA-9D9F-9D2184D66A00}.Ad-Hoc|x86.Build.0 = Debug|Any CPU
		{24DACD61-CDB4-4EDA-9D9F-9D2184D66A00}.AppStore|Any CPU.ActiveCfg = Debug|Any CPU
		{24DACD61-CDB4-4EDA-9D9F-9D2184D66A00}.AppStore|Any CPU.Build.0 = Debug|Any CPU
		{24DACD61-CDB4-4EDA-9D9F-9D2184D66A00}.AppStore|ARM.ActiveCfg = Debug|Any CPU
		{24DACD61-CDB4-4EDA-9D9F-9D2184D66A00}.AppStore|ARM.Build.0 = Debug|Any CPU
		{24DACD61-CDB4-4EDA-9D9F-9D2184D66A00}.AppStore|iPhone.ActiveCfg = Debug|Any CPU
		{24DACD61-CDB4-4EDA-9D9F-9D2184D66A00}.AppStore|iPhone.Build.0 = Debug|Any CPU
		{24DACD61-CDB4-4EDA-9D9F-9D2184D66A00}.AppStore|iPhoneSimulator.ActiveCfg = Debug|Any CPU
		{24DACD61-CDB4-4EDA-9D9F-9D2184D66A00}.AppStore|iPhoneSimulator.Build.0 = Debug|Any CPU
		{24DACD61-CDB4-4EDA-9D9F-9D2184D66A00}.AppStore|Mixed Platforms.ActiveCfg = Debug|Any CPU
		{24DACD61-CDB4-4EDA-9D9F-9D2184D66A00}.AppStore|Mixed Platforms.Build.0 = Debug|Any CPU
		{24DACD61-CDB4-4EDA-9D9F-9D2184D66A00}.AppStore|x64.ActiveCfg = Debug|Any CPU
		{24DACD61-CDB4-4EDA-9D9F-9D2184D66A00}.AppStore|x64.Build.0 = Debug|Any CPU
		{24DACD61-CDB4-4EDA-9D9F-9D2184D66A00}.AppStore|x86.ActiveCfg = Debug|Any CPU
		{24DACD61-CDB4-4EDA-9D9F-9D2184D66A00}.AppStore|x86.Build.0 = Debug|Any CPU
		{24DACD61-CDB4-4EDA-9D9F-9D2184D66A00}.Debug|Any CPU.ActiveCfg = Debug|Any CPU
		{24DACD61-CDB4-4EDA-9D9F-9D2184D66A00}.Debug|Any CPU.Build.0 = Debug|Any CPU
		{24DACD61-CDB4-4EDA-9D9F-9D2184D66A00}.Debug|ARM.ActiveCfg = Debug|Any CPU
		{24DACD61-CDB4-4EDA-9D9F-9D2184D66A00}.Debug|ARM.Build.0 = Debug|Any CPU
		{24DACD61-CDB4-4EDA-9D9F-9D2184D66A00}.Debug|iPhone.ActiveCfg = Debug|Any CPU
		{24DACD61-CDB4-4EDA-9D9F-9D2184D66A00}.Debug|iPhone.Build.0 = Debug|Any CPU
		{24DACD61-CDB4-4EDA-9D9F-9D2184D66A00}.Debug|iPhoneSimulator.ActiveCfg = Debug|Any CPU
		{24DACD61-CDB4-4EDA-9D9F-9D2184D66A00}.Debug|iPhoneSimulator.Build.0 = Debug|Any CPU
		{24DACD61-CDB4-4EDA-9D9F-9D2184D66A00}.Debug|Mixed Platforms.ActiveCfg = Debug|Any CPU
		{24DACD61-CDB4-4EDA-9D9F-9D2184D66A00}.Debug|Mixed Platforms.Build.0 = Debug|Any CPU
		{24DACD61-CDB4-4EDA-9D9F-9D2184D66A00}.Debug|x64.ActiveCfg = Debug|Any CPU
		{24DACD61-CDB4-4EDA-9D9F-9D2184D66A00}.Debug|x64.Build.0 = Debug|Any CPU
		{24DACD61-CDB4-4EDA-9D9F-9D2184D66A00}.Debug|x86.ActiveCfg = Debug|Any CPU
		{24DACD61-CDB4-4EDA-9D9F-9D2184D66A00}.Debug|x86.Build.0 = Debug|Any CPU
		{24DACD61-CDB4-4EDA-9D9F-9D2184D66A00}.Release|Any CPU.ActiveCfg = Release|Any CPU
		{24DACD61-CDB4-4EDA-9D9F-9D2184D66A00}.Release|Any CPU.Build.0 = Release|Any CPU
		{24DACD61-CDB4-4EDA-9D9F-9D2184D66A00}.Release|ARM.ActiveCfg = Release|Any CPU
		{24DACD61-CDB4-4EDA-9D9F-9D2184D66A00}.Release|ARM.Build.0 = Release|Any CPU
		{24DACD61-CDB4-4EDA-9D9F-9D2184D66A00}.Release|iPhone.ActiveCfg = Release|Any CPU
		{24DACD61-CDB4-4EDA-9D9F-9D2184D66A00}.Release|iPhone.Build.0 = Release|Any CPU
		{24DACD61-CDB4-4EDA-9D9F-9D2184D66A00}.Release|iPhoneSimulator.ActiveCfg = Release|Any CPU
		{24DACD61-CDB4-4EDA-9D9F-9D2184D66A00}.Release|iPhoneSimulator.Build.0 = Release|Any CPU
		{24DACD61-CDB4-4EDA-9D9F-9D2184D66A00}.Release|Mixed Platforms.ActiveCfg = Release|Any CPU
		{24DACD61-CDB4-4EDA-9D9F-9D2184D66A00}.Release|Mixed Platforms.Build.0 = Release|Any CPU
		{24DACD61-CDB4-4EDA-9D9F-9D2184D66A00}.Release|x64.ActiveCfg = Release|Any CPU
		{24DACD61-CDB4-4EDA-9D9F-9D2184D66A00}.Release|x64.Build.0 = Release|Any CPU
		{24DACD61-CDB4-4EDA-9D9F-9D2184D66A00}.Release|x86.ActiveCfg = Release|Any CPU
		{24DACD61-CDB4-4EDA-9D9F-9D2184D66A00}.Release|x86.Build.0 = Release|Any CPU
		{B15AFC6F-D6DA-4F24-B120-0757651C68D4}.Ad-Hoc|Any CPU.ActiveCfg = Release|Any CPU
		{B15AFC6F-D6DA-4F24-B120-0757651C68D4}.Ad-Hoc|Any CPU.Build.0 = Release|Any CPU
		{B15AFC6F-D6DA-4F24-B120-0757651C68D4}.Ad-Hoc|ARM.ActiveCfg = Release|Any CPU
		{B15AFC6F-D6DA-4F24-B120-0757651C68D4}.Ad-Hoc|ARM.Build.0 = Release|Any CPU
		{B15AFC6F-D6DA-4F24-B120-0757651C68D4}.Ad-Hoc|iPhone.ActiveCfg = Release|Any CPU
		{B15AFC6F-D6DA-4F24-B120-0757651C68D4}.Ad-Hoc|iPhone.Build.0 = Release|Any CPU
		{B15AFC6F-D6DA-4F24-B120-0757651C68D4}.Ad-Hoc|iPhoneSimulator.ActiveCfg = Release|Any CPU
		{B15AFC6F-D6DA-4F24-B120-0757651C68D4}.Ad-Hoc|iPhoneSimulator.Build.0 = Release|Any CPU
		{B15AFC6F-D6DA-4F24-B120-0757651C68D4}.Ad-Hoc|Mixed Platforms.ActiveCfg = Release|Any CPU
		{B15AFC6F-D6DA-4F24-B120-0757651C68D4}.Ad-Hoc|Mixed Platforms.Build.0 = Release|Any CPU
		{B15AFC6F-D6DA-4F24-B120-0757651C68D4}.Ad-Hoc|x64.ActiveCfg = Release|Any CPU
		{B15AFC6F-D6DA-4F24-B120-0757651C68D4}.Ad-Hoc|x64.Build.0 = Release|Any CPU
		{B15AFC6F-D6DA-4F24-B120-0757651C68D4}.Ad-Hoc|x86.ActiveCfg = Release|Any CPU
		{B15AFC6F-D6DA-4F24-B120-0757651C68D4}.Ad-Hoc|x86.Build.0 = Release|Any CPU
		{B15AFC6F-D6DA-4F24-B120-0757651C68D4}.AppStore|Any CPU.ActiveCfg = Release|Any CPU
		{B15AFC6F-D6DA-4F24-B120-0757651C68D4}.AppStore|Any CPU.Build.0 = Release|Any CPU
		{B15AFC6F-D6DA-4F24-B120-0757651C68D4}.AppStore|ARM.ActiveCfg = Release|Any CPU
		{B15AFC6F-D6DA-4F24-B120-0757651C68D4}.AppStore|ARM.Build.0 = Release|Any CPU
		{B15AFC6F-D6DA-4F24-B120-0757651C68D4}.AppStore|iPhone.ActiveCfg = Release|Any CPU
		{B15AFC6F-D6DA-4F24-B120-0757651C68D4}.AppStore|iPhone.Build.0 = Release|Any CPU
		{B15AFC6F-D6DA-4F24-B120-0757651C68D4}.AppStore|iPhoneSimulator.ActiveCfg = Release|Any CPU
		{B15AFC6F-D6DA-4F24-B120-0757651C68D4}.AppStore|iPhoneSimulator.Build.0 = Release|Any CPU
		{B15AFC6F-D6DA-4F24-B120-0757651C68D4}.AppStore|Mixed Platforms.ActiveCfg = Release|Any CPU
		{B15AFC6F-D6DA-4F24-B120-0757651C68D4}.AppStore|Mixed Platforms.Build.0 = Release|Any CPU
		{B15AFC6F-D6DA-4F24-B120-0757651C68D4}.AppStore|x64.ActiveCfg = Release|Any CPU
		{B15AFC6F-D6DA-4F24-B120-0757651C68D4}.AppStore|x64.Build.0 = Release|Any CPU
		{B15AFC6F-D6DA-4F24-B120-0757651C68D4}.AppStore|x86.ActiveCfg = Release|Any CPU
		{B15AFC6F-D6DA-4F24-B120-0757651C68D4}.AppStore|x86.Build.0 = Release|Any CPU
		{B15AFC6F-D6DA-4F24-B120-0757651C68D4}.Debug|Any CPU.ActiveCfg = Debug|Any CPU
		{B15AFC6F-D6DA-4F24-B120-0757651C68D4}.Debug|Any CPU.Build.0 = Debug|Any CPU
		{B15AFC6F-D6DA-4F24-B120-0757651C68D4}.Debug|ARM.ActiveCfg = Debug|Any CPU
		{B15AFC6F-D6DA-4F24-B120-0757651C68D4}.Debug|ARM.Build.0 = Debug|Any CPU
		{B15AFC6F-D6DA-4F24-B120-0757651C68D4}.Debug|iPhone.ActiveCfg = Debug|Any CPU
		{B15AFC6F-D6DA-4F24-B120-0757651C68D4}.Debug|iPhone.Build.0 = Debug|Any CPU
		{B15AFC6F-D6DA-4F24-B120-0757651C68D4}.Debug|iPhoneSimulator.ActiveCfg = Debug|Any CPU
		{B15AFC6F-D6DA-4F24-B120-0757651C68D4}.Debug|iPhoneSimulator.Build.0 = Debug|Any CPU
		{B15AFC6F-D6DA-4F24-B120-0757651C68D4}.Debug|Mixed Platforms.ActiveCfg = Debug|Any CPU
		{B15AFC6F-D6DA-4F24-B120-0757651C68D4}.Debug|Mixed Platforms.Build.0 = Debug|Any CPU
		{B15AFC6F-D6DA-4F24-B120-0757651C68D4}.Debug|x64.ActiveCfg = Debug|Any CPU
		{B15AFC6F-D6DA-4F24-B120-0757651C68D4}.Debug|x64.Build.0 = Debug|Any CPU
		{B15AFC6F-D6DA-4F24-B120-0757651C68D4}.Debug|x86.ActiveCfg = Debug|Any CPU
		{B15AFC6F-D6DA-4F24-B120-0757651C68D4}.Debug|x86.Build.0 = Debug|Any CPU
		{B15AFC6F-D6DA-4F24-B120-0757651C68D4}.Release|Any CPU.ActiveCfg = Release|Any CPU
		{B15AFC6F-D6DA-4F24-B120-0757651C68D4}.Release|Any CPU.Build.0 = Release|Any CPU
		{B15AFC6F-D6DA-4F24-B120-0757651C68D4}.Release|ARM.ActiveCfg = Release|Any CPU
		{B15AFC6F-D6DA-4F24-B120-0757651C68D4}.Release|ARM.Build.0 = Release|Any CPU
		{B15AFC6F-D6DA-4F24-B120-0757651C68D4}.Release|iPhone.ActiveCfg = Release|Any CPU
		{B15AFC6F-D6DA-4F24-B120-0757651C68D4}.Release|iPhone.Build.0 = Release|Any CPU
		{B15AFC6F-D6DA-4F24-B120-0757651C68D4}.Release|iPhoneSimulator.ActiveCfg = Release|Any CPU
		{B15AFC6F-D6DA-4F24-B120-0757651C68D4}.Release|iPhoneSimulator.Build.0 = Release|Any CPU
		{B15AFC6F-D6DA-4F24-B120-0757651C68D4}.Release|Mixed Platforms.ActiveCfg = Release|Any CPU
		{B15AFC6F-D6DA-4F24-B120-0757651C68D4}.Release|Mixed Platforms.Build.0 = Release|Any CPU
		{B15AFC6F-D6DA-4F24-B120-0757651C68D4}.Release|x64.ActiveCfg = Release|Any CPU
		{B15AFC6F-D6DA-4F24-B120-0757651C68D4}.Release|x64.Build.0 = Release|Any CPU
		{B15AFC6F-D6DA-4F24-B120-0757651C68D4}.Release|x86.ActiveCfg = Release|Any CPU
		{B15AFC6F-D6DA-4F24-B120-0757651C68D4}.Release|x86.Build.0 = Release|Any CPU
		{FFA15C3D-5CE5-4C3F-81AD-20BE66D6C518}.Ad-Hoc|Any CPU.ActiveCfg = Debug|Any CPU
		{FFA15C3D-5CE5-4C3F-81AD-20BE66D6C518}.Ad-Hoc|Any CPU.Build.0 = Debug|Any CPU
		{FFA15C3D-5CE5-4C3F-81AD-20BE66D6C518}.Ad-Hoc|ARM.ActiveCfg = Debug|Any CPU
		{FFA15C3D-5CE5-4C3F-81AD-20BE66D6C518}.Ad-Hoc|ARM.Build.0 = Debug|Any CPU
		{FFA15C3D-5CE5-4C3F-81AD-20BE66D6C518}.Ad-Hoc|iPhone.ActiveCfg = Debug|Any CPU
		{FFA15C3D-5CE5-4C3F-81AD-20BE66D6C518}.Ad-Hoc|iPhone.Build.0 = Debug|Any CPU
		{FFA15C3D-5CE5-4C3F-81AD-20BE66D6C518}.Ad-Hoc|iPhoneSimulator.ActiveCfg = Debug|Any CPU
		{FFA15C3D-5CE5-4C3F-81AD-20BE66D6C518}.Ad-Hoc|iPhoneSimulator.Build.0 = Debug|Any CPU
		{FFA15C3D-5CE5-4C3F-81AD-20BE66D6C518}.Ad-Hoc|Mixed Platforms.ActiveCfg = Release|Any CPU
		{FFA15C3D-5CE5-4C3F-81AD-20BE66D6C518}.Ad-Hoc|Mixed Platforms.Build.0 = Release|Any CPU
		{FFA15C3D-5CE5-4C3F-81AD-20BE66D6C518}.Ad-Hoc|x64.ActiveCfg = Release|Any CPU
		{FFA15C3D-5CE5-4C3F-81AD-20BE66D6C518}.Ad-Hoc|x64.Build.0 = Release|Any CPU
		{FFA15C3D-5CE5-4C3F-81AD-20BE66D6C518}.Ad-Hoc|x86.ActiveCfg = Release|Any CPU
		{FFA15C3D-5CE5-4C3F-81AD-20BE66D6C518}.Ad-Hoc|x86.Build.0 = Release|Any CPU
		{FFA15C3D-5CE5-4C3F-81AD-20BE66D6C518}.AppStore|Any CPU.ActiveCfg = Debug|Any CPU
		{FFA15C3D-5CE5-4C3F-81AD-20BE66D6C518}.AppStore|Any CPU.Build.0 = Debug|Any CPU
		{FFA15C3D-5CE5-4C3F-81AD-20BE66D6C518}.AppStore|ARM.ActiveCfg = Debug|Any CPU
		{FFA15C3D-5CE5-4C3F-81AD-20BE66D6C518}.AppStore|ARM.Build.0 = Debug|Any CPU
		{FFA15C3D-5CE5-4C3F-81AD-20BE66D6C518}.AppStore|iPhone.ActiveCfg = Debug|Any CPU
		{FFA15C3D-5CE5-4C3F-81AD-20BE66D6C518}.AppStore|iPhone.Build.0 = Debug|Any CPU
		{FFA15C3D-5CE5-4C3F-81AD-20BE66D6C518}.AppStore|iPhoneSimulator.ActiveCfg = Debug|Any CPU
		{FFA15C3D-5CE5-4C3F-81AD-20BE66D6C518}.AppStore|iPhoneSimulator.Build.0 = Debug|Any CPU
		{FFA15C3D-5CE5-4C3F-81AD-20BE66D6C518}.AppStore|Mixed Platforms.ActiveCfg = Release|Any CPU
		{FFA15C3D-5CE5-4C3F-81AD-20BE66D6C518}.AppStore|Mixed Platforms.Build.0 = Release|Any CPU
		{FFA15C3D-5CE5-4C3F-81AD-20BE66D6C518}.AppStore|x64.ActiveCfg = Release|Any CPU
		{FFA15C3D-5CE5-4C3F-81AD-20BE66D6C518}.AppStore|x64.Build.0 = Release|Any CPU
		{FFA15C3D-5CE5-4C3F-81AD-20BE66D6C518}.AppStore|x86.ActiveCfg = Release|Any CPU
		{FFA15C3D-5CE5-4C3F-81AD-20BE66D6C518}.AppStore|x86.Build.0 = Release|Any CPU
		{FFA15C3D-5CE5-4C3F-81AD-20BE66D6C518}.Debug|Any CPU.ActiveCfg = Debug|Any CPU
		{FFA15C3D-5CE5-4C3F-81AD-20BE66D6C518}.Debug|Any CPU.Build.0 = Debug|Any CPU
		{FFA15C3D-5CE5-4C3F-81AD-20BE66D6C518}.Debug|ARM.ActiveCfg = Debug|Any CPU
		{FFA15C3D-5CE5-4C3F-81AD-20BE66D6C518}.Debug|ARM.Build.0 = Debug|Any CPU
		{FFA15C3D-5CE5-4C3F-81AD-20BE66D6C518}.Debug|iPhone.ActiveCfg = Debug|Any CPU
		{FFA15C3D-5CE5-4C3F-81AD-20BE66D6C518}.Debug|iPhone.Build.0 = Debug|Any CPU
		{FFA15C3D-5CE5-4C3F-81AD-20BE66D6C518}.Debug|iPhoneSimulator.ActiveCfg = Debug|Any CPU
		{FFA15C3D-5CE5-4C3F-81AD-20BE66D6C518}.Debug|iPhoneSimulator.Build.0 = Debug|Any CPU
		{FFA15C3D-5CE5-4C3F-81AD-20BE66D6C518}.Debug|Mixed Platforms.ActiveCfg = Debug|Any CPU
		{FFA15C3D-5CE5-4C3F-81AD-20BE66D6C518}.Debug|Mixed Platforms.Build.0 = Debug|Any CPU
		{FFA15C3D-5CE5-4C3F-81AD-20BE66D6C518}.Debug|x64.ActiveCfg = Debug|Any CPU
		{FFA15C3D-5CE5-4C3F-81AD-20BE66D6C518}.Debug|x64.Build.0 = Debug|Any CPU
		{FFA15C3D-5CE5-4C3F-81AD-20BE66D6C518}.Debug|x86.ActiveCfg = Debug|Any CPU
		{FFA15C3D-5CE5-4C3F-81AD-20BE66D6C518}.Debug|x86.Build.0 = Debug|Any CPU
		{FFA15C3D-5CE5-4C3F-81AD-20BE66D6C518}.Release|Any CPU.ActiveCfg = Release|Any CPU
		{FFA15C3D-5CE5-4C3F-81AD-20BE66D6C518}.Release|Any CPU.Build.0 = Release|Any CPU
		{FFA15C3D-5CE5-4C3F-81AD-20BE66D6C518}.Release|ARM.ActiveCfg = Release|Any CPU
		{FFA15C3D-5CE5-4C3F-81AD-20BE66D6C518}.Release|ARM.Build.0 = Release|Any CPU
		{FFA15C3D-5CE5-4C3F-81AD-20BE66D6C518}.Release|iPhone.ActiveCfg = Release|Any CPU
		{FFA15C3D-5CE5-4C3F-81AD-20BE66D6C518}.Release|iPhone.Build.0 = Release|Any CPU
		{FFA15C3D-5CE5-4C3F-81AD-20BE66D6C518}.Release|iPhoneSimulator.ActiveCfg = Release|Any CPU
		{FFA15C3D-5CE5-4C3F-81AD-20BE66D6C518}.Release|iPhoneSimulator.Build.0 = Release|Any CPU
		{FFA15C3D-5CE5-4C3F-81AD-20BE66D6C518}.Release|Mixed Platforms.ActiveCfg = Release|Any CPU
		{FFA15C3D-5CE5-4C3F-81AD-20BE66D6C518}.Release|Mixed Platforms.Build.0 = Release|Any CPU
		{FFA15C3D-5CE5-4C3F-81AD-20BE66D6C518}.Release|x64.ActiveCfg = Release|Any CPU
		{FFA15C3D-5CE5-4C3F-81AD-20BE66D6C518}.Release|x64.Build.0 = Release|Any CPU
		{FFA15C3D-5CE5-4C3F-81AD-20BE66D6C518}.Release|x86.ActiveCfg = Release|Any CPU
		{FFA15C3D-5CE5-4C3F-81AD-20BE66D6C518}.Release|x86.Build.0 = Release|Any CPU
		{F4AD0757-BC93-40EA-90D6-2F74805FCD96}.Ad-Hoc|Any CPU.ActiveCfg = Release|Any CPU
		{F4AD0757-BC93-40EA-90D6-2F74805FCD96}.Ad-Hoc|Any CPU.Build.0 = Release|Any CPU
		{F4AD0757-BC93-40EA-90D6-2F74805FCD96}.Ad-Hoc|ARM.ActiveCfg = Release|Any CPU
		{F4AD0757-BC93-40EA-90D6-2F74805FCD96}.Ad-Hoc|ARM.Build.0 = Release|Any CPU
		{F4AD0757-BC93-40EA-90D6-2F74805FCD96}.Ad-Hoc|iPhone.ActiveCfg = Release|Any CPU
		{F4AD0757-BC93-40EA-90D6-2F74805FCD96}.Ad-Hoc|iPhone.Build.0 = Release|Any CPU
		{F4AD0757-BC93-40EA-90D6-2F74805FCD96}.Ad-Hoc|iPhoneSimulator.ActiveCfg = Release|Any CPU
		{F4AD0757-BC93-40EA-90D6-2F74805FCD96}.Ad-Hoc|iPhoneSimulator.Build.0 = Release|Any CPU
		{F4AD0757-BC93-40EA-90D6-2F74805FCD96}.Ad-Hoc|Mixed Platforms.ActiveCfg = Release|Any CPU
		{F4AD0757-BC93-40EA-90D6-2F74805FCD96}.Ad-Hoc|Mixed Platforms.Build.0 = Release|Any CPU
		{F4AD0757-BC93-40EA-90D6-2F74805FCD96}.Ad-Hoc|x64.ActiveCfg = Release|Any CPU
		{F4AD0757-BC93-40EA-90D6-2F74805FCD96}.Ad-Hoc|x64.Build.0 = Release|Any CPU
		{F4AD0757-BC93-40EA-90D6-2F74805FCD96}.Ad-Hoc|x86.ActiveCfg = Release|Any CPU
		{F4AD0757-BC93-40EA-90D6-2F74805FCD96}.Ad-Hoc|x86.Build.0 = Release|Any CPU
		{F4AD0757-BC93-40EA-90D6-2F74805FCD96}.AppStore|Any CPU.ActiveCfg = Release|Any CPU
		{F4AD0757-BC93-40EA-90D6-2F74805FCD96}.AppStore|Any CPU.Build.0 = Release|Any CPU
		{F4AD0757-BC93-40EA-90D6-2F74805FCD96}.AppStore|ARM.ActiveCfg = Release|Any CPU
		{F4AD0757-BC93-40EA-90D6-2F74805FCD96}.AppStore|ARM.Build.0 = Release|Any CPU
		{F4AD0757-BC93-40EA-90D6-2F74805FCD96}.AppStore|iPhone.ActiveCfg = Release|Any CPU
		{F4AD0757-BC93-40EA-90D6-2F74805FCD96}.AppStore|iPhone.Build.0 = Release|Any CPU
		{F4AD0757-BC93-40EA-90D6-2F74805FCD96}.AppStore|iPhoneSimulator.ActiveCfg = Release|Any CPU
		{F4AD0757-BC93-40EA-90D6-2F74805FCD96}.AppStore|iPhoneSimulator.Build.0 = Release|Any CPU
		{F4AD0757-BC93-40EA-90D6-2F74805FCD96}.AppStore|Mixed Platforms.ActiveCfg = Release|Any CPU
		{F4AD0757-BC93-40EA-90D6-2F74805FCD96}.AppStore|Mixed Platforms.Build.0 = Release|Any CPU
		{F4AD0757-BC93-40EA-90D6-2F74805FCD96}.AppStore|x64.ActiveCfg = Release|Any CPU
		{F4AD0757-BC93-40EA-90D6-2F74805FCD96}.AppStore|x64.Build.0 = Release|Any CPU
		{F4AD0757-BC93-40EA-90D6-2F74805FCD96}.AppStore|x86.ActiveCfg = Release|Any CPU
		{F4AD0757-BC93-40EA-90D6-2F74805FCD96}.AppStore|x86.Build.0 = Release|Any CPU
		{F4AD0757-BC93-40EA-90D6-2F74805FCD96}.Debug|Any CPU.ActiveCfg = Debug|Any CPU
		{F4AD0757-BC93-40EA-90D6-2F74805FCD96}.Debug|Any CPU.Build.0 = Debug|Any CPU
		{F4AD0757-BC93-40EA-90D6-2F74805FCD96}.Debug|ARM.ActiveCfg = Debug|Any CPU
		{F4AD0757-BC93-40EA-90D6-2F74805FCD96}.Debug|ARM.Build.0 = Debug|Any CPU
		{F4AD0757-BC93-40EA-90D6-2F74805FCD96}.Debug|iPhone.ActiveCfg = Debug|Any CPU
		{F4AD0757-BC93-40EA-90D6-2F74805FCD96}.Debug|iPhone.Build.0 = Debug|Any CPU
		{F4AD0757-BC93-40EA-90D6-2F74805FCD96}.Debug|iPhoneSimulator.ActiveCfg = Debug|Any CPU
		{F4AD0757-BC93-40EA-90D6-2F74805FCD96}.Debug|iPhoneSimulator.Build.0 = Debug|Any CPU
		{F4AD0757-BC93-40EA-90D6-2F74805FCD96}.Debug|Mixed Platforms.ActiveCfg = Debug|Any CPU
		{F4AD0757-BC93-40EA-90D6-2F74805FCD96}.Debug|Mixed Platforms.Build.0 = Debug|Any CPU
		{F4AD0757-BC93-40EA-90D6-2F74805FCD96}.Debug|x64.ActiveCfg = Debug|Any CPU
		{F4AD0757-BC93-40EA-90D6-2F74805FCD96}.Debug|x64.Build.0 = Debug|Any CPU
		{F4AD0757-BC93-40EA-90D6-2F74805FCD96}.Debug|x86.ActiveCfg = Debug|Any CPU
		{F4AD0757-BC93-40EA-90D6-2F74805FCD96}.Debug|x86.Build.0 = Debug|Any CPU
		{F4AD0757-BC93-40EA-90D6-2F74805FCD96}.Release|Any CPU.ActiveCfg = Release|Any CPU
		{F4AD0757-BC93-40EA-90D6-2F74805FCD96}.Release|Any CPU.Build.0 = Release|Any CPU
		{F4AD0757-BC93-40EA-90D6-2F74805FCD96}.Release|ARM.ActiveCfg = Release|Any CPU
		{F4AD0757-BC93-40EA-90D6-2F74805FCD96}.Release|ARM.Build.0 = Release|Any CPU
		{F4AD0757-BC93-40EA-90D6-2F74805FCD96}.Release|iPhone.ActiveCfg = Release|Any CPU
		{F4AD0757-BC93-40EA-90D6-2F74805FCD96}.Release|iPhone.Build.0 = Release|Any CPU
		{F4AD0757-BC93-40EA-90D6-2F74805FCD96}.Release|iPhoneSimulator.ActiveCfg = Release|Any CPU
		{F4AD0757-BC93-40EA-90D6-2F74805FCD96}.Release|iPhoneSimulator.Build.0 = Release|Any CPU
		{F4AD0757-BC93-40EA-90D6-2F74805FCD96}.Release|Mixed Platforms.ActiveCfg = Release|Any CPU
		{F4AD0757-BC93-40EA-90D6-2F74805FCD96}.Release|Mixed Platforms.Build.0 = Release|Any CPU
		{F4AD0757-BC93-40EA-90D6-2F74805FCD96}.Release|x64.ActiveCfg = Release|Any CPU
		{F4AD0757-BC93-40EA-90D6-2F74805FCD96}.Release|x64.Build.0 = Release|Any CPU
		{F4AD0757-BC93-40EA-90D6-2F74805FCD96}.Release|x86.ActiveCfg = Release|Any CPU
		{F4AD0757-BC93-40EA-90D6-2F74805FCD96}.Release|x86.Build.0 = Release|Any CPU
		{2FD67EEE-933B-467F-8D03-5D9BD31028FB}.Ad-Hoc|Any CPU.ActiveCfg = Debug|Any CPU
		{2FD67EEE-933B-467F-8D03-5D9BD31028FB}.Ad-Hoc|Any CPU.Build.0 = Debug|Any CPU
		{2FD67EEE-933B-467F-8D03-5D9BD31028FB}.Ad-Hoc|ARM.ActiveCfg = Debug|Any CPU
		{2FD67EEE-933B-467F-8D03-5D9BD31028FB}.Ad-Hoc|ARM.Build.0 = Debug|Any CPU
		{2FD67EEE-933B-467F-8D03-5D9BD31028FB}.Ad-Hoc|iPhone.ActiveCfg = Debug|Any CPU
		{2FD67EEE-933B-467F-8D03-5D9BD31028FB}.Ad-Hoc|iPhone.Build.0 = Debug|Any CPU
		{2FD67EEE-933B-467F-8D03-5D9BD31028FB}.Ad-Hoc|iPhoneSimulator.ActiveCfg = Debug|Any CPU
		{2FD67EEE-933B-467F-8D03-5D9BD31028FB}.Ad-Hoc|iPhoneSimulator.Build.0 = Debug|Any CPU
		{2FD67EEE-933B-467F-8D03-5D9BD31028FB}.Ad-Hoc|Mixed Platforms.ActiveCfg = Release|Any CPU
		{2FD67EEE-933B-467F-8D03-5D9BD31028FB}.Ad-Hoc|Mixed Platforms.Build.0 = Release|Any CPU
		{2FD67EEE-933B-467F-8D03-5D9BD31028FB}.Ad-Hoc|x64.ActiveCfg = Release|Any CPU
		{2FD67EEE-933B-467F-8D03-5D9BD31028FB}.Ad-Hoc|x64.Build.0 = Release|Any CPU
		{2FD67EEE-933B-467F-8D03-5D9BD31028FB}.Ad-Hoc|x86.ActiveCfg = Release|Any CPU
		{2FD67EEE-933B-467F-8D03-5D9BD31028FB}.Ad-Hoc|x86.Build.0 = Release|Any CPU
		{2FD67EEE-933B-467F-8D03-5D9BD31028FB}.AppStore|Any CPU.ActiveCfg = Debug|Any CPU
		{2FD67EEE-933B-467F-8D03-5D9BD31028FB}.AppStore|Any CPU.Build.0 = Debug|Any CPU
		{2FD67EEE-933B-467F-8D03-5D9BD31028FB}.AppStore|ARM.ActiveCfg = Debug|Any CPU
		{2FD67EEE-933B-467F-8D03-5D9BD31028FB}.AppStore|ARM.Build.0 = Debug|Any CPU
		{2FD67EEE-933B-467F-8D03-5D9BD31028FB}.AppStore|iPhone.ActiveCfg = Debug|Any CPU
		{2FD67EEE-933B-467F-8D03-5D9BD31028FB}.AppStore|iPhone.Build.0 = Debug|Any CPU
		{2FD67EEE-933B-467F-8D03-5D9BD31028FB}.AppStore|iPhoneSimulator.ActiveCfg = Debug|Any CPU
		{2FD67EEE-933B-467F-8D03-5D9BD31028FB}.AppStore|iPhoneSimulator.Build.0 = Debug|Any CPU
		{2FD67EEE-933B-467F-8D03-5D9BD31028FB}.AppStore|Mixed Platforms.ActiveCfg = Release|Any CPU
		{2FD67EEE-933B-467F-8D03-5D9BD31028FB}.AppStore|Mixed Platforms.Build.0 = Release|Any CPU
		{2FD67EEE-933B-467F-8D03-5D9BD31028FB}.AppStore|x64.ActiveCfg = Release|Any CPU
		{2FD67EEE-933B-467F-8D03-5D9BD31028FB}.AppStore|x64.Build.0 = Release|Any CPU
		{2FD67EEE-933B-467F-8D03-5D9BD31028FB}.AppStore|x86.ActiveCfg = Release|Any CPU
		{2FD67EEE-933B-467F-8D03-5D9BD31028FB}.AppStore|x86.Build.0 = Release|Any CPU
		{2FD67EEE-933B-467F-8D03-5D9BD31028FB}.Debug|Any CPU.ActiveCfg = Debug|Any CPU
		{2FD67EEE-933B-467F-8D03-5D9BD31028FB}.Debug|Any CPU.Build.0 = Debug|Any CPU
		{2FD67EEE-933B-467F-8D03-5D9BD31028FB}.Debug|ARM.ActiveCfg = Debug|Any CPU
		{2FD67EEE-933B-467F-8D03-5D9BD31028FB}.Debug|ARM.Build.0 = Debug|Any CPU
		{2FD67EEE-933B-467F-8D03-5D9BD31028FB}.Debug|iPhone.ActiveCfg = Debug|Any CPU
		{2FD67EEE-933B-467F-8D03-5D9BD31028FB}.Debug|iPhone.Build.0 = Debug|Any CPU
		{2FD67EEE-933B-467F-8D03-5D9BD31028FB}.Debug|iPhoneSimulator.ActiveCfg = Debug|Any CPU
		{2FD67EEE-933B-467F-8D03-5D9BD31028FB}.Debug|iPhoneSimulator.Build.0 = Debug|Any CPU
		{2FD67EEE-933B-467F-8D03-5D9BD31028FB}.Debug|Mixed Platforms.ActiveCfg = Debug|Any CPU
		{2FD67EEE-933B-467F-8D03-5D9BD31028FB}.Debug|Mixed Platforms.Build.0 = Debug|Any CPU
		{2FD67EEE-933B-467F-8D03-5D9BD31028FB}.Debug|x64.ActiveCfg = Debug|Any CPU
		{2FD67EEE-933B-467F-8D03-5D9BD31028FB}.Debug|x64.Build.0 = Debug|Any CPU
		{2FD67EEE-933B-467F-8D03-5D9BD31028FB}.Debug|x86.ActiveCfg = Debug|Any CPU
		{2FD67EEE-933B-467F-8D03-5D9BD31028FB}.Debug|x86.Build.0 = Debug|Any CPU
		{2FD67EEE-933B-467F-8D03-5D9BD31028FB}.Release|Any CPU.ActiveCfg = Release|Any CPU
		{2FD67EEE-933B-467F-8D03-5D9BD31028FB}.Release|Any CPU.Build.0 = Release|Any CPU
		{2FD67EEE-933B-467F-8D03-5D9BD31028FB}.Release|ARM.ActiveCfg = Release|Any CPU
		{2FD67EEE-933B-467F-8D03-5D9BD31028FB}.Release|ARM.Build.0 = Release|Any CPU
		{2FD67EEE-933B-467F-8D03-5D9BD31028FB}.Release|iPhone.ActiveCfg = Release|Any CPU
		{2FD67EEE-933B-467F-8D03-5D9BD31028FB}.Release|iPhone.Build.0 = Release|Any CPU
		{2FD67EEE-933B-467F-8D03-5D9BD31028FB}.Release|iPhoneSimulator.ActiveCfg = Release|Any CPU
		{2FD67EEE-933B-467F-8D03-5D9BD31028FB}.Release|iPhoneSimulator.Build.0 = Release|Any CPU
		{2FD67EEE-933B-467F-8D03-5D9BD31028FB}.Release|Mixed Platforms.ActiveCfg = Release|Any CPU
		{2FD67EEE-933B-467F-8D03-5D9BD31028FB}.Release|Mixed Platforms.Build.0 = Release|Any CPU
		{2FD67EEE-933B-467F-8D03-5D9BD31028FB}.Release|x64.ActiveCfg = Release|Any CPU
		{2FD67EEE-933B-467F-8D03-5D9BD31028FB}.Release|x64.Build.0 = Release|Any CPU
		{2FD67EEE-933B-467F-8D03-5D9BD31028FB}.Release|x86.ActiveCfg = Release|Any CPU
		{2FD67EEE-933B-467F-8D03-5D9BD31028FB}.Release|x86.Build.0 = Release|Any CPU
	EndGlobalSection
	GlobalSection(SolutionProperties) = preSolution
		HideSolutionNode = FALSE
	EndGlobalSection
	GlobalSection(NestedProjects) = preSolution
		{28CE193F-847D-4485-842E-B50C94D2F525} = {E570106E-0090-4CB8-8286-ED0B766AE68D}
		{687D1359-0317-4D26-BC5F-6612B8C657DA} = {E570106E-0090-4CB8-8286-ED0B766AE68D}
		{41070331-4C7C-43BE-A0E4-D1E95E13F00F} = {E570106E-0090-4CB8-8286-ED0B766AE68D}
		{AA40B46D-EB27-43F5-8CA4-EC5758959BC7} = {28CE193F-847D-4485-842E-B50C94D2F525}
		{06D874BC-29FE-4B68-AA7F-B4654AA4520A} = {687D1359-0317-4D26-BC5F-6612B8C657DA}
		{69069237-603E-41DC-8739-488FF9274B0E} = {687D1359-0317-4D26-BC5F-6612B8C657DA}
		{C4F10DDA-5A29-40FA-B4B3-FEBAC9372989} = {28CE193F-847D-4485-842E-B50C94D2F525}
		{16463F1B-8D23-4F9F-8C1B-77D5288C4E1C} = {687D1359-0317-4D26-BC5F-6612B8C657DA}
		{656EF85A-A205-426F-8B79-2969DC118BE2} = {687D1359-0317-4D26-BC5F-6612B8C657DA}
		{4C3C1504-E4AD-435A-B9F8-0AF6400F2A99} = {687D1359-0317-4D26-BC5F-6612B8C657DA}
		{E4C6EFD5-FE6F-4AFF-8F41-329E9358E5CA} = {24FE48FD-26C5-4860-9991-6627C83E9F25}
		{94E03520-1839-4917-847B-A60786F7CBE2} = {24FE48FD-26C5-4860-9991-6627C83E9F25}
		{77794694-2474-4ABD-9DE1-29E16C2D6515} = {24FE48FD-26C5-4860-9991-6627C83E9F25}
		{F54A9F65-4811-4CE4-9BC3-76DFA8795AF5} = {24FE48FD-26C5-4860-9991-6627C83E9F25}
		{B395D733-D3E3-404F-B978-3429E4E1E603} = {41070331-4C7C-43BE-A0E4-D1E95E13F00F}
		{24DACD61-CDB4-4EDA-9D9F-9D2184D66A00} = {687D1359-0317-4D26-BC5F-6612B8C657DA}
		{B15AFC6F-D6DA-4F24-B120-0757651C68D4} = {687D1359-0317-4D26-BC5F-6612B8C657DA}
		{FFA15C3D-5CE5-4C3F-81AD-20BE66D6C518} = {687D1359-0317-4D26-BC5F-6612B8C657DA}
		{F4AD0757-BC93-40EA-90D6-2F74805FCD96} = {41070331-4C7C-43BE-A0E4-D1E95E13F00F}
		{2FD67EEE-933B-467F-8D03-5D9BD31028FB} = {687D1359-0317-4D26-BC5F-6612B8C657DA}
	EndGlobalSection
EndGlobal
