
Microsoft Visual Studio Solution File, Format Version 12.00
# Visual Studio Version 17
VisualStudioVersion = 17.0.31710.8
MinimumVisualStudioVersion = 15.0.26124.0
Project("{9A19103F-16F7-4668-BE54-9A1E7A4F7556}") = "v2-abstractions", "v2-abstractions\v2-abstractions.csproj", "{5C705559-DCE1-41B4-939F-C8F826C816AE}"
EndProject
Project("{9A19103F-16F7-4668-BE54-9A1E7A4F7556}") = "v2-core", "v2-core\v2-core.csproj", "{593DA203-624A-408C-821C-488FB23A9F85}"
EndProject
Project("{9A19103F-16F7-4668-BE54-9A1E7A4F7556}") = "v2-execution", "v2-execution\v2-execution.csproj", "{224BC22A-E272-4A64-86B4-B439B98E79C1}"
EndProject
Project("{9A19103F-16F7-4668-BE54-9A1E7A4F7556}") = "v2-full", "v2-full\v2-full.csproj", "{2FDBD2A5-8EB3-4CC3-922F-78F96F68B636}"
EndProject
Project("{9A19103F-16F7-4668-BE54-9A1E7A4F7556}") = "v3-full", "v3-full\v3-full.csproj", "{6EBE9509-9BCD-47A8-B17B-1C24DE0F3FD7}"
EndProject
Project("{2150E333-8FDC-42A3-9474-1A3956D46DE8}") = "Meta", "Meta", "{E9BADC05-3257-4E54-AB86-1B9C63D84C69}"
	ProjectSection(SolutionItems) = preProject
		.editorconfig = .editorconfig
		..\Directory.Build.props = ..\Directory.Build.props
	EndProjectSection
EndProject
Global
	GlobalSection(SolutionConfigurationPlatforms) = preSolution
		Debug|Any CPU = Debug|Any CPU
		Release|Any CPU = Release|Any CPU
	EndGlobalSection
	GlobalSection(ProjectConfigurationPlatforms) = postSolution
		{5C705559-DCE1-41B4-939F-C8F826C816AE}.Debug|Any CPU.ActiveCfg = Debug|Any CPU
		{5C705559-DCE1-41B4-939F-C8F826C816AE}.Debug|Any CPU.Build.0 = Debug|Any CPU
		{5C705559-DCE1-41B4-939F-C8F826C816AE}.Release|Any CPU.ActiveCfg = Release|Any CPU
		{5C705559-DCE1-41B4-939F-C8F826C816AE}.Release|Any CPU.Build.0 = Release|Any CPU
		{593DA203-624A-408C-821C-488FB23A9F85}.Debug|Any CPU.ActiveCfg = Debug|Any CPU
		{593DA203-624A-408C-821C-488FB23A9F85}.Debug|Any CPU.Build.0 = Debug|Any CPU
		{593DA203-624A-408C-821C-488FB23A9F85}.Release|Any CPU.ActiveCfg = Release|Any CPU
		{593DA203-624A-408C-821C-488FB23A9F85}.Release|Any CPU.Build.0 = Release|Any CPU
		{224BC22A-E272-4A64-86B4-B439B98E79C1}.Debug|Any CPU.ActiveCfg = Debug|Any CPU
		{224BC22A-E272-4A64-86B4-B439B98E79C1}.Debug|Any CPU.Build.0 = Debug|Any CPU
		{224BC22A-E272-4A64-86B4-B439B98E79C1}.Release|Any CPU.ActiveCfg = Release|Any CPU
		{224BC22A-E272-4A64-86B4-B439B98E79C1}.Release|Any CPU.Build.0 = Release|Any CPU
		{2FDBD2A5-8EB3-4CC3-922F-78F96F68B636}.Debug|Any CPU.ActiveCfg = Debug|Any CPU
		{2FDBD2A5-8EB3-4CC3-922F-78F96F68B636}.Debug|Any CPU.Build.0 = Debug|Any CPU
		{2FDBD2A5-8EB3-4CC3-922F-78F96F68B636}.Release|Any CPU.ActiveCfg = Release|Any CPU
		{2FDBD2A5-8EB3-4CC3-922F-78F96F68B636}.Release|Any CPU.Build.0 = Release|Any CPU
		{6EBE9509-9BCD-47A8-B17B-1C24DE0F3FD7}.Debug|Any CPU.ActiveCfg = Debug|Any CPU
		{6EBE9509-9BCD-47A8-B17B-1C24DE0F3FD7}.Debug|Any CPU.Build.0 = Debug|Any CPU
		{6EBE9509-9BCD-47A8-B17B-1C24DE0F3FD7}.Release|Any CPU.ActiveCfg = Release|Any CPU
		{6EBE9509-9BCD-47A8-B17B-1C24DE0F3FD7}.Release|Any CPU.Build.0 = Release|Any CPU
	EndGlobalSection
	GlobalSection(SolutionProperties) = preSolution
		HideSolutionNode = FALSE
	EndGlobalSection
	GlobalSection(ExtensibilityGlobals) = postSolution
		SolutionGuid = {B09F2014-50A6-45E2-B26C-CAA329081FA2}
	EndGlobalSection
EndGlobal
