
Microsoft Visual Studio Solution File, Format Version 12.00
# Visual Studio 15
VisualStudioVersion = 15.0.26730.16
MinimumVisualStudioVersion = 10.0.40219.1
Project("{FAE04EC0-301F-11D3-BF4B-00C04F79EFBC}") = "v2x_net472", "v2x_net472\v2x_net472.csproj", "{A701AFF7-15D4-4320-8FFC-EE5622DC9DB4}"
EndProject
Project("{9A19103F-16F7-4668-BE54-9A1E7A4F7556}") = "v2x_net472_Sdk", "v2x_net472_Sdk\v2x_net472_Sdk.csproj", "{71A5D7DB-8178-40B9-B884-BE3BE1BC4A39}"
EndProject
Project("{FAE04EC0-301F-11D3-BF4B-00C04F79EFBC}") = "v3x_net472", "v3x_net472\v3x_net472.csproj", "{D4856917-B8C2-483B-AD67-6E02E44C9B3A}"
EndProject
Project("{FAE04EC0-301F-11D3-BF4B-00C04F79EFBC}") = "v3x_net80", "v3x_net80\v3x_net80.csproj", "{B40E40BB-25F5-416B-A951-54FD8DE411B9}"
EndProject
Global
	GlobalSection(SolutionConfigurationPlatforms) = preSolution
		Debug|Any CPU = Debug|Any CPU
		Release|Any CPU = Release|Any CPU
	EndGlobalSection
	GlobalSection(ProjectConfigurationPlatforms) = postSolution
		{A701AFF7-15D4-4320-8FFC-EE5622DC9DB4}.Debug|Any CPU.ActiveCfg = Debug|Any CPU
		{A701AFF7-15D4-4320-8FFC-EE5622DC9DB4}.Debug|Any CPU.Build.0 = Debug|Any CPU
		{A701AFF7-15D4-4320-8FFC-EE5622DC9DB4}.Release|Any CPU.ActiveCfg = Release|Any CPU
		{A701AFF7-15D4-4320-8FFC-EE5622DC9DB4}.Release|Any CPU.Build.0 = Release|Any CPU
		{71A5D7DB-8178-40B9-B884-BE3BE1BC4A39}.Debug|Any CPU.ActiveCfg = Debug|Any CPU
		{71A5D7DB-8178-40B9-B884-BE3BE1BC4A39}.Debug|Any CPU.Build.0 = Debug|Any CPU
		{71A5D7DB-8178-40B9-B884-BE3BE1BC4A39}.Release|Any CPU.ActiveCfg = Release|Any CPU
		{71A5D7DB-8178-40B9-B884-BE3BE1BC4A39}.Release|Any CPU.Build.0 = Release|Any CPU
		{D4856917-B8C2-483B-AD67-6E02E44C9B3A}.Debug|Any CPU.ActiveCfg = Debug|Any CPU
		{D4856917-B8C2-483B-AD67-6E02E44C9B3A}.Debug|Any CPU.Build.0 = Debug|Any CPU
		{D4856917-B8C2-483B-AD67-6E02E44C9B3A}.Release|Any CPU.ActiveCfg = Release|Any CPU
		{D4856917-B8C2-483B-AD67-6E02E44C9B3A}.Release|Any CPU.Build.0 = Release|Any CPU
		{B40E40BB-25F5-416B-A951-54FD8DE411B9}.Debug|Any CPU.ActiveCfg = Debug|Any CPU
		{B40E40BB-25F5-416B-A951-54FD8DE411B9}.Debug|Any CPU.Build.0 = Debug|Any CPU
		{B40E40BB-25F5-416B-A951-54FD8DE411B9}.Release|Any CPU.ActiveCfg = Release|Any CPU
		{B40E40BB-25F5-416B-A951-54FD8DE411B9}.Release|Any CPU.Build.0 = Release|Any CPU
	EndGlobalSection
	GlobalSection(SolutionProperties) = preSolution
		HideSolutionNode = FALSE
	EndGlobalSection
	GlobalSection(ExtensibilityGlobals) = postSolution
		SolutionGuid = {E28997FD-9098-4508-8091-8F1C3B952324}
	EndGlobalSection
EndGlobal
